
Microsoft Visual Studio Solution File, Format Version 11.00
# Visual Studio 2010
Project("{FAE04EC0-301F-11D3-BF4B-00C04F79EFBC}") = "LedTriksUI", "LedTriksUI.csproj", "{FF8AA7E5-C799-4542-8322-E735B147607D}"
EndProject
Global
	GlobalSection(SolutionConfigurationPlatforms) = preSolution
		Debug|Any CPU = Debug|Any CPU
		Release|Any CPU = Release|Any CPU
	EndGlobalSection
	GlobalSection(ProjectConfigurationPlatforms) = postSolution
		{FF8AA7E5-C799-4542-8322-E735B147607D}.Debug|Any CPU.ActiveCfg = Debug|Any CPU
		{FF8AA7E5-C799-4542-8322-E735B147607D}.Debug|Any CPU.Build.0 = Debug|Any CPU
		{FF8AA7E5-C799-4542-8322-E735B147607D}.Release|Any CPU.ActiveCfg = Release|Any CPU
		{FF8AA7E5-C799-4542-8322-E735B147607D}.Release|Any CPU.Build.0 = Release|Any CPU
	EndGlobalSection
	GlobalSection(SolutionProperties) = preSolution
		HideSolutionNode = FALSE
	EndGlobalSection
EndGlobal
