
Microsoft Visual Studio Solution File, Format Version 11.00
# Visual Studio 2010
Project("{FAE04EC0-301F-11D3-BF4B-00C04F79EFBC}") = "PSC", "PSC.csproj", "{94C0534A-9E0C-429C-B32D-40A436450824}"
EndProject
Global
	GlobalSection(SolutionConfigurationPlatforms) = preSolution
		Debug|Any CPU = Debug|Any CPU
		Release|Any CPU = Release|Any CPU
	EndGlobalSection
	GlobalSection(ProjectConfigurationPlatforms) = postSolution
		{94C0534A-9E0C-429C-B32D-40A436450824}.Debug|Any CPU.ActiveCfg = Debug|Any CPU
		{94C0534A-9E0C-429C-B32D-40A436450824}.Debug|Any CPU.Build.0 = Debug|Any CPU
		{94C0534A-9E0C-429C-B32D-40A436450824}.Release|Any CPU.ActiveCfg = Release|Any CPU
		{94C0534A-9E0C-429C-B32D-40A436450824}.Release|Any CPU.Build.0 = Release|Any CPU
	EndGlobalSection
	GlobalSection(SolutionProperties) = preSolution
		HideSolutionNode = FALSE
	EndGlobalSection
EndGlobal
