
Microsoft Visual Studio Solution File, Format Version 11.00
# Visual Studio 2010
Project("{FAE04EC0-301F-11D3-BF4B-00C04F79EFBC}") = "MCC PCI DIO", "MCC PCI DIO.csproj", "{98C1002F-51D9-4A1E-9E73-88E0B5244C06}"
EndProject
Global
	GlobalSection(SolutionConfigurationPlatforms) = preSolution
		Debug|Any CPU = Debug|Any CPU
		Release|Any CPU = Release|Any CPU
	EndGlobalSection
	GlobalSection(ProjectConfigurationPlatforms) = postSolution
		{98C1002F-51D9-4A1E-9E73-88E0B5244C06}.Debug|Any CPU.ActiveCfg = Debug|Any CPU
		{98C1002F-51D9-4A1E-9E73-88E0B5244C06}.Debug|Any CPU.Build.0 = Debug|Any CPU
		{98C1002F-51D9-4A1E-9E73-88E0B5244C06}.Release|Any CPU.ActiveCfg = Release|Any CPU
		{98C1002F-51D9-4A1E-9E73-88E0B5244C06}.Release|Any CPU.Build.0 = Release|Any CPU
	EndGlobalSection
	GlobalSection(SolutionProperties) = preSolution
		HideSolutionNode = FALSE
	EndGlobalSection
EndGlobal
