
Microsoft Visual Studio Solution File, Format Version 11.00
# Visual Studio 2010
Project("{FAE04EC0-301F-11D3-BF4B-00C04F79EFBC}") = "JoystickInput", "JoystickInput.csproj", "{5D31E401-D30B-4F94-A81A-33149E76A949}"
EndProject
Global
	GlobalSection(SolutionConfigurationPlatforms) = preSolution
		Debug|Any CPU = Debug|Any CPU
		Release|Any CPU = Release|Any CPU
	EndGlobalSection
	GlobalSection(ProjectConfigurationPlatforms) = postSolution
		{5D31E401-D30B-4F94-A81A-33149E76A949}.Debug|Any CPU.ActiveCfg = Debug|Any CPU
		{5D31E401-D30B-4F94-A81A-33149E76A949}.Debug|Any CPU.Build.0 = Debug|Any CPU
		{5D31E401-D30B-4F94-A81A-33149E76A949}.Release|Any CPU.ActiveCfg = Release|Any CPU
		{5D31E401-D30B-4F94-A81A-33149E76A949}.Release|Any CPU.Build.0 = Release|Any CPU
	EndGlobalSection
	GlobalSection(SolutionProperties) = preSolution
		HideSolutionNode = FALSE
	EndGlobalSection
EndGlobal
