
Microsoft Visual Studio Solution File, Format Version 11.00
# Visual Studio 2010
Project("{FAE04EC0-301F-11D3-BF4B-00C04F79EFBC}") = "IDMX", "IDMX.csproj", "{3783D3E4-57EA-452C-8F20-295FE1E7DAF2}"
EndProject
Global
	GlobalSection(SolutionConfigurationPlatforms) = preSolution
		Debug|Any CPU = Debug|Any CPU
		Release|Any CPU = Release|Any CPU
	EndGlobalSection
	GlobalSection(ProjectConfigurationPlatforms) = postSolution
		{3783D3E4-57EA-452C-8F20-295FE1E7DAF2}.Debug|Any CPU.ActiveCfg = Debug|Any CPU
		{3783D3E4-57EA-452C-8F20-295FE1E7DAF2}.Debug|Any CPU.Build.0 = Debug|Any CPU
		{3783D3E4-57EA-452C-8F20-295FE1E7DAF2}.Release|Any CPU.ActiveCfg = Release|Any CPU
		{3783D3E4-57EA-452C-8F20-295FE1E7DAF2}.Release|Any CPU.Build.0 = Release|Any CPU
	EndGlobalSection
	GlobalSection(SolutionProperties) = preSolution
		HideSolutionNode = FALSE
	EndGlobalSection
EndGlobal
