
Microsoft Visual Studio Solution File, Format Version 11.00
# Visual Studio 2010
Project("{FAE04EC0-301F-11D3-BF4B-00C04F79EFBC}") = "FC-4", "FC-4.csproj", "{7EB50F6D-4CE4-45E8-8854-774F1F2D6CD4}"
EndProject
Global
	GlobalSection(SolutionConfigurationPlatforms) = preSolution
		Debug|Any CPU = Debug|Any CPU
		Release|Any CPU = Release|Any CPU
	EndGlobalSection
	GlobalSection(ProjectConfigurationPlatforms) = postSolution
		{7EB50F6D-4CE4-45E8-8854-774F1F2D6CD4}.Debug|Any CPU.ActiveCfg = Debug|Any CPU
		{7EB50F6D-4CE4-45E8-8854-774F1F2D6CD4}.Debug|Any CPU.Build.0 = Debug|Any CPU
		{7EB50F6D-4CE4-45E8-8854-774F1F2D6CD4}.Release|Any CPU.ActiveCfg = Release|Any CPU
		{7EB50F6D-4CE4-45E8-8854-774F1F2D6CD4}.Release|Any CPU.Build.0 = Release|Any CPU
	EndGlobalSection
	GlobalSection(SolutionProperties) = preSolution
		HideSolutionNode = FALSE
	EndGlobalSection
EndGlobal
