
Microsoft Visual Studio Solution File, Format Version 11.00
# Visual Studio 2010
Project("{FAE04EC0-301F-11D3-BF4B-00C04F79EFBC}") = "VixenServerUI", "VixenServerUI.csproj", "{ADE456A7-967C-4542-ADD0-4B3225B16222}"
EndProject
Global
	GlobalSection(SolutionConfigurationPlatforms) = preSolution
		Debug|Any CPU = Debug|Any CPU
		Release|Any CPU = Release|Any CPU
	EndGlobalSection
	GlobalSection(ProjectConfigurationPlatforms) = postSolution
		{ADE456A7-967C-4542-ADD0-4B3225B16222}.Debug|Any CPU.ActiveCfg = Debug|Any CPU
		{ADE456A7-967C-4542-ADD0-4B3225B16222}.Debug|Any CPU.Build.0 = Debug|Any CPU
		{ADE456A7-967C-4542-ADD0-4B3225B16222}.Release|Any CPU.ActiveCfg = Release|Any CPU
		{ADE456A7-967C-4542-ADD0-4B3225B16222}.Release|Any CPU.Build.0 = Release|Any CPU
	EndGlobalSection
	GlobalSection(SolutionProperties) = preSolution
		HideSolutionNode = FALSE
	EndGlobalSection
EndGlobal
