Microsoft Visual Studio Solution File, Format Version 11.00
# Visual Studio 2010
Project("{FAE04EC0-301F-11D3-BF4B-00C04F79EFBC}") = "VixenPlus", "VixenPlus.csproj", "{FA99E3F3-4783-485F-A37E-0E24F823E5AE}"
EndProject
Project("{FAE04EC0-301F-11D3-BF4B-00C04F79EFBC}") = "AppUpdate", "..\AppUpdate\AppUpdate.csproj", "{F3158DD2-126D-427C-891B-971EFAF1315A}"
EndProject
Project("{FAE04EC0-301F-11D3-BF4B-00C04F79EFBC}") = "CommonControls", "..\VixenControls\CommonControls.csproj", "{6B127E8D-35CC-409E-9E66-520FBA86E283}"
EndProject
Project("{2150E333-8FDC-42A3-9474-1A3956D46DE8}") = "Plugins", "Plugins", "{BB0D1EA5-256B-4BCC-BD29-CB8A112B1E3D}"
EndProject
Project("{2150E333-8FDC-42A3-9474-1A3956D46DE8}") = "Output", "Output", "{0ECD4638-0634-4009-8D81-B3F7BF15465F}"
EndProject
Project("{2150E333-8FDC-42A3-9474-1A3956D46DE8}") = "UI", "UI", "{CC4DA2F3-FB84-42A0-B620-315B4A18B97A}"
EndProject
Project("{FAE04EC0-301F-11D3-BF4B-00C04F79EFBC}") = "StandardSequence", "..\Plugins\UI\StandardSequence\StandardSequence.csproj", "{718CA82A-D7C4-440C-953F-DD3CC2ADC99D}"
EndProject
Project("{2150E333-8FDC-42A3-9474-1A3956D46DE8}") = "Tools", "Tools", "{6C641675-2B20-4320-906F-E1E8B16727C6}"
EndProject
Project("{FAE04EC0-301F-11D3-BF4B-00C04F79EFBC}") = "AdjustablePreview", "..\Plugins\Output\AdjustablePreview\AdjustablePreview.csproj", "{65F4107B-BF8A-4192-9FB1-7B998087639D}"
EndProject
Project("{FAE04EC0-301F-11D3-BF4B-00C04F79EFBC}") = "GenericSerial", "..\Plugins\Output\GenericSerial\GenericSerial.csproj", "{6E9AC7A0-B813-4E6D-BFF9-E4E84569FE3D}"
EndProject
Project("{FAE04EC0-301F-11D3-BF4B-00C04F79EFBC}") = "Launcher", "..\Plugins\Output\Launcher\Launcher.csproj", "{FB14EB59-AA27-46DF-BAC2-5B9C23B10F00}"
EndProject
Project("{FAE04EC0-301F-11D3-BF4B-00C04F79EFBC}") = "Renard", "..\Plugins\Output\Renard\Renard.csproj", "{8143F4BC-3B04-4F29-9D99-790F8001E80B}"
EndProject
Project("{FAE04EC0-301F-11D3-BF4B-00C04F79EFBC}") = "fmod", "..\fmod\fmod.csproj", "{7B3F05AD-9943-4359-97FF-0AE22C225EB4}"
EndProject
Project("{2150E333-8FDC-42A3-9474-1A3956D46DE8}") = "Solution Items", "Solution Items", "{31988693-7C2F-459B-9D0A-3A679EBDD678}"
	ProjectSection(SolutionItems) = preProject
		..\Features.txt = ..\Features.txt
		..\Known Bugs.txt = ..\Known Bugs.txt
		..\license.txt = ..\license.txt
		..\Open Feature Requests.txt = ..\Open Feature Requests.txt
		..\README.txt = ..\README.txt
		..\todos.txt = ..\todos.txt
		VixenPlus.exe.config = VixenPlus.exe.config
	EndProjectSection
EndProject
Project("{FAE04EC0-301F-11D3-BF4B-00C04F79EFBC}") = "CommonUtils", "..\CommonUtils\CommonUtils.csproj", "{43B2665C-A5AB-4908-8E6D-C08975513E12}"
EndProject
Project("{2150E333-8FDC-42A3-9474-1A3956D46DE8}") = "Nutcracker", "Nutcracker", "{777F7A14-4042-4724-8ABC-A8779343B741}"
EndProject
Project("{FAE04EC0-301F-11D3-BF4B-00C04F79EFBC}") = "NutcrackerEffectsControl", "..\Plugins\UI\NutcrackerEffectsControl\NutcrackerEffectsControl.csproj", "{C792440D-580E-4313-A48F-F2EEE85BE98C}"
EndProject
Project("{2150E333-8FDC-42A3-9474-1A3956D46DE8}") = "Effects", "Effects", "{DDF6E4C4-AC68-4AFB-B269-8663D6182E42}"
EndProject
Project("{2150E333-8FDC-42A3-9474-1A3956D46DE8}") = "Models", "Models", "{13830111-1E9A-4759-8475-E9B55B9B914E}"
EndProject
Project("{FAE04EC0-301F-11D3-BF4B-00C04F79EFBC}") = "Bars", "..\Plugins\Nutcracker\Effects\Bars\Bars.csproj", "{C1B38609-BCB6-4CA0-B60F-E4654E33DED5}"
EndProject
Project("{FAE04EC0-301F-11D3-BF4B-00C04F79EFBC}") = "Butterfly", "..\Plugins\Nutcracker\Effects\Butterfly\Butterfly.csproj", "{14B1B92D-0807-46DB-A0CE-5BE096DA0A14}"
EndProject
Project("{FAE04EC0-301F-11D3-BF4B-00C04F79EFBC}") = "ColorWash", "..\Plugins\Nutcracker\Effects\ColorWash\ColorWash.csproj", "{5A8949BD-394A-4B37-930E-80CAF713B732}"
EndProject
Project("{FAE04EC0-301F-11D3-BF4B-00C04F79EFBC}") = "Fire", "..\Plugins\Nutcracker\Effects\Fire\Fire.csproj", "{165C5B4B-AB6B-4901-B301-6ACF2291FEE5}"
EndProject
Project("{FAE04EC0-301F-11D3-BF4B-00C04F79EFBC}") = "Fireworks", "..\Plugins\Nutcracker\Effects\Fireworks\Fireworks.csproj", "{5741771F-C0FB-4671-9BF0-B407D8C11C94}"
EndProject
Project("{FAE04EC0-301F-11D3-BF4B-00C04F79EFBC}") = "Garlands", "..\Plugins\Nutcracker\Effects\Garlands\Garlands.csproj", "{4C4382BF-E92E-4A99-8E2F-E698C4F90348}"
EndProject
Project("{FAE04EC0-301F-11D3-BF4B-00C04F79EFBC}") = "Life", "..\Plugins\Nutcracker\Effects\Life\Life.csproj", "{9B11023F-F541-4912-8574-911EDE466EBB}"
EndProject
Project("{FAE04EC0-301F-11D3-BF4B-00C04F79EFBC}") = "Meteors", "..\Plugins\Nutcracker\Effects\Meteors\Meteors.csproj", "{1B73D4A3-B60D-4356-9B24-714B8A6F28CD}"
EndProject
Project("{FAE04EC0-301F-11D3-BF4B-00C04F79EFBC}") = "Pictures", "..\Plugins\Nutcracker\Effects\Pictures\Pictures.csproj", "{FE428357-FBB6-4640-AD86-11523963D3B5}"
EndProject
Project("{FAE04EC0-301F-11D3-BF4B-00C04F79EFBC}") = "Snowflakes", "..\Plugins\Nutcracker\Effects\Snowflakes\Snowflakes.csproj", "{F5DA27C3-6486-4F2D-8B82-9D2F89E17AED}"
EndProject
Project("{FAE04EC0-301F-11D3-BF4B-00C04F79EFBC}") = "Snowstorm", "..\Plugins\Nutcracker\Effects\Snowstorm\Snowstorm.csproj", "{6ECE372A-B82C-48E0-8891-54EBC0ADBC4C}"
EndProject
Project("{FAE04EC0-301F-11D3-BF4B-00C04F79EFBC}") = "Spirals", "..\Plugins\Nutcracker\Effects\Spirals\Spirals.csproj", "{DF1DC772-5C56-4046-B14A-1EEF11689CF9}"
EndProject
Project("{FAE04EC0-301F-11D3-BF4B-00C04F79EFBC}") = "Spirograph", "..\Plugins\Nutcracker\Effects\Spirograph\Spirograph.csproj", "{4B02A306-D92E-4829-A782-6D9BC5486E88}"
EndProject
Project("{FAE04EC0-301F-11D3-BF4B-00C04F79EFBC}") = "Text", "..\Plugins\Nutcracker\Effects\Text\Text.csproj", "{684E661E-46B7-42B7-AC9A-0C1B4CB78A1C}"
EndProject
Project("{FAE04EC0-301F-11D3-BF4B-00C04F79EFBC}") = "Tree", "..\Plugins\Nutcracker\Effects\Tree\Tree.csproj", "{7FDEE8BF-E905-466A-9B47-4DFE36AC734F}"
EndProject
Project("{FAE04EC0-301F-11D3-BF4B-00C04F79EFBC}") = "Twinkle", "..\Plugins\Nutcracker\Effects\Twinkle\Twinkle.csproj", "{181F3F6E-B5F8-4CFB-A020-8BB57711C4B2}"
EndProject
Project("{FAE04EC0-301F-11D3-BF4B-00C04F79EFBC}") = "Tree", "..\Plugins\Nutcracker\Models\Tree\Tree.csproj", "{CDD580CD-73D1-4616-89BC-0A60C060F3A7}"
EndProject
Project("{FAE04EC0-301F-11D3-BF4B-00C04F79EFBC}") = "Matrix", "..\Plugins\Nutcracker\Models\Matrix\Matrix.csproj", "{C4AE0B5F-7E51-442C-B2EA-945119DA40B0}"
EndProject
Project("{FAE04EC0-301F-11D3-BF4B-00C04F79EFBC}") = "Arch", "..\Plugins\Nutcracker\Models\Arch\Arch.csproj", "{991CD25C-9837-4294-964D-0E93C58E0E53}"
EndProject
Project("{FAE04EC0-301F-11D3-BF4B-00C04F79EFBC}") = "WindowFrame", "..\Plugins\Nutcracker\Models\WindowFrame\WindowFrame.csproj", "{64A53068-B235-4A1E-8E40-D9F39708EAEC}"
EndProject
Global
	GlobalSection(SolutionConfigurationPlatforms) = preSolution
		debug_32|Any CPU = debug_32|Any CPU
		debug_32|Mixed Platforms = debug_32|Mixed Platforms
		debug_32|x86 = debug_32|x86
		Debug|Any CPU = Debug|Any CPU
		Debug|Mixed Platforms = Debug|Mixed Platforms
		Debug|x86 = Debug|x86
		Release|Any CPU = Release|Any CPU
		Release|Mixed Platforms = Release|Mixed Platforms
		Release|x86 = Release|x86
		Release32|Any CPU = Release32|Any CPU
		Release32|Mixed Platforms = Release32|Mixed Platforms
		Release32|x86 = Release32|x86
	EndGlobalSection
	GlobalSection(ProjectConfigurationPlatforms) = postSolution
		{FA99E3F3-4783-485F-A37E-0E24F823E5AE}.debug_32|Any CPU.ActiveCfg = debug_32|Any CPU
		{FA99E3F3-4783-485F-A37E-0E24F823E5AE}.debug_32|Any CPU.Build.0 = debug_32|Any CPU
		{FA99E3F3-4783-485F-A37E-0E24F823E5AE}.debug_32|Mixed Platforms.ActiveCfg = debug_32|Any CPU
		{FA99E3F3-4783-485F-A37E-0E24F823E5AE}.debug_32|Mixed Platforms.Build.0 = debug_32|Any CPU
		{FA99E3F3-4783-485F-A37E-0E24F823E5AE}.debug_32|x86.ActiveCfg = debug_32|Any CPU
		{FA99E3F3-4783-485F-A37E-0E24F823E5AE}.Debug|Any CPU.ActiveCfg = Debug|Any CPU
		{FA99E3F3-4783-485F-A37E-0E24F823E5AE}.Debug|Any CPU.Build.0 = Debug|Any CPU
		{FA99E3F3-4783-485F-A37E-0E24F823E5AE}.Debug|Mixed Platforms.ActiveCfg = Debug|Any CPU
		{FA99E3F3-4783-485F-A37E-0E24F823E5AE}.Debug|Mixed Platforms.Build.0 = Debug|Any CPU
		{FA99E3F3-4783-485F-A37E-0E24F823E5AE}.Debug|x86.ActiveCfg = Debug|Any CPU
		{FA99E3F3-4783-485F-A37E-0E24F823E5AE}.Release|Any CPU.ActiveCfg = Release|Any CPU
		{FA99E3F3-4783-485F-A37E-0E24F823E5AE}.Release|Any CPU.Build.0 = Release|Any CPU
		{FA99E3F3-4783-485F-A37E-0E24F823E5AE}.Release|Mixed Platforms.ActiveCfg = Release|Any CPU
		{FA99E3F3-4783-485F-A37E-0E24F823E5AE}.Release|Mixed Platforms.Build.0 = Release|Any CPU
		{FA99E3F3-4783-485F-A37E-0E24F823E5AE}.Release|x86.ActiveCfg = Release|Any CPU
		{FA99E3F3-4783-485F-A37E-0E24F823E5AE}.Release32|Any CPU.ActiveCfg = Release32|Any CPU
		{FA99E3F3-4783-485F-A37E-0E24F823E5AE}.Release32|Any CPU.Build.0 = Release32|Any CPU
		{FA99E3F3-4783-485F-A37E-0E24F823E5AE}.Release32|Mixed Platforms.ActiveCfg = Release32|Any CPU
		{FA99E3F3-4783-485F-A37E-0E24F823E5AE}.Release32|Mixed Platforms.Build.0 = Release32|Any CPU
		{FA99E3F3-4783-485F-A37E-0E24F823E5AE}.Release32|x86.ActiveCfg = Release32|Any CPU
		{F3158DD2-126D-427C-891B-971EFAF1315A}.debug_32|Any CPU.ActiveCfg = debug_32|Any CPU
		{F3158DD2-126D-427C-891B-971EFAF1315A}.debug_32|Any CPU.Build.0 = debug_32|Any CPU
		{F3158DD2-126D-427C-891B-971EFAF1315A}.debug_32|Mixed Platforms.ActiveCfg = debug_32|Any CPU
		{F3158DD2-126D-427C-891B-971EFAF1315A}.debug_32|Mixed Platforms.Build.0 = debug_32|Any CPU
		{F3158DD2-126D-427C-891B-971EFAF1315A}.debug_32|x86.ActiveCfg = debug_32|Any CPU
		{F3158DD2-126D-427C-891B-971EFAF1315A}.Debug|Any CPU.ActiveCfg = Debug|Any CPU
		{F3158DD2-126D-427C-891B-971EFAF1315A}.Debug|Any CPU.Build.0 = Debug|Any CPU
		{F3158DD2-126D-427C-891B-971EFAF1315A}.Debug|Mixed Platforms.ActiveCfg = Debug|Any CPU
		{F3158DD2-126D-427C-891B-971EFAF1315A}.Debug|Mixed Platforms.Build.0 = Debug|Any CPU
		{F3158DD2-126D-427C-891B-971EFAF1315A}.Debug|x86.ActiveCfg = Debug|Any CPU
		{F3158DD2-126D-427C-891B-971EFAF1315A}.Release|Any CPU.ActiveCfg = Release|Any CPU
		{F3158DD2-126D-427C-891B-971EFAF1315A}.Release|Any CPU.Build.0 = Release|Any CPU
		{F3158DD2-126D-427C-891B-971EFAF1315A}.Release|Mixed Platforms.ActiveCfg = Release|Any CPU
		{F3158DD2-126D-427C-891B-971EFAF1315A}.Release|Mixed Platforms.Build.0 = Release|Any CPU
		{F3158DD2-126D-427C-891B-971EFAF1315A}.Release|x86.ActiveCfg = Release|Any CPU
		{F3158DD2-126D-427C-891B-971EFAF1315A}.Release32|Any CPU.ActiveCfg = Release32|Any CPU
		{F3158DD2-126D-427C-891B-971EFAF1315A}.Release32|Any CPU.Build.0 = Release32|Any CPU
		{F3158DD2-126D-427C-891B-971EFAF1315A}.Release32|Mixed Platforms.ActiveCfg = Release32|Any CPU
		{F3158DD2-126D-427C-891B-971EFAF1315A}.Release32|Mixed Platforms.Build.0 = Release32|Any CPU
		{F3158DD2-126D-427C-891B-971EFAF1315A}.Release32|x86.ActiveCfg = Release32|Any CPU
		{6B127E8D-35CC-409E-9E66-520FBA86E283}.debug_32|Any CPU.ActiveCfg = debug_32|Any CPU
		{6B127E8D-35CC-409E-9E66-520FBA86E283}.debug_32|Any CPU.Build.0 = debug_32|Any CPU
		{6B127E8D-35CC-409E-9E66-520FBA86E283}.debug_32|Mixed Platforms.ActiveCfg = debug_32|Any CPU
		{6B127E8D-35CC-409E-9E66-520FBA86E283}.debug_32|Mixed Platforms.Build.0 = debug_32|Any CPU
		{6B127E8D-35CC-409E-9E66-520FBA86E283}.debug_32|x86.ActiveCfg = debug_32|Any CPU
		{6B127E8D-35CC-409E-9E66-520FBA86E283}.Debug|Any CPU.ActiveCfg = Debug|Any CPU
		{6B127E8D-35CC-409E-9E66-520FBA86E283}.Debug|Any CPU.Build.0 = Debug|Any CPU
		{6B127E8D-35CC-409E-9E66-520FBA86E283}.Debug|Mixed Platforms.ActiveCfg = Debug|Any CPU
		{6B127E8D-35CC-409E-9E66-520FBA86E283}.Debug|Mixed Platforms.Build.0 = Debug|Any CPU
		{6B127E8D-35CC-409E-9E66-520FBA86E283}.Debug|x86.ActiveCfg = Debug|Any CPU
		{6B127E8D-35CC-409E-9E66-520FBA86E283}.Release|Any CPU.ActiveCfg = Release|Any CPU
		{6B127E8D-35CC-409E-9E66-520FBA86E283}.Release|Any CPU.Build.0 = Release|Any CPU
		{6B127E8D-35CC-409E-9E66-520FBA86E283}.Release|Mixed Platforms.ActiveCfg = Release|Any CPU
		{6B127E8D-35CC-409E-9E66-520FBA86E283}.Release|Mixed Platforms.Build.0 = Release|Any CPU
		{6B127E8D-35CC-409E-9E66-520FBA86E283}.Release|x86.ActiveCfg = Release|Any CPU
		{6B127E8D-35CC-409E-9E66-520FBA86E283}.Release32|Any CPU.ActiveCfg = Release32|Any CPU
		{6B127E8D-35CC-409E-9E66-520FBA86E283}.Release32|Any CPU.Build.0 = Release32|Any CPU
		{6B127E8D-35CC-409E-9E66-520FBA86E283}.Release32|Mixed Platforms.ActiveCfg = Release32|Any CPU
		{6B127E8D-35CC-409E-9E66-520FBA86E283}.Release32|Mixed Platforms.Build.0 = Release32|Any CPU
		{6B127E8D-35CC-409E-9E66-520FBA86E283}.Release32|x86.ActiveCfg = Release32|Any CPU
		{718CA82A-D7C4-440C-953F-DD3CC2ADC99D}.debug_32|Any CPU.ActiveCfg = debug_32|Any CPU
		{718CA82A-D7C4-440C-953F-DD3CC2ADC99D}.debug_32|Any CPU.Build.0 = debug_32|Any CPU
		{718CA82A-D7C4-440C-953F-DD3CC2ADC99D}.debug_32|Mixed Platforms.ActiveCfg = debug_32|Any CPU
		{718CA82A-D7C4-440C-953F-DD3CC2ADC99D}.debug_32|Mixed Platforms.Build.0 = debug_32|Any CPU
		{718CA82A-D7C4-440C-953F-DD3CC2ADC99D}.debug_32|x86.ActiveCfg = debug_32|Any CPU
		{718CA82A-D7C4-440C-953F-DD3CC2ADC99D}.Debug|Any CPU.ActiveCfg = Debug|Any CPU
		{718CA82A-D7C4-440C-953F-DD3CC2ADC99D}.Debug|Any CPU.Build.0 = Debug|Any CPU
		{718CA82A-D7C4-440C-953F-DD3CC2ADC99D}.Debug|Mixed Platforms.ActiveCfg = Debug|Any CPU
		{718CA82A-D7C4-440C-953F-DD3CC2ADC99D}.Debug|Mixed Platforms.Build.0 = Debug|Any CPU
		{718CA82A-D7C4-440C-953F-DD3CC2ADC99D}.Debug|x86.ActiveCfg = Debug|Any CPU
		{718CA82A-D7C4-440C-953F-DD3CC2ADC99D}.Release|Any CPU.ActiveCfg = Release|Any CPU
		{718CA82A-D7C4-440C-953F-DD3CC2ADC99D}.Release|Any CPU.Build.0 = Release|Any CPU
		{718CA82A-D7C4-440C-953F-DD3CC2ADC99D}.Release|Mixed Platforms.ActiveCfg = Release|Any CPU
		{718CA82A-D7C4-440C-953F-DD3CC2ADC99D}.Release|Mixed Platforms.Build.0 = Release|Any CPU
		{718CA82A-D7C4-440C-953F-DD3CC2ADC99D}.Release|x86.ActiveCfg = Release|Any CPU
		{718CA82A-D7C4-440C-953F-DD3CC2ADC99D}.Release32|Any CPU.ActiveCfg = Release32|Any CPU
		{718CA82A-D7C4-440C-953F-DD3CC2ADC99D}.Release32|Any CPU.Build.0 = Release32|Any CPU
		{718CA82A-D7C4-440C-953F-DD3CC2ADC99D}.Release32|Mixed Platforms.ActiveCfg = Release32|Any CPU
		{718CA82A-D7C4-440C-953F-DD3CC2ADC99D}.Release32|Mixed Platforms.Build.0 = Release32|Any CPU
		{718CA82A-D7C4-440C-953F-DD3CC2ADC99D}.Release32|x86.ActiveCfg = Release32|Any CPU
		{65F4107B-BF8A-4192-9FB1-7B998087639D}.debug_32|Any CPU.ActiveCfg = debug_32|Any CPU
		{65F4107B-BF8A-4192-9FB1-7B998087639D}.debug_32|Any CPU.Build.0 = debug_32|Any CPU
		{65F4107B-BF8A-4192-9FB1-7B998087639D}.debug_32|Mixed Platforms.ActiveCfg = debug_32|Any CPU
		{65F4107B-BF8A-4192-9FB1-7B998087639D}.debug_32|Mixed Platforms.Build.0 = debug_32|Any CPU
		{65F4107B-BF8A-4192-9FB1-7B998087639D}.debug_32|x86.ActiveCfg = debug_32|Any CPU
		{65F4107B-BF8A-4192-9FB1-7B998087639D}.Debug|Any CPU.ActiveCfg = Debug|Any CPU
		{65F4107B-BF8A-4192-9FB1-7B998087639D}.Debug|Any CPU.Build.0 = Debug|Any CPU
		{65F4107B-BF8A-4192-9FB1-7B998087639D}.Debug|Mixed Platforms.ActiveCfg = Debug|Any CPU
		{65F4107B-BF8A-4192-9FB1-7B998087639D}.Debug|Mixed Platforms.Build.0 = Debug|Any CPU
		{65F4107B-BF8A-4192-9FB1-7B998087639D}.Debug|x86.ActiveCfg = Debug|Any CPU
		{65F4107B-BF8A-4192-9FB1-7B998087639D}.Release|Any CPU.ActiveCfg = Release|Any CPU
		{65F4107B-BF8A-4192-9FB1-7B998087639D}.Release|Any CPU.Build.0 = Release|Any CPU
		{65F4107B-BF8A-4192-9FB1-7B998087639D}.Release|Mixed Platforms.ActiveCfg = Release|Any CPU
		{65F4107B-BF8A-4192-9FB1-7B998087639D}.Release|Mixed Platforms.Build.0 = Release|Any CPU
		{65F4107B-BF8A-4192-9FB1-7B998087639D}.Release|x86.ActiveCfg = Release|Any CPU
		{65F4107B-BF8A-4192-9FB1-7B998087639D}.Release32|Any CPU.ActiveCfg = Release32|Any CPU
		{65F4107B-BF8A-4192-9FB1-7B998087639D}.Release32|Any CPU.Build.0 = Release32|Any CPU
		{65F4107B-BF8A-4192-9FB1-7B998087639D}.Release32|Mixed Platforms.ActiveCfg = Release32|Any CPU
		{65F4107B-BF8A-4192-9FB1-7B998087639D}.Release32|Mixed Platforms.Build.0 = Release32|Any CPU
		{65F4107B-BF8A-4192-9FB1-7B998087639D}.Release32|x86.ActiveCfg = Release32|Any CPU
		{6E9AC7A0-B813-4E6D-BFF9-E4E84569FE3D}.debug_32|Any CPU.ActiveCfg = debug_32|Any CPU
		{6E9AC7A0-B813-4E6D-BFF9-E4E84569FE3D}.debug_32|Any CPU.Build.0 = debug_32|Any CPU
		{6E9AC7A0-B813-4E6D-BFF9-E4E84569FE3D}.debug_32|Mixed Platforms.ActiveCfg = debug_32|Any CPU
		{6E9AC7A0-B813-4E6D-BFF9-E4E84569FE3D}.debug_32|Mixed Platforms.Build.0 = debug_32|Any CPU
		{6E9AC7A0-B813-4E6D-BFF9-E4E84569FE3D}.debug_32|x86.ActiveCfg = debug_32|Any CPU
		{6E9AC7A0-B813-4E6D-BFF9-E4E84569FE3D}.Debug|Any CPU.ActiveCfg = Debug|Any CPU
		{6E9AC7A0-B813-4E6D-BFF9-E4E84569FE3D}.Debug|Any CPU.Build.0 = Debug|Any CPU
		{6E9AC7A0-B813-4E6D-BFF9-E4E84569FE3D}.Debug|Mixed Platforms.ActiveCfg = Debug|Any CPU
		{6E9AC7A0-B813-4E6D-BFF9-E4E84569FE3D}.Debug|Mixed Platforms.Build.0 = Debug|Any CPU
		{6E9AC7A0-B813-4E6D-BFF9-E4E84569FE3D}.Debug|x86.ActiveCfg = Debug|Any CPU
		{6E9AC7A0-B813-4E6D-BFF9-E4E84569FE3D}.Release|Any CPU.ActiveCfg = Release|Any CPU
		{6E9AC7A0-B813-4E6D-BFF9-E4E84569FE3D}.Release|Any CPU.Build.0 = Release|Any CPU
		{6E9AC7A0-B813-4E6D-BFF9-E4E84569FE3D}.Release|Mixed Platforms.ActiveCfg = Release|Any CPU
		{6E9AC7A0-B813-4E6D-BFF9-E4E84569FE3D}.Release|Mixed Platforms.Build.0 = Release|Any CPU
		{6E9AC7A0-B813-4E6D-BFF9-E4E84569FE3D}.Release|x86.ActiveCfg = Release|Any CPU
		{6E9AC7A0-B813-4E6D-BFF9-E4E84569FE3D}.Release32|Any CPU.ActiveCfg = Release32|Any CPU
		{6E9AC7A0-B813-4E6D-BFF9-E4E84569FE3D}.Release32|Any CPU.Build.0 = Release32|Any CPU
		{6E9AC7A0-B813-4E6D-BFF9-E4E84569FE3D}.Release32|Mixed Platforms.ActiveCfg = Release32|Any CPU
		{6E9AC7A0-B813-4E6D-BFF9-E4E84569FE3D}.Release32|Mixed Platforms.Build.0 = Release32|Any CPU
		{6E9AC7A0-B813-4E6D-BFF9-E4E84569FE3D}.Release32|x86.ActiveCfg = Release32|Any CPU
		{FB14EB59-AA27-46DF-BAC2-5B9C23B10F00}.debug_32|Any CPU.ActiveCfg = debug_32|Any CPU
		{FB14EB59-AA27-46DF-BAC2-5B9C23B10F00}.debug_32|Any CPU.Build.0 = debug_32|Any CPU
		{FB14EB59-AA27-46DF-BAC2-5B9C23B10F00}.debug_32|Mixed Platforms.ActiveCfg = debug_32|Any CPU
		{FB14EB59-AA27-46DF-BAC2-5B9C23B10F00}.debug_32|Mixed Platforms.Build.0 = debug_32|Any CPU
		{FB14EB59-AA27-46DF-BAC2-5B9C23B10F00}.debug_32|x86.ActiveCfg = debug_32|Any CPU
		{FB14EB59-AA27-46DF-BAC2-5B9C23B10F00}.Debug|Any CPU.ActiveCfg = Debug|Any CPU
		{FB14EB59-AA27-46DF-BAC2-5B9C23B10F00}.Debug|Any CPU.Build.0 = Debug|Any CPU
		{FB14EB59-AA27-46DF-BAC2-5B9C23B10F00}.Debug|Mixed Platforms.ActiveCfg = Debug|Any CPU
		{FB14EB59-AA27-46DF-BAC2-5B9C23B10F00}.Debug|Mixed Platforms.Build.0 = Debug|Any CPU
		{FB14EB59-AA27-46DF-BAC2-5B9C23B10F00}.Debug|x86.ActiveCfg = Debug|Any CPU
		{FB14EB59-AA27-46DF-BAC2-5B9C23B10F00}.Release|Any CPU.ActiveCfg = Release|Any CPU
		{FB14EB59-AA27-46DF-BAC2-5B9C23B10F00}.Release|Any CPU.Build.0 = Release|Any CPU
		{FB14EB59-AA27-46DF-BAC2-5B9C23B10F00}.Release|Mixed Platforms.ActiveCfg = Release|Any CPU
		{FB14EB59-AA27-46DF-BAC2-5B9C23B10F00}.Release|Mixed Platforms.Build.0 = Release|Any CPU
		{FB14EB59-AA27-46DF-BAC2-5B9C23B10F00}.Release|x86.ActiveCfg = Release|Any CPU
		{FB14EB59-AA27-46DF-BAC2-5B9C23B10F00}.Release32|Any CPU.ActiveCfg = Release32|Any CPU
		{FB14EB59-AA27-46DF-BAC2-5B9C23B10F00}.Release32|Any CPU.Build.0 = Release32|Any CPU
		{FB14EB59-AA27-46DF-BAC2-5B9C23B10F00}.Release32|Mixed Platforms.ActiveCfg = Release32|Any CPU
		{FB14EB59-AA27-46DF-BAC2-5B9C23B10F00}.Release32|Mixed Platforms.Build.0 = Release32|Any CPU
		{FB14EB59-AA27-46DF-BAC2-5B9C23B10F00}.Release32|x86.ActiveCfg = Release32|Any CPU
		{8143F4BC-3B04-4F29-9D99-790F8001E80B}.debug_32|Any CPU.ActiveCfg = debug_32|Any CPU
		{8143F4BC-3B04-4F29-9D99-790F8001E80B}.debug_32|Any CPU.Build.0 = debug_32|Any CPU
		{8143F4BC-3B04-4F29-9D99-790F8001E80B}.debug_32|Mixed Platforms.ActiveCfg = debug_32|Any CPU
		{8143F4BC-3B04-4F29-9D99-790F8001E80B}.debug_32|Mixed Platforms.Build.0 = debug_32|Any CPU
		{8143F4BC-3B04-4F29-9D99-790F8001E80B}.debug_32|x86.ActiveCfg = debug_32|Any CPU
		{8143F4BC-3B04-4F29-9D99-790F8001E80B}.Debug|Any CPU.ActiveCfg = Debug|Any CPU
		{8143F4BC-3B04-4F29-9D99-790F8001E80B}.Debug|Any CPU.Build.0 = Debug|Any CPU
		{8143F4BC-3B04-4F29-9D99-790F8001E80B}.Debug|Mixed Platforms.ActiveCfg = Debug|Any CPU
		{8143F4BC-3B04-4F29-9D99-790F8001E80B}.Debug|Mixed Platforms.Build.0 = Debug|Any CPU
		{8143F4BC-3B04-4F29-9D99-790F8001E80B}.Debug|x86.ActiveCfg = Debug|Any CPU
		{8143F4BC-3B04-4F29-9D99-790F8001E80B}.Release|Any CPU.ActiveCfg = Release|Any CPU
		{8143F4BC-3B04-4F29-9D99-790F8001E80B}.Release|Any CPU.Build.0 = Release|Any CPU
		{8143F4BC-3B04-4F29-9D99-790F8001E80B}.Release|Mixed Platforms.ActiveCfg = Release|Any CPU
		{8143F4BC-3B04-4F29-9D99-790F8001E80B}.Release|Mixed Platforms.Build.0 = Release|Any CPU
		{8143F4BC-3B04-4F29-9D99-790F8001E80B}.Release|x86.ActiveCfg = Release|Any CPU
		{8143F4BC-3B04-4F29-9D99-790F8001E80B}.Release32|Any CPU.ActiveCfg = Release32|Any CPU
		{8143F4BC-3B04-4F29-9D99-790F8001E80B}.Release32|Any CPU.Build.0 = Release32|Any CPU
		{8143F4BC-3B04-4F29-9D99-790F8001E80B}.Release32|Mixed Platforms.ActiveCfg = Release32|Any CPU
		{8143F4BC-3B04-4F29-9D99-790F8001E80B}.Release32|Mixed Platforms.Build.0 = Release32|Any CPU
		{8143F4BC-3B04-4F29-9D99-790F8001E80B}.Release32|x86.ActiveCfg = Release32|Any CPU
		{7B3F05AD-9943-4359-97FF-0AE22C225EB4}.debug_32|Any CPU.ActiveCfg = debug_32|Any CPU
		{7B3F05AD-9943-4359-97FF-0AE22C225EB4}.debug_32|Any CPU.Build.0 = debug_32|Any CPU
		{7B3F05AD-9943-4359-97FF-0AE22C225EB4}.debug_32|Mixed Platforms.ActiveCfg = debug_32|Any CPU
		{7B3F05AD-9943-4359-97FF-0AE22C225EB4}.debug_32|Mixed Platforms.Build.0 = debug_32|Any CPU
		{7B3F05AD-9943-4359-97FF-0AE22C225EB4}.debug_32|x86.ActiveCfg = debug_32|Any CPU
		{7B3F05AD-9943-4359-97FF-0AE22C225EB4}.Debug|Any CPU.ActiveCfg = Debug|Any CPU
		{7B3F05AD-9943-4359-97FF-0AE22C225EB4}.Debug|Any CPU.Build.0 = Debug|Any CPU
		{7B3F05AD-9943-4359-97FF-0AE22C225EB4}.Debug|Mixed Platforms.ActiveCfg = Debug|Any CPU
		{7B3F05AD-9943-4359-97FF-0AE22C225EB4}.Debug|Mixed Platforms.Build.0 = Debug|Any CPU
		{7B3F05AD-9943-4359-97FF-0AE22C225EB4}.Debug|x86.ActiveCfg = Debug|Any CPU
		{7B3F05AD-9943-4359-97FF-0AE22C225EB4}.Release|Any CPU.ActiveCfg = Release|Any CPU
		{7B3F05AD-9943-4359-97FF-0AE22C225EB4}.Release|Any CPU.Build.0 = Release|Any CPU
		{7B3F05AD-9943-4359-97FF-0AE22C225EB4}.Release|Mixed Platforms.ActiveCfg = Release|Any CPU
		{7B3F05AD-9943-4359-97FF-0AE22C225EB4}.Release|Mixed Platforms.Build.0 = Release|Any CPU
		{7B3F05AD-9943-4359-97FF-0AE22C225EB4}.Release|x86.ActiveCfg = Release|Any CPU
		{7B3F05AD-9943-4359-97FF-0AE22C225EB4}.Release32|Any CPU.ActiveCfg = Release32|Any CPU
		{7B3F05AD-9943-4359-97FF-0AE22C225EB4}.Release32|Any CPU.Build.0 = Release32|Any CPU
		{7B3F05AD-9943-4359-97FF-0AE22C225EB4}.Release32|Mixed Platforms.ActiveCfg = Release32|Any CPU
		{7B3F05AD-9943-4359-97FF-0AE22C225EB4}.Release32|Mixed Platforms.Build.0 = Release32|Any CPU
		{7B3F05AD-9943-4359-97FF-0AE22C225EB4}.Release32|x86.ActiveCfg = Release32|Any CPU
		{43B2665C-A5AB-4908-8E6D-C08975513E12}.debug_32|Any CPU.ActiveCfg = debug_32|Any CPU
		{43B2665C-A5AB-4908-8E6D-C08975513E12}.debug_32|Any CPU.Build.0 = debug_32|Any CPU
		{43B2665C-A5AB-4908-8E6D-C08975513E12}.debug_32|Mixed Platforms.ActiveCfg = debug_32|Any CPU
		{43B2665C-A5AB-4908-8E6D-C08975513E12}.debug_32|Mixed Platforms.Build.0 = debug_32|Any CPU
		{43B2665C-A5AB-4908-8E6D-C08975513E12}.debug_32|x86.ActiveCfg = debug_32|Any CPU
		{43B2665C-A5AB-4908-8E6D-C08975513E12}.Debug|Any CPU.ActiveCfg = Debug|Any CPU
		{43B2665C-A5AB-4908-8E6D-C08975513E12}.Debug|Any CPU.Build.0 = Debug|Any CPU
		{43B2665C-A5AB-4908-8E6D-C08975513E12}.Debug|Mixed Platforms.ActiveCfg = Debug|Any CPU
		{43B2665C-A5AB-4908-8E6D-C08975513E12}.Debug|Mixed Platforms.Build.0 = Debug|Any CPU
		{43B2665C-A5AB-4908-8E6D-C08975513E12}.Debug|x86.ActiveCfg = Debug|Any CPU
		{43B2665C-A5AB-4908-8E6D-C08975513E12}.Release|Any CPU.ActiveCfg = Release|Any CPU
		{43B2665C-A5AB-4908-8E6D-C08975513E12}.Release|Any CPU.Build.0 = Release|Any CPU
		{43B2665C-A5AB-4908-8E6D-C08975513E12}.Release|Mixed Platforms.ActiveCfg = Release|Any CPU
		{43B2665C-A5AB-4908-8E6D-C08975513E12}.Release|Mixed Platforms.Build.0 = Release|Any CPU
		{43B2665C-A5AB-4908-8E6D-C08975513E12}.Release|x86.ActiveCfg = Release|Any CPU
		{43B2665C-A5AB-4908-8E6D-C08975513E12}.Release32|Any CPU.ActiveCfg = Release32|Any CPU
		{43B2665C-A5AB-4908-8E6D-C08975513E12}.Release32|Any CPU.Build.0 = Release32|Any CPU
		{43B2665C-A5AB-4908-8E6D-C08975513E12}.Release32|Mixed Platforms.ActiveCfg = Release32|Any CPU
		{43B2665C-A5AB-4908-8E6D-C08975513E12}.Release32|Mixed Platforms.Build.0 = Release32|Any CPU
		{43B2665C-A5AB-4908-8E6D-C08975513E12}.Release32|x86.ActiveCfg = Release32|Any CPU
		{C792440D-580E-4313-A48F-F2EEE85BE98C}.debug_32|Any CPU.ActiveCfg = Debug|Any CPU
		{C792440D-580E-4313-A48F-F2EEE85BE98C}.debug_32|Any CPU.Build.0 = Debug|Any CPU
		{C792440D-580E-4313-A48F-F2EEE85BE98C}.debug_32|Mixed Platforms.ActiveCfg = debug_32|Any CPU
		{C792440D-580E-4313-A48F-F2EEE85BE98C}.debug_32|Mixed Platforms.Build.0 = debug_32|Any CPU
		{C792440D-580E-4313-A48F-F2EEE85BE98C}.debug_32|x86.ActiveCfg = Debug|Any CPU
		{C792440D-580E-4313-A48F-F2EEE85BE98C}.Debug|Any CPU.ActiveCfg = Debug|Any CPU
		{C792440D-580E-4313-A48F-F2EEE85BE98C}.Debug|Any CPU.Build.0 = Debug|Any CPU
		{C792440D-580E-4313-A48F-F2EEE85BE98C}.Debug|Mixed Platforms.ActiveCfg = Debug|Any CPU
		{C792440D-580E-4313-A48F-F2EEE85BE98C}.Debug|Mixed Platforms.Build.0 = Debug|Any CPU
		{C792440D-580E-4313-A48F-F2EEE85BE98C}.Debug|x86.ActiveCfg = Debug|Any CPU
		{C792440D-580E-4313-A48F-F2EEE85BE98C}.Release|Any CPU.ActiveCfg = Release|Any CPU
		{C792440D-580E-4313-A48F-F2EEE85BE98C}.Release|Any CPU.Build.0 = Release|Any CPU
		{C792440D-580E-4313-A48F-F2EEE85BE98C}.Release|Mixed Platforms.ActiveCfg = Release|Any CPU
		{C792440D-580E-4313-A48F-F2EEE85BE98C}.Release|Mixed Platforms.Build.0 = Release|Any CPU
		{C792440D-580E-4313-A48F-F2EEE85BE98C}.Release|x86.ActiveCfg = Release|Any CPU
		{C792440D-580E-4313-A48F-F2EEE85BE98C}.Release32|Any CPU.ActiveCfg = Release32|Any CPU
		{C792440D-580E-4313-A48F-F2EEE85BE98C}.Release32|Any CPU.Build.0 = Release32|Any CPU
		{C792440D-580E-4313-A48F-F2EEE85BE98C}.Release32|Mixed Platforms.ActiveCfg = Release32|Any CPU
		{C792440D-580E-4313-A48F-F2EEE85BE98C}.Release32|Mixed Platforms.Build.0 = Release32|Any CPU
		{C792440D-580E-4313-A48F-F2EEE85BE98C}.Release32|x86.ActiveCfg = Release|Any CPU
		{C1B38609-BCB6-4CA0-B60F-E4654E33DED5}.debug_32|Any CPU.ActiveCfg = debug_32|Any CPU
		{C1B38609-BCB6-4CA0-B60F-E4654E33DED5}.debug_32|Any CPU.Build.0 = debug_32|Any CPU
		{C1B38609-BCB6-4CA0-B60F-E4654E33DED5}.debug_32|Mixed Platforms.ActiveCfg = debug_32|Any CPU
		{C1B38609-BCB6-4CA0-B60F-E4654E33DED5}.debug_32|Mixed Platforms.Build.0 = debug_32|Any CPU
		{C1B38609-BCB6-4CA0-B60F-E4654E33DED5}.debug_32|x86.ActiveCfg = debug_32|Any CPU
		{C1B38609-BCB6-4CA0-B60F-E4654E33DED5}.Debug|Any CPU.ActiveCfg = Debug|Any CPU
		{C1B38609-BCB6-4CA0-B60F-E4654E33DED5}.Debug|Any CPU.Build.0 = Debug|Any CPU
		{C1B38609-BCB6-4CA0-B60F-E4654E33DED5}.Debug|Mixed Platforms.ActiveCfg = Debug|Any CPU
		{C1B38609-BCB6-4CA0-B60F-E4654E33DED5}.Debug|Mixed Platforms.Build.0 = Debug|Any CPU
		{C1B38609-BCB6-4CA0-B60F-E4654E33DED5}.Debug|x86.ActiveCfg = Debug|Any CPU
		{C1B38609-BCB6-4CA0-B60F-E4654E33DED5}.Release|Any CPU.ActiveCfg = Release|Any CPU
		{C1B38609-BCB6-4CA0-B60F-E4654E33DED5}.Release|Any CPU.Build.0 = Release|Any CPU
		{C1B38609-BCB6-4CA0-B60F-E4654E33DED5}.Release|Mixed Platforms.ActiveCfg = Release|Any CPU
		{C1B38609-BCB6-4CA0-B60F-E4654E33DED5}.Release|Mixed Platforms.Build.0 = Release|Any CPU
		{C1B38609-BCB6-4CA0-B60F-E4654E33DED5}.Release|x86.ActiveCfg = Release|Any CPU
		{C1B38609-BCB6-4CA0-B60F-E4654E33DED5}.Release32|Any CPU.ActiveCfg = Release32|Any CPU
		{C1B38609-BCB6-4CA0-B60F-E4654E33DED5}.Release32|Any CPU.Build.0 = Release32|Any CPU
		{C1B38609-BCB6-4CA0-B60F-E4654E33DED5}.Release32|Mixed Platforms.ActiveCfg = Release32|Any CPU
		{C1B38609-BCB6-4CA0-B60F-E4654E33DED5}.Release32|Mixed Platforms.Build.0 = Release32|Any CPU
		{C1B38609-BCB6-4CA0-B60F-E4654E33DED5}.Release32|x86.ActiveCfg = Release32|Any CPU
		{14B1B92D-0807-46DB-A0CE-5BE096DA0A14}.debug_32|Any CPU.ActiveCfg = debug_32|Any CPU
		{14B1B92D-0807-46DB-A0CE-5BE096DA0A14}.debug_32|Any CPU.Build.0 = debug_32|Any CPU
		{14B1B92D-0807-46DB-A0CE-5BE096DA0A14}.debug_32|Mixed Platforms.ActiveCfg = debug_32|Any CPU
		{14B1B92D-0807-46DB-A0CE-5BE096DA0A14}.debug_32|Mixed Platforms.Build.0 = debug_32|Any CPU
		{14B1B92D-0807-46DB-A0CE-5BE096DA0A14}.debug_32|x86.ActiveCfg = debug_32|Any CPU
		{14B1B92D-0807-46DB-A0CE-5BE096DA0A14}.Debug|Any CPU.ActiveCfg = Debug|Any CPU
		{14B1B92D-0807-46DB-A0CE-5BE096DA0A14}.Debug|Any CPU.Build.0 = Debug|Any CPU
		{14B1B92D-0807-46DB-A0CE-5BE096DA0A14}.Debug|Mixed Platforms.ActiveCfg = Debug|Any CPU
		{14B1B92D-0807-46DB-A0CE-5BE096DA0A14}.Debug|Mixed Platforms.Build.0 = Debug|Any CPU
		{14B1B92D-0807-46DB-A0CE-5BE096DA0A14}.Debug|x86.ActiveCfg = Debug|Any CPU
		{14B1B92D-0807-46DB-A0CE-5BE096DA0A14}.Release|Any CPU.ActiveCfg = Release|Any CPU
		{14B1B92D-0807-46DB-A0CE-5BE096DA0A14}.Release|Any CPU.Build.0 = Release|Any CPU
		{14B1B92D-0807-46DB-A0CE-5BE096DA0A14}.Release|Mixed Platforms.ActiveCfg = Release|Any CPU
		{14B1B92D-0807-46DB-A0CE-5BE096DA0A14}.Release|Mixed Platforms.Build.0 = Release|Any CPU
		{14B1B92D-0807-46DB-A0CE-5BE096DA0A14}.Release|x86.ActiveCfg = Release|Any CPU
		{14B1B92D-0807-46DB-A0CE-5BE096DA0A14}.Release32|Any CPU.ActiveCfg = Release32|Any CPU
		{14B1B92D-0807-46DB-A0CE-5BE096DA0A14}.Release32|Any CPU.Build.0 = Release32|Any CPU
		{14B1B92D-0807-46DB-A0CE-5BE096DA0A14}.Release32|Mixed Platforms.ActiveCfg = Release32|Any CPU
		{14B1B92D-0807-46DB-A0CE-5BE096DA0A14}.Release32|Mixed Platforms.Build.0 = Release32|Any CPU
		{14B1B92D-0807-46DB-A0CE-5BE096DA0A14}.Release32|x86.ActiveCfg = Release32|Any CPU
		{5A8949BD-394A-4B37-930E-80CAF713B732}.debug_32|Any CPU.ActiveCfg = debug_32|Any CPU
		{5A8949BD-394A-4B37-930E-80CAF713B732}.debug_32|Any CPU.Build.0 = debug_32|Any CPU
		{5A8949BD-394A-4B37-930E-80CAF713B732}.debug_32|Mixed Platforms.ActiveCfg = debug_32|Any CPU
		{5A8949BD-394A-4B37-930E-80CAF713B732}.debug_32|Mixed Platforms.Build.0 = debug_32|Any CPU
		{5A8949BD-394A-4B37-930E-80CAF713B732}.debug_32|x86.ActiveCfg = debug_32|Any CPU
		{5A8949BD-394A-4B37-930E-80CAF713B732}.Debug|Any CPU.ActiveCfg = Debug|Any CPU
		{5A8949BD-394A-4B37-930E-80CAF713B732}.Debug|Any CPU.Build.0 = Debug|Any CPU
		{5A8949BD-394A-4B37-930E-80CAF713B732}.Debug|Mixed Platforms.ActiveCfg = Debug|Any CPU
		{5A8949BD-394A-4B37-930E-80CAF713B732}.Debug|Mixed Platforms.Build.0 = Debug|Any CPU
		{5A8949BD-394A-4B37-930E-80CAF713B732}.Debug|x86.ActiveCfg = Debug|Any CPU
		{5A8949BD-394A-4B37-930E-80CAF713B732}.Release|Any CPU.ActiveCfg = Release|Any CPU
		{5A8949BD-394A-4B37-930E-80CAF713B732}.Release|Any CPU.Build.0 = Release|Any CPU
		{5A8949BD-394A-4B37-930E-80CAF713B732}.Release|Mixed Platforms.ActiveCfg = Release|Any CPU
		{5A8949BD-394A-4B37-930E-80CAF713B732}.Release|Mixed Platforms.Build.0 = Release|Any CPU
		{5A8949BD-394A-4B37-930E-80CAF713B732}.Release|x86.ActiveCfg = Release|Any CPU
		{5A8949BD-394A-4B37-930E-80CAF713B732}.Release32|Any CPU.ActiveCfg = Release32|Any CPU
		{5A8949BD-394A-4B37-930E-80CAF713B732}.Release32|Any CPU.Build.0 = Release32|Any CPU
		{5A8949BD-394A-4B37-930E-80CAF713B732}.Release32|Mixed Platforms.ActiveCfg = Release32|Any CPU
		{5A8949BD-394A-4B37-930E-80CAF713B732}.Release32|Mixed Platforms.Build.0 = Release32|Any CPU
		{5A8949BD-394A-4B37-930E-80CAF713B732}.Release32|x86.ActiveCfg = Release32|Any CPU
		{165C5B4B-AB6B-4901-B301-6ACF2291FEE5}.debug_32|Any CPU.ActiveCfg = debug_32|Any CPU
		{165C5B4B-AB6B-4901-B301-6ACF2291FEE5}.debug_32|Any CPU.Build.0 = debug_32|Any CPU
		{165C5B4B-AB6B-4901-B301-6ACF2291FEE5}.debug_32|Mixed Platforms.ActiveCfg = debug_32|Any CPU
		{165C5B4B-AB6B-4901-B301-6ACF2291FEE5}.debug_32|Mixed Platforms.Build.0 = debug_32|Any CPU
		{165C5B4B-AB6B-4901-B301-6ACF2291FEE5}.debug_32|x86.ActiveCfg = debug_32|Any CPU
		{165C5B4B-AB6B-4901-B301-6ACF2291FEE5}.Debug|Any CPU.ActiveCfg = Debug|Any CPU
		{165C5B4B-AB6B-4901-B301-6ACF2291FEE5}.Debug|Any CPU.Build.0 = Debug|Any CPU
		{165C5B4B-AB6B-4901-B301-6ACF2291FEE5}.Debug|Mixed Platforms.ActiveCfg = Debug|Any CPU
		{165C5B4B-AB6B-4901-B301-6ACF2291FEE5}.Debug|Mixed Platforms.Build.0 = Debug|Any CPU
		{165C5B4B-AB6B-4901-B301-6ACF2291FEE5}.Debug|x86.ActiveCfg = Debug|Any CPU
		{165C5B4B-AB6B-4901-B301-6ACF2291FEE5}.Release|Any CPU.ActiveCfg = Release|Any CPU
		{165C5B4B-AB6B-4901-B301-6ACF2291FEE5}.Release|Any CPU.Build.0 = Release|Any CPU
		{165C5B4B-AB6B-4901-B301-6ACF2291FEE5}.Release|Mixed Platforms.ActiveCfg = Release|Any CPU
		{165C5B4B-AB6B-4901-B301-6ACF2291FEE5}.Release|Mixed Platforms.Build.0 = Release|Any CPU
		{165C5B4B-AB6B-4901-B301-6ACF2291FEE5}.Release|x86.ActiveCfg = Release|Any CPU
		{165C5B4B-AB6B-4901-B301-6ACF2291FEE5}.Release32|Any CPU.ActiveCfg = Release32|Any CPU
		{165C5B4B-AB6B-4901-B301-6ACF2291FEE5}.Release32|Any CPU.Build.0 = Release32|Any CPU
		{165C5B4B-AB6B-4901-B301-6ACF2291FEE5}.Release32|Mixed Platforms.ActiveCfg = Release32|Any CPU
		{165C5B4B-AB6B-4901-B301-6ACF2291FEE5}.Release32|Mixed Platforms.Build.0 = Release32|Any CPU
		{165C5B4B-AB6B-4901-B301-6ACF2291FEE5}.Release32|x86.ActiveCfg = Release32|Any CPU
		{5741771F-C0FB-4671-9BF0-B407D8C11C94}.debug_32|Any CPU.ActiveCfg = debug_32|Any CPU
		{5741771F-C0FB-4671-9BF0-B407D8C11C94}.debug_32|Any CPU.Build.0 = debug_32|Any CPU
		{5741771F-C0FB-4671-9BF0-B407D8C11C94}.debug_32|Mixed Platforms.ActiveCfg = debug_32|Any CPU
		{5741771F-C0FB-4671-9BF0-B407D8C11C94}.debug_32|Mixed Platforms.Build.0 = debug_32|Any CPU
		{5741771F-C0FB-4671-9BF0-B407D8C11C94}.debug_32|x86.ActiveCfg = debug_32|Any CPU
		{5741771F-C0FB-4671-9BF0-B407D8C11C94}.Debug|Any CPU.ActiveCfg = Debug|Any CPU
		{5741771F-C0FB-4671-9BF0-B407D8C11C94}.Debug|Any CPU.Build.0 = Debug|Any CPU
		{5741771F-C0FB-4671-9BF0-B407D8C11C94}.Debug|Mixed Platforms.ActiveCfg = Debug|Any CPU
		{5741771F-C0FB-4671-9BF0-B407D8C11C94}.Debug|Mixed Platforms.Build.0 = Debug|Any CPU
		{5741771F-C0FB-4671-9BF0-B407D8C11C94}.Debug|x86.ActiveCfg = Debug|Any CPU
		{5741771F-C0FB-4671-9BF0-B407D8C11C94}.Release|Any CPU.ActiveCfg = Release|Any CPU
		{5741771F-C0FB-4671-9BF0-B407D8C11C94}.Release|Any CPU.Build.0 = Release|Any CPU
		{5741771F-C0FB-4671-9BF0-B407D8C11C94}.Release|Mixed Platforms.ActiveCfg = Release|Any CPU
		{5741771F-C0FB-4671-9BF0-B407D8C11C94}.Release|Mixed Platforms.Build.0 = Release|Any CPU
		{5741771F-C0FB-4671-9BF0-B407D8C11C94}.Release|x86.ActiveCfg = Release|Any CPU
		{5741771F-C0FB-4671-9BF0-B407D8C11C94}.Release32|Any CPU.ActiveCfg = Release32|Any CPU
		{5741771F-C0FB-4671-9BF0-B407D8C11C94}.Release32|Any CPU.Build.0 = Release32|Any CPU
		{5741771F-C0FB-4671-9BF0-B407D8C11C94}.Release32|Mixed Platforms.ActiveCfg = Release32|Any CPU
		{5741771F-C0FB-4671-9BF0-B407D8C11C94}.Release32|Mixed Platforms.Build.0 = Release32|Any CPU
		{5741771F-C0FB-4671-9BF0-B407D8C11C94}.Release32|x86.ActiveCfg = Release32|Any CPU
		{4C4382BF-E92E-4A99-8E2F-E698C4F90348}.debug_32|Any CPU.ActiveCfg = debug_32|Any CPU
		{4C4382BF-E92E-4A99-8E2F-E698C4F90348}.debug_32|Any CPU.Build.0 = debug_32|Any CPU
		{4C4382BF-E92E-4A99-8E2F-E698C4F90348}.debug_32|Mixed Platforms.ActiveCfg = debug_32|Any CPU
		{4C4382BF-E92E-4A99-8E2F-E698C4F90348}.debug_32|Mixed Platforms.Build.0 = debug_32|Any CPU
		{4C4382BF-E92E-4A99-8E2F-E698C4F90348}.debug_32|x86.ActiveCfg = debug_32|Any CPU
		{4C4382BF-E92E-4A99-8E2F-E698C4F90348}.Debug|Any CPU.ActiveCfg = Debug|Any CPU
		{4C4382BF-E92E-4A99-8E2F-E698C4F90348}.Debug|Any CPU.Build.0 = Debug|Any CPU
		{4C4382BF-E92E-4A99-8E2F-E698C4F90348}.Debug|Mixed Platforms.ActiveCfg = Debug|Any CPU
		{4C4382BF-E92E-4A99-8E2F-E698C4F90348}.Debug|Mixed Platforms.Build.0 = Debug|Any CPU
		{4C4382BF-E92E-4A99-8E2F-E698C4F90348}.Debug|x86.ActiveCfg = Debug|Any CPU
		{4C4382BF-E92E-4A99-8E2F-E698C4F90348}.Release|Any CPU.ActiveCfg = Release|Any CPU
		{4C4382BF-E92E-4A99-8E2F-E698C4F90348}.Release|Any CPU.Build.0 = Release|Any CPU
		{4C4382BF-E92E-4A99-8E2F-E698C4F90348}.Release|Mixed Platforms.ActiveCfg = Release|Any CPU
		{4C4382BF-E92E-4A99-8E2F-E698C4F90348}.Release|Mixed Platforms.Build.0 = Release|Any CPU
		{4C4382BF-E92E-4A99-8E2F-E698C4F90348}.Release|x86.ActiveCfg = Release|Any CPU
		{4C4382BF-E92E-4A99-8E2F-E698C4F90348}.Release32|Any CPU.ActiveCfg = Release32|Any CPU
		{4C4382BF-E92E-4A99-8E2F-E698C4F90348}.Release32|Any CPU.Build.0 = Release32|Any CPU
		{4C4382BF-E92E-4A99-8E2F-E698C4F90348}.Release32|Mixed Platforms.ActiveCfg = Release32|Any CPU
		{4C4382BF-E92E-4A99-8E2F-E698C4F90348}.Release32|Mixed Platforms.Build.0 = Release32|Any CPU
		{4C4382BF-E92E-4A99-8E2F-E698C4F90348}.Release32|x86.ActiveCfg = Release32|Any CPU
		{9B11023F-F541-4912-8574-911EDE466EBB}.debug_32|Any CPU.ActiveCfg = debug_32|Any CPU
		{9B11023F-F541-4912-8574-911EDE466EBB}.debug_32|Any CPU.Build.0 = debug_32|Any CPU
		{9B11023F-F541-4912-8574-911EDE466EBB}.debug_32|Mixed Platforms.ActiveCfg = debug_32|Any CPU
		{9B11023F-F541-4912-8574-911EDE466EBB}.debug_32|Mixed Platforms.Build.0 = debug_32|Any CPU
		{9B11023F-F541-4912-8574-911EDE466EBB}.debug_32|x86.ActiveCfg = debug_32|Any CPU
		{9B11023F-F541-4912-8574-911EDE466EBB}.Debug|Any CPU.ActiveCfg = Debug|Any CPU
		{9B11023F-F541-4912-8574-911EDE466EBB}.Debug|Any CPU.Build.0 = Debug|Any CPU
		{9B11023F-F541-4912-8574-911EDE466EBB}.Debug|Mixed Platforms.ActiveCfg = Debug|Any CPU
		{9B11023F-F541-4912-8574-911EDE466EBB}.Debug|Mixed Platforms.Build.0 = Debug|Any CPU
		{9B11023F-F541-4912-8574-911EDE466EBB}.Debug|x86.ActiveCfg = Debug|Any CPU
		{9B11023F-F541-4912-8574-911EDE466EBB}.Release|Any CPU.ActiveCfg = Release|Any CPU
		{9B11023F-F541-4912-8574-911EDE466EBB}.Release|Any CPU.Build.0 = Release|Any CPU
		{9B11023F-F541-4912-8574-911EDE466EBB}.Release|Mixed Platforms.ActiveCfg = Release|Any CPU
		{9B11023F-F541-4912-8574-911EDE466EBB}.Release|Mixed Platforms.Build.0 = Release|Any CPU
		{9B11023F-F541-4912-8574-911EDE466EBB}.Release|x86.ActiveCfg = Release|Any CPU
		{9B11023F-F541-4912-8574-911EDE466EBB}.Release32|Any CPU.ActiveCfg = Release32|Any CPU
		{9B11023F-F541-4912-8574-911EDE466EBB}.Release32|Any CPU.Build.0 = Release32|Any CPU
		{9B11023F-F541-4912-8574-911EDE466EBB}.Release32|Mixed Platforms.ActiveCfg = Release32|Any CPU
		{9B11023F-F541-4912-8574-911EDE466EBB}.Release32|Mixed Platforms.Build.0 = Release32|Any CPU
		{9B11023F-F541-4912-8574-911EDE466EBB}.Release32|x86.ActiveCfg = Release32|Any CPU
		{1B73D4A3-B60D-4356-9B24-714B8A6F28CD}.debug_32|Any CPU.ActiveCfg = debug_32|Any CPU
		{1B73D4A3-B60D-4356-9B24-714B8A6F28CD}.debug_32|Any CPU.Build.0 = debug_32|Any CPU
		{1B73D4A3-B60D-4356-9B24-714B8A6F28CD}.debug_32|Mixed Platforms.ActiveCfg = debug_32|Any CPU
		{1B73D4A3-B60D-4356-9B24-714B8A6F28CD}.debug_32|Mixed Platforms.Build.0 = debug_32|Any CPU
		{1B73D4A3-B60D-4356-9B24-714B8A6F28CD}.debug_32|x86.ActiveCfg = debug_32|Any CPU
		{1B73D4A3-B60D-4356-9B24-714B8A6F28CD}.Debug|Any CPU.ActiveCfg = Debug|Any CPU
		{1B73D4A3-B60D-4356-9B24-714B8A6F28CD}.Debug|Any CPU.Build.0 = Debug|Any CPU
		{1B73D4A3-B60D-4356-9B24-714B8A6F28CD}.Debug|Mixed Platforms.ActiveCfg = Debug|Any CPU
		{1B73D4A3-B60D-4356-9B24-714B8A6F28CD}.Debug|Mixed Platforms.Build.0 = Debug|Any CPU
		{1B73D4A3-B60D-4356-9B24-714B8A6F28CD}.Debug|x86.ActiveCfg = Debug|Any CPU
		{1B73D4A3-B60D-4356-9B24-714B8A6F28CD}.Release|Any CPU.ActiveCfg = Release|Any CPU
		{1B73D4A3-B60D-4356-9B24-714B8A6F28CD}.Release|Any CPU.Build.0 = Release|Any CPU
		{1B73D4A3-B60D-4356-9B24-714B8A6F28CD}.Release|Mixed Platforms.ActiveCfg = Release|Any CPU
		{1B73D4A3-B60D-4356-9B24-714B8A6F28CD}.Release|Mixed Platforms.Build.0 = Release|Any CPU
		{1B73D4A3-B60D-4356-9B24-714B8A6F28CD}.Release|x86.ActiveCfg = Release|Any CPU
		{1B73D4A3-B60D-4356-9B24-714B8A6F28CD}.Release32|Any CPU.ActiveCfg = Release32|Any CPU
		{1B73D4A3-B60D-4356-9B24-714B8A6F28CD}.Release32|Any CPU.Build.0 = Release32|Any CPU
		{1B73D4A3-B60D-4356-9B24-714B8A6F28CD}.Release32|Mixed Platforms.ActiveCfg = Release32|Any CPU
		{1B73D4A3-B60D-4356-9B24-714B8A6F28CD}.Release32|Mixed Platforms.Build.0 = Release32|Any CPU
		{1B73D4A3-B60D-4356-9B24-714B8A6F28CD}.Release32|x86.ActiveCfg = Release32|Any CPU
		{FE428357-FBB6-4640-AD86-11523963D3B5}.debug_32|Any CPU.ActiveCfg = debug_32|Any CPU
		{FE428357-FBB6-4640-AD86-11523963D3B5}.debug_32|Any CPU.Build.0 = debug_32|Any CPU
		{FE428357-FBB6-4640-AD86-11523963D3B5}.debug_32|Mixed Platforms.ActiveCfg = debug_32|Any CPU
		{FE428357-FBB6-4640-AD86-11523963D3B5}.debug_32|Mixed Platforms.Build.0 = debug_32|Any CPU
		{FE428357-FBB6-4640-AD86-11523963D3B5}.debug_32|x86.ActiveCfg = debug_32|Any CPU
		{FE428357-FBB6-4640-AD86-11523963D3B5}.Debug|Any CPU.ActiveCfg = Debug|Any CPU
		{FE428357-FBB6-4640-AD86-11523963D3B5}.Debug|Any CPU.Build.0 = Debug|Any CPU
		{FE428357-FBB6-4640-AD86-11523963D3B5}.Debug|Mixed Platforms.ActiveCfg = Debug|Any CPU
		{FE428357-FBB6-4640-AD86-11523963D3B5}.Debug|Mixed Platforms.Build.0 = Debug|Any CPU
		{FE428357-FBB6-4640-AD86-11523963D3B5}.Debug|x86.ActiveCfg = Debug|Any CPU
		{FE428357-FBB6-4640-AD86-11523963D3B5}.Release|Any CPU.ActiveCfg = Release|Any CPU
		{FE428357-FBB6-4640-AD86-11523963D3B5}.Release|Any CPU.Build.0 = Release|Any CPU
		{FE428357-FBB6-4640-AD86-11523963D3B5}.Release|Mixed Platforms.ActiveCfg = Release|Any CPU
		{FE428357-FBB6-4640-AD86-11523963D3B5}.Release|Mixed Platforms.Build.0 = Release|Any CPU
		{FE428357-FBB6-4640-AD86-11523963D3B5}.Release|x86.ActiveCfg = Release|Any CPU
		{FE428357-FBB6-4640-AD86-11523963D3B5}.Release32|Any CPU.ActiveCfg = Release32|Any CPU
		{FE428357-FBB6-4640-AD86-11523963D3B5}.Release32|Any CPU.Build.0 = Release32|Any CPU
		{FE428357-FBB6-4640-AD86-11523963D3B5}.Release32|Mixed Platforms.ActiveCfg = Release32|Any CPU
		{FE428357-FBB6-4640-AD86-11523963D3B5}.Release32|Mixed Platforms.Build.0 = Release32|Any CPU
		{FE428357-FBB6-4640-AD86-11523963D3B5}.Release32|x86.ActiveCfg = Release32|Any CPU
		{F5DA27C3-6486-4F2D-8B82-9D2F89E17AED}.debug_32|Any CPU.ActiveCfg = debug_32|Any CPU
		{F5DA27C3-6486-4F2D-8B82-9D2F89E17AED}.debug_32|Any CPU.Build.0 = debug_32|Any CPU
		{F5DA27C3-6486-4F2D-8B82-9D2F89E17AED}.debug_32|Mixed Platforms.ActiveCfg = debug_32|Any CPU
		{F5DA27C3-6486-4F2D-8B82-9D2F89E17AED}.debug_32|Mixed Platforms.Build.0 = debug_32|Any CPU
		{F5DA27C3-6486-4F2D-8B82-9D2F89E17AED}.debug_32|x86.ActiveCfg = debug_32|Any CPU
		{F5DA27C3-6486-4F2D-8B82-9D2F89E17AED}.Debug|Any CPU.ActiveCfg = Debug|Any CPU
		{F5DA27C3-6486-4F2D-8B82-9D2F89E17AED}.Debug|Any CPU.Build.0 = Debug|Any CPU
		{F5DA27C3-6486-4F2D-8B82-9D2F89E17AED}.Debug|Mixed Platforms.ActiveCfg = Debug|Any CPU
		{F5DA27C3-6486-4F2D-8B82-9D2F89E17AED}.Debug|Mixed Platforms.Build.0 = Debug|Any CPU
		{F5DA27C3-6486-4F2D-8B82-9D2F89E17AED}.Debug|x86.ActiveCfg = Debug|Any CPU
		{F5DA27C3-6486-4F2D-8B82-9D2F89E17AED}.Release|Any CPU.ActiveCfg = Release|Any CPU
		{F5DA27C3-6486-4F2D-8B82-9D2F89E17AED}.Release|Any CPU.Build.0 = Release|Any CPU
		{F5DA27C3-6486-4F2D-8B82-9D2F89E17AED}.Release|Mixed Platforms.ActiveCfg = Release|Any CPU
		{F5DA27C3-6486-4F2D-8B82-9D2F89E17AED}.Release|Mixed Platforms.Build.0 = Release|Any CPU
		{F5DA27C3-6486-4F2D-8B82-9D2F89E17AED}.Release|x86.ActiveCfg = Release|Any CPU
		{F5DA27C3-6486-4F2D-8B82-9D2F89E17AED}.Release32|Any CPU.ActiveCfg = Release32|Any CPU
		{F5DA27C3-6486-4F2D-8B82-9D2F89E17AED}.Release32|Any CPU.Build.0 = Release32|Any CPU
		{F5DA27C3-6486-4F2D-8B82-9D2F89E17AED}.Release32|Mixed Platforms.ActiveCfg = Release32|Any CPU
		{F5DA27C3-6486-4F2D-8B82-9D2F89E17AED}.Release32|Mixed Platforms.Build.0 = Release32|Any CPU
		{F5DA27C3-6486-4F2D-8B82-9D2F89E17AED}.Release32|x86.ActiveCfg = Release32|Any CPU
		{6ECE372A-B82C-48E0-8891-54EBC0ADBC4C}.debug_32|Any CPU.ActiveCfg = debug_32|Any CPU
		{6ECE372A-B82C-48E0-8891-54EBC0ADBC4C}.debug_32|Any CPU.Build.0 = debug_32|Any CPU
		{6ECE372A-B82C-48E0-8891-54EBC0ADBC4C}.debug_32|Mixed Platforms.ActiveCfg = debug_32|Any CPU
		{6ECE372A-B82C-48E0-8891-54EBC0ADBC4C}.debug_32|Mixed Platforms.Build.0 = debug_32|Any CPU
		{6ECE372A-B82C-48E0-8891-54EBC0ADBC4C}.debug_32|x86.ActiveCfg = debug_32|Any CPU
		{6ECE372A-B82C-48E0-8891-54EBC0ADBC4C}.Debug|Any CPU.ActiveCfg = Debug|Any CPU
		{6ECE372A-B82C-48E0-8891-54EBC0ADBC4C}.Debug|Any CPU.Build.0 = Debug|Any CPU
		{6ECE372A-B82C-48E0-8891-54EBC0ADBC4C}.Debug|Mixed Platforms.ActiveCfg = Debug|Any CPU
		{6ECE372A-B82C-48E0-8891-54EBC0ADBC4C}.Debug|Mixed Platforms.Build.0 = Debug|Any CPU
		{6ECE372A-B82C-48E0-8891-54EBC0ADBC4C}.Debug|x86.ActiveCfg = Debug|Any CPU
		{6ECE372A-B82C-48E0-8891-54EBC0ADBC4C}.Release|Any CPU.ActiveCfg = Release|Any CPU
		{6ECE372A-B82C-48E0-8891-54EBC0ADBC4C}.Release|Any CPU.Build.0 = Release|Any CPU
		{6ECE372A-B82C-48E0-8891-54EBC0ADBC4C}.Release|Mixed Platforms.ActiveCfg = Release|Any CPU
		{6ECE372A-B82C-48E0-8891-54EBC0ADBC4C}.Release|Mixed Platforms.Build.0 = Release|Any CPU
		{6ECE372A-B82C-48E0-8891-54EBC0ADBC4C}.Release|x86.ActiveCfg = Release|Any CPU
		{6ECE372A-B82C-48E0-8891-54EBC0ADBC4C}.Release32|Any CPU.ActiveCfg = Release32|Any CPU
		{6ECE372A-B82C-48E0-8891-54EBC0ADBC4C}.Release32|Any CPU.Build.0 = Release32|Any CPU
		{6ECE372A-B82C-48E0-8891-54EBC0ADBC4C}.Release32|Mixed Platforms.ActiveCfg = Release32|Any CPU
		{6ECE372A-B82C-48E0-8891-54EBC0ADBC4C}.Release32|Mixed Platforms.Build.0 = Release32|Any CPU
		{6ECE372A-B82C-48E0-8891-54EBC0ADBC4C}.Release32|x86.ActiveCfg = Release32|Any CPU
		{DF1DC772-5C56-4046-B14A-1EEF11689CF9}.debug_32|Any CPU.ActiveCfg = debug_32|Any CPU
		{DF1DC772-5C56-4046-B14A-1EEF11689CF9}.debug_32|Any CPU.Build.0 = debug_32|Any CPU
		{DF1DC772-5C56-4046-B14A-1EEF11689CF9}.debug_32|Mixed Platforms.ActiveCfg = debug_32|Any CPU
		{DF1DC772-5C56-4046-B14A-1EEF11689CF9}.debug_32|Mixed Platforms.Build.0 = debug_32|Any CPU
		{DF1DC772-5C56-4046-B14A-1EEF11689CF9}.debug_32|x86.ActiveCfg = debug_32|Any CPU
		{DF1DC772-5C56-4046-B14A-1EEF11689CF9}.Debug|Any CPU.ActiveCfg = Debug|Any CPU
		{DF1DC772-5C56-4046-B14A-1EEF11689CF9}.Debug|Any CPU.Build.0 = Debug|Any CPU
		{DF1DC772-5C56-4046-B14A-1EEF11689CF9}.Debug|Mixed Platforms.ActiveCfg = Debug|Any CPU
		{DF1DC772-5C56-4046-B14A-1EEF11689CF9}.Debug|Mixed Platforms.Build.0 = Debug|Any CPU
		{DF1DC772-5C56-4046-B14A-1EEF11689CF9}.Debug|x86.ActiveCfg = Debug|Any CPU
		{DF1DC772-5C56-4046-B14A-1EEF11689CF9}.Release|Any CPU.ActiveCfg = Release|Any CPU
		{DF1DC772-5C56-4046-B14A-1EEF11689CF9}.Release|Any CPU.Build.0 = Release|Any CPU
		{DF1DC772-5C56-4046-B14A-1EEF11689CF9}.Release|Mixed Platforms.ActiveCfg = Release|Any CPU
		{DF1DC772-5C56-4046-B14A-1EEF11689CF9}.Release|Mixed Platforms.Build.0 = Release|Any CPU
		{DF1DC772-5C56-4046-B14A-1EEF11689CF9}.Release|x86.ActiveCfg = Release|Any CPU
		{DF1DC772-5C56-4046-B14A-1EEF11689CF9}.Release32|Any CPU.ActiveCfg = Release32|Any CPU
		{DF1DC772-5C56-4046-B14A-1EEF11689CF9}.Release32|Any CPU.Build.0 = Release32|Any CPU
		{DF1DC772-5C56-4046-B14A-1EEF11689CF9}.Release32|Mixed Platforms.ActiveCfg = Release32|Any CPU
		{DF1DC772-5C56-4046-B14A-1EEF11689CF9}.Release32|Mixed Platforms.Build.0 = Release32|Any CPU
		{DF1DC772-5C56-4046-B14A-1EEF11689CF9}.Release32|x86.ActiveCfg = Release32|Any CPU
		{4B02A306-D92E-4829-A782-6D9BC5486E88}.debug_32|Any CPU.ActiveCfg = debug_32|Any CPU
		{4B02A306-D92E-4829-A782-6D9BC5486E88}.debug_32|Any CPU.Build.0 = debug_32|Any CPU
		{4B02A306-D92E-4829-A782-6D9BC5486E88}.debug_32|Mixed Platforms.ActiveCfg = debug_32|Any CPU
		{4B02A306-D92E-4829-A782-6D9BC5486E88}.debug_32|Mixed Platforms.Build.0 = debug_32|Any CPU
		{4B02A306-D92E-4829-A782-6D9BC5486E88}.debug_32|x86.ActiveCfg = debug_32|Any CPU
		{4B02A306-D92E-4829-A782-6D9BC5486E88}.Debug|Any CPU.ActiveCfg = Debug|Any CPU
		{4B02A306-D92E-4829-A782-6D9BC5486E88}.Debug|Any CPU.Build.0 = Debug|Any CPU
		{4B02A306-D92E-4829-A782-6D9BC5486E88}.Debug|Mixed Platforms.ActiveCfg = Debug|Any CPU
		{4B02A306-D92E-4829-A782-6D9BC5486E88}.Debug|Mixed Platforms.Build.0 = Debug|Any CPU
		{4B02A306-D92E-4829-A782-6D9BC5486E88}.Debug|x86.ActiveCfg = Debug|Any CPU
		{4B02A306-D92E-4829-A782-6D9BC5486E88}.Release|Any CPU.ActiveCfg = Release|Any CPU
		{4B02A306-D92E-4829-A782-6D9BC5486E88}.Release|Any CPU.Build.0 = Release|Any CPU
		{4B02A306-D92E-4829-A782-6D9BC5486E88}.Release|Mixed Platforms.ActiveCfg = Release|Any CPU
		{4B02A306-D92E-4829-A782-6D9BC5486E88}.Release|Mixed Platforms.Build.0 = Release|Any CPU
		{4B02A306-D92E-4829-A782-6D9BC5486E88}.Release|x86.ActiveCfg = Release|Any CPU
		{4B02A306-D92E-4829-A782-6D9BC5486E88}.Release32|Any CPU.ActiveCfg = Release32|Any CPU
		{4B02A306-D92E-4829-A782-6D9BC5486E88}.Release32|Any CPU.Build.0 = Release32|Any CPU
		{4B02A306-D92E-4829-A782-6D9BC5486E88}.Release32|Mixed Platforms.ActiveCfg = Release32|Any CPU
		{4B02A306-D92E-4829-A782-6D9BC5486E88}.Release32|Mixed Platforms.Build.0 = Release32|Any CPU
		{4B02A306-D92E-4829-A782-6D9BC5486E88}.Release32|x86.ActiveCfg = Release32|Any CPU
		{684E661E-46B7-42B7-AC9A-0C1B4CB78A1C}.debug_32|Any CPU.ActiveCfg = debug_32|Any CPU
		{684E661E-46B7-42B7-AC9A-0C1B4CB78A1C}.debug_32|Any CPU.Build.0 = debug_32|Any CPU
		{684E661E-46B7-42B7-AC9A-0C1B4CB78A1C}.debug_32|Mixed Platforms.ActiveCfg = debug_32|Any CPU
		{684E661E-46B7-42B7-AC9A-0C1B4CB78A1C}.debug_32|Mixed Platforms.Build.0 = debug_32|Any CPU
		{684E661E-46B7-42B7-AC9A-0C1B4CB78A1C}.debug_32|x86.ActiveCfg = debug_32|Any CPU
		{684E661E-46B7-42B7-AC9A-0C1B4CB78A1C}.Debug|Any CPU.ActiveCfg = Debug|Any CPU
		{684E661E-46B7-42B7-AC9A-0C1B4CB78A1C}.Debug|Any CPU.Build.0 = Debug|Any CPU
		{684E661E-46B7-42B7-AC9A-0C1B4CB78A1C}.Debug|Mixed Platforms.ActiveCfg = Debug|Any CPU
		{684E661E-46B7-42B7-AC9A-0C1B4CB78A1C}.Debug|Mixed Platforms.Build.0 = Debug|Any CPU
		{684E661E-46B7-42B7-AC9A-0C1B4CB78A1C}.Debug|x86.ActiveCfg = Debug|Any CPU
		{684E661E-46B7-42B7-AC9A-0C1B4CB78A1C}.Release|Any CPU.ActiveCfg = Release|Any CPU
		{684E661E-46B7-42B7-AC9A-0C1B4CB78A1C}.Release|Any CPU.Build.0 = Release|Any CPU
		{684E661E-46B7-42B7-AC9A-0C1B4CB78A1C}.Release|Mixed Platforms.ActiveCfg = Release|Any CPU
		{684E661E-46B7-42B7-AC9A-0C1B4CB78A1C}.Release|Mixed Platforms.Build.0 = Release|Any CPU
		{684E661E-46B7-42B7-AC9A-0C1B4CB78A1C}.Release|x86.ActiveCfg = Release|Any CPU
		{684E661E-46B7-42B7-AC9A-0C1B4CB78A1C}.Release32|Any CPU.ActiveCfg = Release32|Any CPU
		{684E661E-46B7-42B7-AC9A-0C1B4CB78A1C}.Release32|Any CPU.Build.0 = Release32|Any CPU
		{684E661E-46B7-42B7-AC9A-0C1B4CB78A1C}.Release32|Mixed Platforms.ActiveCfg = Release32|Any CPU
		{684E661E-46B7-42B7-AC9A-0C1B4CB78A1C}.Release32|Mixed Platforms.Build.0 = Release32|Any CPU
		{684E661E-46B7-42B7-AC9A-0C1B4CB78A1C}.Release32|x86.ActiveCfg = Release32|Any CPU
		{7FDEE8BF-E905-466A-9B47-4DFE36AC734F}.debug_32|Any CPU.ActiveCfg = debug_32|Any CPU
		{7FDEE8BF-E905-466A-9B47-4DFE36AC734F}.debug_32|Any CPU.Build.0 = debug_32|Any CPU
		{7FDEE8BF-E905-466A-9B47-4DFE36AC734F}.debug_32|Mixed Platforms.ActiveCfg = debug_32|Any CPU
		{7FDEE8BF-E905-466A-9B47-4DFE36AC734F}.debug_32|Mixed Platforms.Build.0 = debug_32|Any CPU
		{7FDEE8BF-E905-466A-9B47-4DFE36AC734F}.debug_32|x86.ActiveCfg = debug_32|Any CPU
		{7FDEE8BF-E905-466A-9B47-4DFE36AC734F}.Debug|Any CPU.ActiveCfg = Debug|Any CPU
		{7FDEE8BF-E905-466A-9B47-4DFE36AC734F}.Debug|Any CPU.Build.0 = Debug|Any CPU
		{7FDEE8BF-E905-466A-9B47-4DFE36AC734F}.Debug|Mixed Platforms.ActiveCfg = Debug|Any CPU
		{7FDEE8BF-E905-466A-9B47-4DFE36AC734F}.Debug|Mixed Platforms.Build.0 = Debug|Any CPU
		{7FDEE8BF-E905-466A-9B47-4DFE36AC734F}.Debug|x86.ActiveCfg = Debug|Any CPU
		{7FDEE8BF-E905-466A-9B47-4DFE36AC734F}.Release|Any CPU.ActiveCfg = Release|Any CPU
		{7FDEE8BF-E905-466A-9B47-4DFE36AC734F}.Release|Any CPU.Build.0 = Release|Any CPU
		{7FDEE8BF-E905-466A-9B47-4DFE36AC734F}.Release|Mixed Platforms.ActiveCfg = Release|Any CPU
		{7FDEE8BF-E905-466A-9B47-4DFE36AC734F}.Release|Mixed Platforms.Build.0 = Release|Any CPU
		{7FDEE8BF-E905-466A-9B47-4DFE36AC734F}.Release|x86.ActiveCfg = Release|Any CPU
		{7FDEE8BF-E905-466A-9B47-4DFE36AC734F}.Release32|Any CPU.ActiveCfg = Release32|Any CPU
		{7FDEE8BF-E905-466A-9B47-4DFE36AC734F}.Release32|Any CPU.Build.0 = Release32|Any CPU
		{7FDEE8BF-E905-466A-9B47-4DFE36AC734F}.Release32|Mixed Platforms.ActiveCfg = Release32|Any CPU
		{7FDEE8BF-E905-466A-9B47-4DFE36AC734F}.Release32|Mixed Platforms.Build.0 = Release32|Any CPU
		{7FDEE8BF-E905-466A-9B47-4DFE36AC734F}.Release32|x86.ActiveCfg = Release32|Any CPU
		{181F3F6E-B5F8-4CFB-A020-8BB57711C4B2}.debug_32|Any CPU.ActiveCfg = debug_32|Any CPU
		{181F3F6E-B5F8-4CFB-A020-8BB57711C4B2}.debug_32|Any CPU.Build.0 = debug_32|Any CPU
		{181F3F6E-B5F8-4CFB-A020-8BB57711C4B2}.debug_32|Mixed Platforms.ActiveCfg = debug_32|Any CPU
		{181F3F6E-B5F8-4CFB-A020-8BB57711C4B2}.debug_32|Mixed Platforms.Build.0 = debug_32|Any CPU
		{181F3F6E-B5F8-4CFB-A020-8BB57711C4B2}.debug_32|x86.ActiveCfg = debug_32|Any CPU
		{181F3F6E-B5F8-4CFB-A020-8BB57711C4B2}.Debug|Any CPU.ActiveCfg = Debug|Any CPU
		{181F3F6E-B5F8-4CFB-A020-8BB57711C4B2}.Debug|Any CPU.Build.0 = Debug|Any CPU
		{181F3F6E-B5F8-4CFB-A020-8BB57711C4B2}.Debug|Mixed Platforms.ActiveCfg = Debug|Any CPU
		{181F3F6E-B5F8-4CFB-A020-8BB57711C4B2}.Debug|Mixed Platforms.Build.0 = Debug|Any CPU
		{181F3F6E-B5F8-4CFB-A020-8BB57711C4B2}.Debug|x86.ActiveCfg = Debug|Any CPU
		{181F3F6E-B5F8-4CFB-A020-8BB57711C4B2}.Release|Any CPU.ActiveCfg = Release|Any CPU
		{181F3F6E-B5F8-4CFB-A020-8BB57711C4B2}.Release|Any CPU.Build.0 = Release|Any CPU
		{181F3F6E-B5F8-4CFB-A020-8BB57711C4B2}.Release|Mixed Platforms.ActiveCfg = Release|Any CPU
		{181F3F6E-B5F8-4CFB-A020-8BB57711C4B2}.Release|Mixed Platforms.Build.0 = Release|Any CPU
		{181F3F6E-B5F8-4CFB-A020-8BB57711C4B2}.Release|x86.ActiveCfg = Release|Any CPU
		{181F3F6E-B5F8-4CFB-A020-8BB57711C4B2}.Release32|Any CPU.ActiveCfg = Release32|Any CPU
		{181F3F6E-B5F8-4CFB-A020-8BB57711C4B2}.Release32|Any CPU.Build.0 = Release32|Any CPU
		{181F3F6E-B5F8-4CFB-A020-8BB57711C4B2}.Release32|Mixed Platforms.ActiveCfg = Release32|Any CPU
		{181F3F6E-B5F8-4CFB-A020-8BB57711C4B2}.Release32|Mixed Platforms.Build.0 = Release32|Any CPU
		{181F3F6E-B5F8-4CFB-A020-8BB57711C4B2}.Release32|x86.ActiveCfg = Release32|Any CPU
		{CDD580CD-73D1-4616-89BC-0A60C060F3A7}.debug_32|Any CPU.ActiveCfg = debug_32|Any CPU
		{CDD580CD-73D1-4616-89BC-0A60C060F3A7}.debug_32|Any CPU.Build.0 = debug_32|Any CPU
		{CDD580CD-73D1-4616-89BC-0A60C060F3A7}.debug_32|Mixed Platforms.ActiveCfg = debug_32|Any CPU
		{CDD580CD-73D1-4616-89BC-0A60C060F3A7}.debug_32|Mixed Platforms.Build.0 = debug_32|Any CPU
		{CDD580CD-73D1-4616-89BC-0A60C060F3A7}.debug_32|x86.ActiveCfg = Debug|Any CPU
		{CDD580CD-73D1-4616-89BC-0A60C060F3A7}.Debug|Any CPU.ActiveCfg = Debug|Any CPU
		{CDD580CD-73D1-4616-89BC-0A60C060F3A7}.Debug|Any CPU.Build.0 = Debug|Any CPU
		{CDD580CD-73D1-4616-89BC-0A60C060F3A7}.Debug|Mixed Platforms.ActiveCfg = Debug|Any CPU
		{CDD580CD-73D1-4616-89BC-0A60C060F3A7}.Debug|Mixed Platforms.Build.0 = Debug|Any CPU
		{CDD580CD-73D1-4616-89BC-0A60C060F3A7}.Debug|x86.ActiveCfg = Debug|Any CPU
		{CDD580CD-73D1-4616-89BC-0A60C060F3A7}.Release|Any CPU.ActiveCfg = Release|Any CPU
		{CDD580CD-73D1-4616-89BC-0A60C060F3A7}.Release|Any CPU.Build.0 = Release|Any CPU
		{CDD580CD-73D1-4616-89BC-0A60C060F3A7}.Release|Mixed Platforms.ActiveCfg = Release|Any CPU
		{CDD580CD-73D1-4616-89BC-0A60C060F3A7}.Release|Mixed Platforms.Build.0 = Release|Any CPU
		{CDD580CD-73D1-4616-89BC-0A60C060F3A7}.Release|x86.ActiveCfg = Release|Any CPU
		{CDD580CD-73D1-4616-89BC-0A60C060F3A7}.Release32|Any CPU.ActiveCfg = Release32|Any CPU
		{CDD580CD-73D1-4616-89BC-0A60C060F3A7}.Release32|Any CPU.Build.0 = Release32|Any CPU
		{CDD580CD-73D1-4616-89BC-0A60C060F3A7}.Release32|Mixed Platforms.ActiveCfg = Release32|Any CPU
		{CDD580CD-73D1-4616-89BC-0A60C060F3A7}.Release32|Mixed Platforms.Build.0 = Release32|Any CPU
		{CDD580CD-73D1-4616-89BC-0A60C060F3A7}.Release32|x86.ActiveCfg = Release|Any CPU
		{C4AE0B5F-7E51-442C-B2EA-945119DA40B0}.debug_32|Any CPU.ActiveCfg = debug_32|Any CPU
		{C4AE0B5F-7E51-442C-B2EA-945119DA40B0}.debug_32|Any CPU.Build.0 = debug_32|Any CPU
		{C4AE0B5F-7E51-442C-B2EA-945119DA40B0}.debug_32|Mixed Platforms.ActiveCfg = debug_32|Any CPU
		{C4AE0B5F-7E51-442C-B2EA-945119DA40B0}.debug_32|Mixed Platforms.Build.0 = debug_32|Any CPU
		{C4AE0B5F-7E51-442C-B2EA-945119DA40B0}.debug_32|x86.ActiveCfg = Debug|Any CPU
		{C4AE0B5F-7E51-442C-B2EA-945119DA40B0}.Debug|Any CPU.ActiveCfg = Debug|Any CPU
		{C4AE0B5F-7E51-442C-B2EA-945119DA40B0}.Debug|Any CPU.Build.0 = Debug|Any CPU
		{C4AE0B5F-7E51-442C-B2EA-945119DA40B0}.Debug|Mixed Platforms.ActiveCfg = Debug|Any CPU
		{C4AE0B5F-7E51-442C-B2EA-945119DA40B0}.Debug|Mixed Platforms.Build.0 = Debug|Any CPU
		{C4AE0B5F-7E51-442C-B2EA-945119DA40B0}.Debug|x86.ActiveCfg = Debug|Any CPU
		{C4AE0B5F-7E51-442C-B2EA-945119DA40B0}.Release|Any CPU.ActiveCfg = Release|Any CPU
		{C4AE0B5F-7E51-442C-B2EA-945119DA40B0}.Release|Any CPU.Build.0 = Release|Any CPU
		{C4AE0B5F-7E51-442C-B2EA-945119DA40B0}.Release|Mixed Platforms.ActiveCfg = Release|Any CPU
		{C4AE0B5F-7E51-442C-B2EA-945119DA40B0}.Release|Mixed Platforms.Build.0 = Release|Any CPU
		{C4AE0B5F-7E51-442C-B2EA-945119DA40B0}.Release|x86.ActiveCfg = Release|Any CPU
		{C4AE0B5F-7E51-442C-B2EA-945119DA40B0}.Release32|Any CPU.ActiveCfg = Release32|Any CPU
		{C4AE0B5F-7E51-442C-B2EA-945119DA40B0}.Release32|Any CPU.Build.0 = Release32|Any CPU
		{C4AE0B5F-7E51-442C-B2EA-945119DA40B0}.Release32|Mixed Platforms.ActiveCfg = Release32|Any CPU
		{C4AE0B5F-7E51-442C-B2EA-945119DA40B0}.Release32|Mixed Platforms.Build.0 = Release32|Any CPU
		{C4AE0B5F-7E51-442C-B2EA-945119DA40B0}.Release32|x86.ActiveCfg = Release|Any CPU
		{991CD25C-9837-4294-964D-0E93C58E0E53}.debug_32|Any CPU.ActiveCfg = debug_32|Any CPU
		{991CD25C-9837-4294-964D-0E93C58E0E53}.debug_32|Any CPU.Build.0 = debug_32|Any CPU
		{991CD25C-9837-4294-964D-0E93C58E0E53}.debug_32|Mixed Platforms.ActiveCfg = debug_32|Any CPU
		{991CD25C-9837-4294-964D-0E93C58E0E53}.debug_32|Mixed Platforms.Build.0 = debug_32|Any CPU
		{991CD25C-9837-4294-964D-0E93C58E0E53}.debug_32|x86.ActiveCfg = Debug|Any CPU
		{991CD25C-9837-4294-964D-0E93C58E0E53}.Debug|Any CPU.ActiveCfg = Debug|Any CPU
		{991CD25C-9837-4294-964D-0E93C58E0E53}.Debug|Any CPU.Build.0 = Debug|Any CPU
		{991CD25C-9837-4294-964D-0E93C58E0E53}.Debug|Mixed Platforms.ActiveCfg = Debug|Any CPU
		{991CD25C-9837-4294-964D-0E93C58E0E53}.Debug|Mixed Platforms.Build.0 = Debug|Any CPU
		{991CD25C-9837-4294-964D-0E93C58E0E53}.Debug|x86.ActiveCfg = Debug|Any CPU
		{991CD25C-9837-4294-964D-0E93C58E0E53}.Release|Any CPU.ActiveCfg = Release|Any CPU
		{991CD25C-9837-4294-964D-0E93C58E0E53}.Release|Any CPU.Build.0 = Release|Any CPU
		{991CD25C-9837-4294-964D-0E93C58E0E53}.Release|Mixed Platforms.ActiveCfg = Release|Any CPU
		{991CD25C-9837-4294-964D-0E93C58E0E53}.Release|Mixed Platforms.Build.0 = Release|Any CPU
		{991CD25C-9837-4294-964D-0E93C58E0E53}.Release|x86.ActiveCfg = Release|Any CPU
		{991CD25C-9837-4294-964D-0E93C58E0E53}.Release32|Any CPU.ActiveCfg = Release32|Any CPU
		{991CD25C-9837-4294-964D-0E93C58E0E53}.Release32|Any CPU.Build.0 = Release32|Any CPU
		{991CD25C-9837-4294-964D-0E93C58E0E53}.Release32|Mixed Platforms.ActiveCfg = Release32|Any CPU
		{991CD25C-9837-4294-964D-0E93C58E0E53}.Release32|Mixed Platforms.Build.0 = Release32|Any CPU
		{991CD25C-9837-4294-964D-0E93C58E0E53}.Release32|x86.ActiveCfg = Release|Any CPU
		{64A53068-B235-4A1E-8E40-D9F39708EAEC}.debug_32|Any CPU.ActiveCfg = debug_32|Any CPU
		{64A53068-B235-4A1E-8E40-D9F39708EAEC}.debug_32|Any CPU.Build.0 = debug_32|Any CPU
		{64A53068-B235-4A1E-8E40-D9F39708EAEC}.debug_32|Mixed Platforms.ActiveCfg = debug_32|Any CPU
		{64A53068-B235-4A1E-8E40-D9F39708EAEC}.debug_32|Mixed Platforms.Build.0 = debug_32|Any CPU
		{64A53068-B235-4A1E-8E40-D9F39708EAEC}.debug_32|x86.ActiveCfg = Debug|Any CPU
		{64A53068-B235-4A1E-8E40-D9F39708EAEC}.Debug|Any CPU.ActiveCfg = Debug|Any CPU
		{64A53068-B235-4A1E-8E40-D9F39708EAEC}.Debug|Any CPU.Build.0 = Debug|Any CPU
		{64A53068-B235-4A1E-8E40-D9F39708EAEC}.Debug|Mixed Platforms.ActiveCfg = Debug|Any CPU
		{64A53068-B235-4A1E-8E40-D9F39708EAEC}.Debug|Mixed Platforms.Build.0 = Debug|Any CPU
		{64A53068-B235-4A1E-8E40-D9F39708EAEC}.Debug|x86.ActiveCfg = Debug|Any CPU
		{64A53068-B235-4A1E-8E40-D9F39708EAEC}.Release|Any CPU.ActiveCfg = Release|Any CPU
		{64A53068-B235-4A1E-8E40-D9F39708EAEC}.Release|Any CPU.Build.0 = Release|Any CPU
		{64A53068-B235-4A1E-8E40-D9F39708EAEC}.Release|Mixed Platforms.ActiveCfg = Release|Any CPU
		{64A53068-B235-4A1E-8E40-D9F39708EAEC}.Release|Mixed Platforms.Build.0 = Release|Any CPU
		{64A53068-B235-4A1E-8E40-D9F39708EAEC}.Release|x86.ActiveCfg = Release|Any CPU
		{64A53068-B235-4A1E-8E40-D9F39708EAEC}.Release32|Any CPU.ActiveCfg = Release32|Any CPU
		{64A53068-B235-4A1E-8E40-D9F39708EAEC}.Release32|Any CPU.Build.0 = Release32|Any CPU
		{64A53068-B235-4A1E-8E40-D9F39708EAEC}.Release32|Mixed Platforms.ActiveCfg = Release32|Any CPU
		{64A53068-B235-4A1E-8E40-D9F39708EAEC}.Release32|Mixed Platforms.Build.0 = Release32|Any CPU
		{64A53068-B235-4A1E-8E40-D9F39708EAEC}.Release32|x86.ActiveCfg = Release|Any CPU
	EndGlobalSection
	GlobalSection(SolutionProperties) = preSolution
		HideSolutionNode = FALSE
	EndGlobalSection
	GlobalSection(NestedProjects) = preSolution
		{6B127E8D-35CC-409E-9E66-520FBA86E283} = {6C641675-2B20-4320-906F-E1E8B16727C6}
		{F3158DD2-126D-427C-891B-971EFAF1315A} = {6C641675-2B20-4320-906F-E1E8B16727C6}
		{7B3F05AD-9943-4359-97FF-0AE22C225EB4} = {6C641675-2B20-4320-906F-E1E8B16727C6}
		{43B2665C-A5AB-4908-8E6D-C08975513E12} = {6C641675-2B20-4320-906F-E1E8B16727C6}
		{0ECD4638-0634-4009-8D81-B3F7BF15465F} = {BB0D1EA5-256B-4BCC-BD29-CB8A112B1E3D}
		{CC4DA2F3-FB84-42A0-B620-315B4A18B97A} = {BB0D1EA5-256B-4BCC-BD29-CB8A112B1E3D}
		{777F7A14-4042-4724-8ABC-A8779343B741} = {BB0D1EA5-256B-4BCC-BD29-CB8A112B1E3D}
		{65F4107B-BF8A-4192-9FB1-7B998087639D} = {0ECD4638-0634-4009-8D81-B3F7BF15465F}
		{6E9AC7A0-B813-4E6D-BFF9-E4E84569FE3D} = {0ECD4638-0634-4009-8D81-B3F7BF15465F}
		{FB14EB59-AA27-46DF-BAC2-5B9C23B10F00} = {0ECD4638-0634-4009-8D81-B3F7BF15465F}
		{8143F4BC-3B04-4F29-9D99-790F8001E80B} = {0ECD4638-0634-4009-8D81-B3F7BF15465F}
		{718CA82A-D7C4-440C-953F-DD3CC2ADC99D} = {CC4DA2F3-FB84-42A0-B620-315B4A18B97A}
		{C792440D-580E-4313-A48F-F2EEE85BE98C} = {CC4DA2F3-FB84-42A0-B620-315B4A18B97A}
		{DDF6E4C4-AC68-4AFB-B269-8663D6182E42} = {777F7A14-4042-4724-8ABC-A8779343B741}
		{13830111-1E9A-4759-8475-E9B55B9B914E} = {777F7A14-4042-4724-8ABC-A8779343B741}
		{C1B38609-BCB6-4CA0-B60F-E4654E33DED5} = {DDF6E4C4-AC68-4AFB-B269-8663D6182E42}
		{14B1B92D-0807-46DB-A0CE-5BE096DA0A14} = {DDF6E4C4-AC68-4AFB-B269-8663D6182E42}
		{5A8949BD-394A-4B37-930E-80CAF713B732} = {DDF6E4C4-AC68-4AFB-B269-8663D6182E42}
		{165C5B4B-AB6B-4901-B301-6ACF2291FEE5} = {DDF6E4C4-AC68-4AFB-B269-8663D6182E42}
		{5741771F-C0FB-4671-9BF0-B407D8C11C94} = {DDF6E4C4-AC68-4AFB-B269-8663D6182E42}
		{4C4382BF-E92E-4A99-8E2F-E698C4F90348} = {DDF6E4C4-AC68-4AFB-B269-8663D6182E42}
		{9B11023F-F541-4912-8574-911EDE466EBB} = {DDF6E4C4-AC68-4AFB-B269-8663D6182E42}
		{1B73D4A3-B60D-4356-9B24-714B8A6F28CD} = {DDF6E4C4-AC68-4AFB-B269-8663D6182E42}
		{FE428357-FBB6-4640-AD86-11523963D3B5} = {DDF6E4C4-AC68-4AFB-B269-8663D6182E42}
		{F5DA27C3-6486-4F2D-8B82-9D2F89E17AED} = {DDF6E4C4-AC68-4AFB-B269-8663D6182E42}
		{6ECE372A-B82C-48E0-8891-54EBC0ADBC4C} = {DDF6E4C4-AC68-4AFB-B269-8663D6182E42}
		{DF1DC772-5C56-4046-B14A-1EEF11689CF9} = {DDF6E4C4-AC68-4AFB-B269-8663D6182E42}
		{4B02A306-D92E-4829-A782-6D9BC5486E88} = {DDF6E4C4-AC68-4AFB-B269-8663D6182E42}
		{684E661E-46B7-42B7-AC9A-0C1B4CB78A1C} = {DDF6E4C4-AC68-4AFB-B269-8663D6182E42}
		{7FDEE8BF-E905-466A-9B47-4DFE36AC734F} = {DDF6E4C4-AC68-4AFB-B269-8663D6182E42}
		{181F3F6E-B5F8-4CFB-A020-8BB57711C4B2} = {DDF6E4C4-AC68-4AFB-B269-8663D6182E42}
		{CDD580CD-73D1-4616-89BC-0A60C060F3A7} = {13830111-1E9A-4759-8475-E9B55B9B914E}
		{C4AE0B5F-7E51-442C-B2EA-945119DA40B0} = {13830111-1E9A-4759-8475-E9B55B9B914E}
		{991CD25C-9837-4294-964D-0E93C58E0E53} = {13830111-1E9A-4759-8475-E9B55B9B914E}
		{64A53068-B235-4A1E-8E40-D9F39708EAEC} = {13830111-1E9A-4759-8475-E9B55B9B914E}
	EndGlobalSection
	GlobalSection(ExtensibilityGlobals) = postSolution
		BuildVersion_AssemblyInfoFilename = AssemblyInfo.cs
		BuildVersion_UpdateFileVersion = True
		BuildVersion_UpdateAssemblyVersion = True
		BuildVersion_BuildVersioningStyle = None.None.Increment.TimeStamp
	EndGlobalSection
EndGlobal
