
Microsoft Visual Studio Solution File, Format Version 11.00
# Visual Studio 2010
Project("{FAE04EC0-301F-11D3-BF4B-00C04F79EFBC}") = "VixenPlus", "VixenPlus.csproj", "{FA99E3F3-4783-485F-A37E-0E24F823E5AE}"
EndProject
Project("{FAE04EC0-301F-11D3-BF4B-00C04F79EFBC}") = "AppUpdate", "..\AppUpdate\AppUpdate.csproj", "{F3158DD2-126D-427C-891B-971EFAF1315A}"
EndProject
Project("{FAE04EC0-301F-11D3-BF4B-00C04F79EFBC}") = "CommonControls", "..\VixenControls\CommonControls.csproj", "{6B127E8D-35CC-409E-9E66-520FBA86E283}"
EndProject
Project("{2150E333-8FDC-42A3-9474-1A3956D46DE8}") = "Addins", "Addins", "{78315416-BBC1-4904-98A7-3AB85DAEDE9D}"
EndProject
Project("{FAE04EC0-301F-11D3-BF4B-00C04F79EFBC}") = "AnalogSpectrum", "..\Addins\AnalogSpectrum\AnalogSpectrum.csproj", "{B4B8CF65-9CF8-4BE1-A2F1-F88CFF784814}"
EndProject
Project("{FAE04EC0-301F-11D3-BF4B-00C04F79EFBC}") = "CometConversion", "..\Addins\CometConversion\CometConversion.csproj", "{27618A35-F00F-4438-9583-D65D1E2B2814}"
EndProject
Project("{FAE04EC0-301F-11D3-BF4B-00C04F79EFBC}") = "DMXAddIn", "..\Addins\DMXAddIn\DMXAddIn.csproj", "{43599BAB-1DB5-4ACF-9821-287C2BB05EB5}"
EndProject
Project("{FAE04EC0-301F-11D3-BF4B-00C04F79EFBC}") = "EZ-8", "..\Addins\EZ-8\EZ-8.csproj", "{23904FC3-1716-4F49-B940-2311C395A243}"
EndProject
Project("{FAE04EC0-301F-11D3-BF4B-00C04F79EFBC}") = "EZ-8 Transfer", "..\Addins\EZ-8 Transfer\EZ-8 Transfer.csproj", "{EACCAE8B-117D-4B3F-8B60-BCA35E5FA09B}"
EndProject
Project("{FAE04EC0-301F-11D3-BF4B-00C04F79EFBC}") = "MIDIReader", "..\Addins\MIDIReader\MIDIReader.csproj", "{406742CB-718C-4221-8978-C65F053F58B1}"
EndProject
Project("{FAE04EC0-301F-11D3-BF4B-00C04F79EFBC}") = "Prop1SeqGen", "..\Addins\Prop1SeqGen\Prop1SeqGen.csproj", "{11C356AC-3E0D-4D9D-ADD9-2A21995E2982}"
EndProject
Project("{FAE04EC0-301F-11D3-BF4B-00C04F79EFBC}") = "Prop2SeqGen", "..\Addins\Prop2SeqGen\Prop2SeqGen.csproj", "{3D179726-7C18-49BE-81F5-0B48E2B3EC08}"
EndProject
Project("{FAE04EC0-301F-11D3-BF4B-00C04F79EFBC}") = "RemoteClient", "..\Addins\RemoteClient\RemoteClient.csproj", "{8D63C4E8-80CA-4257-BACF-8CB857CD78CB}"
EndProject
Project("{FAE04EC0-301F-11D3-BF4B-00C04F79EFBC}") = "RGBLEDAddIn", "..\Addins\RGBLEDAddIn\RGBLEDAddIn.csproj", "{9EB201E3-57C5-4710-A582-6FA598D095F6}"
EndProject
Project("{FAE04EC0-301F-11D3-BF4B-00C04F79EFBC}") = "Spectrum", "..\Addins\Spectrum\Spectrum.csproj", "{A37BFB5D-4F5E-420F-B0F2-5FAD753A714E}"
EndProject
Project("{FAE04EC0-301F-11D3-BF4B-00C04F79EFBC}") = "WattMeter", "..\Addins\WattMeter\WattMeter.csproj", "{65021C4E-C0B1-4E6F-903D-52B670853F00}"
EndProject
Project("{FAE04EC0-301F-11D3-BF4B-00C04F79EFBC}") = "Waveform", "..\Addins\Waveform\Waveform.csproj", "{2F541619-5571-4F35-AA86-E5DE8A92FB5C}"
EndProject
Project("{2150E333-8FDC-42A3-9474-1A3956D46DE8}") = "Plugins", "Plugins", "{BB0D1EA5-256B-4BCC-BD29-CB8A112B1E3D}"
EndProject
Project("{2150E333-8FDC-42A3-9474-1A3956D46DE8}") = "Input", "Input", "{E0E63553-AE58-47F0-9957-F51DF983CED2}"
EndProject
Project("{2150E333-8FDC-42A3-9474-1A3956D46DE8}") = "Output", "Output", "{0ECD4638-0634-4009-8D81-B3F7BF15465F}"
EndProject
Project("{2150E333-8FDC-42A3-9474-1A3956D46DE8}") = "UI", "UI", "{CC4DA2F3-FB84-42A0-B620-315B4A18B97A}"
EndProject
Project("{FAE04EC0-301F-11D3-BF4B-00C04F79EFBC}") = "LedTriksUI", "..\Plugins\UI\LedTriksUI\LedTriksUI.csproj", "{FF8AA7E5-C799-4542-8322-E735B147607D}"
EndProject
Project("{FAE04EC0-301F-11D3-BF4B-00C04F79EFBC}") = "StandardScript", "..\Plugins\UI\StandardScript\StandardScript.csproj", "{13FF99ED-7CD9-4862-A333-2572AAC21AD4}"
EndProject
Project("{FAE04EC0-301F-11D3-BF4B-00C04F79EFBC}") = "StandardSequence", "..\Plugins\UI\StandardSequence\StandardSequence.csproj", "{718CA82A-D7C4-440C-953F-DD3CC2ADC99D}"
EndProject
Project("{FAE04EC0-301F-11D3-BF4B-00C04F79EFBC}") = "TriggerResponse", "..\Plugins\UI\TriggerResponse\TriggerResponse.csproj", "{C5A8668B-EEE8-46F4-BC6D-CEF4B700A992}"
EndProject
Project("{2150E333-8FDC-42A3-9474-1A3956D46DE8}") = "Tools", "Tools", "{6C641675-2B20-4320-906F-E1E8B16727C6}"
EndProject
Project("{FAE04EC0-301F-11D3-BF4B-00C04F79EFBC}") = "ScriptEngine", "..\ScriptEngine\ScriptEngine.csproj", "{FAC218DC-5B18-416B-9646-2D4128E4D50D}"
EndProject
Project("{FAE04EC0-301F-11D3-BF4B-00C04F79EFBC}") = "JoystickInput", "..\Plugins\Input\JoystickInput\JoystickInput.csproj", "{5D31E401-D30B-4F94-A81A-33149E76A949}"
EndProject
Project("{FAE04EC0-301F-11D3-BF4B-00C04F79EFBC}") = "JoystickManager", "..\Plugins\Input\JoystickManager\JoystickManager.csproj", "{17F6B0AF-B454-4301-BE13-DB71013EA053}"
EndProject
Project("{FAE04EC0-301F-11D3-BF4B-00C04F79EFBC}") = "Keyboard", "..\Plugins\Input\Keyboard\Keyboard.csproj", "{0DC0418C-6615-4E86-8E8D-787543387AEB}"
EndProject
Project("{FAE04EC0-301F-11D3-BF4B-00C04F79EFBC}") = "8_Line595", "..\Plugins\Output\8_Line595\8_Line595.csproj", "{1187CA80-C65B-4F91-A8A6-638851CBF1D3}"
EndProject
Project("{FAE04EC0-301F-11D3-BF4B-00C04F79EFBC}") = "AdjustablePreview", "..\Plugins\Output\AdjustablePreview\AdjustablePreview.csproj", "{65F4107B-BF8A-4192-9FB1-7B998087639D}"
EndProject
Project("{FAE04EC0-301F-11D3-BF4B-00C04F79EFBC}") = "BasicParallel", "..\Plugins\Output\BasicParallel\BasicParallel.csproj", "{D08F6714-4C66-4D88-8CD7-BE5909AE1F62}"
EndProject
Project("{FAE04EC0-301F-11D3-BF4B-00C04F79EFBC}") = "CurrentExecution", "..\Plugins\Output\CurrentExecution\CurrentExecution.csproj", "{50D9C828-5889-4C50-8609-9D0E2A6DB6A7}"
EndProject
Project("{FAE04EC0-301F-11D3-BF4B-00C04F79EFBC}") = "DC-16", "..\Plugins\Output\DC-16\DC-16.csproj", "{5FD46756-C54B-4044-9A47-0D0F140B911B}"
EndProject
Project("{FAE04EC0-301F-11D3-BF4B-00C04F79EFBC}") = "DMX-512", "..\Plugins\Output\DMX-512\DMX-512.csproj", "{E6CCE7B8-7C4F-4839-BB84-56A6C67D8513}"
EndProject
Project("{FAE04EC0-301F-11D3-BF4B-00C04F79EFBC}") = "DMXUSBPro", "..\Plugins\Output\DMXUSBPro\DMXUSBPro.csproj", "{60F5E77C-5AB6-4B1D-AAC3-07D96E990D64}"
EndProject
Project("{FAE04EC0-301F-11D3-BF4B-00C04F79EFBC}") = "EventDataLogger", "..\Plugins\Output\EventDataLogger\EventDataLogger.csproj", "{A830F804-202C-456B-BDB8-6C68BEDFF327}"
EndProject
Project("{FAE04EC0-301F-11D3-BF4B-00C04F79EFBC}") = "EZ-8 Output", "..\Plugins\Output\EZ-8 Output\EZ-8 Output.csproj", "{1062B543-0A13-471B-A8F3-9B1056CE6FCB}"
EndProject
Project("{FAE04EC0-301F-11D3-BF4B-00C04F79EFBC}") = "FanslerDimmer", "..\Plugins\Output\FanslerDimmer\FanslerDimmer.csproj", "{8081DCC3-998D-4119-BEA2-DA5F2F648D5C}"
EndProject
Project("{FAE04EC0-301F-11D3-BF4B-00C04F79EFBC}") = "FC-4", "..\Plugins\Output\FC-4\FC-4.csproj", "{7EB50F6D-4CE4-45E8-8854-774F1F2D6CD4}"
EndProject
Project("{FAE04EC0-301F-11D3-BF4B-00C04F79EFBC}") = "FC4_RC4", "..\Plugins\Output\FC4_RC4\FC4_RC4.csproj", "{107B4B92-8FFC-4F24-B6D2-BB6B60080FCC}"
EndProject
Project("{FAE04EC0-301F-11D3-BF4B-00C04F79EFBC}") = "FGDimmer", "..\Plugins\Output\FGDimmer\FGDimmer.csproj", "{37C54722-CBD9-41AD-AC82-F9EE57684CDE}"
EndProject
Project("{FAE04EC0-301F-11D3-BF4B-00C04F79EFBC}") = "GenericSerial", "..\Plugins\Output\GenericSerial\GenericSerial.csproj", "{6E9AC7A0-B813-4E6D-BFF9-E4E84569FE3D}"
EndProject
Project("{FAE04EC0-301F-11D3-BF4B-00C04F79EFBC}") = "Hill320", "..\Plugins\Output\Hill320\Hill320.csproj", "{CF2DEA66-5201-4D7A-9BBE-FB76A45A0FA6}"
EndProject
Project("{FAE04EC0-301F-11D3-BF4B-00C04F79EFBC}") = "HorningDimmer", "..\Plugins\Output\HorningDimmer\HorningDimmer.csproj", "{D4DBDE77-41DB-489D-9B61-CFE9EAEB3DF5}"
EndProject
Project("{FAE04EC0-301F-11D3-BF4B-00C04F79EFBC}") = "Icicle", "..\Plugins\Output\Icicle\Icicle.csproj", "{6F4507D5-4B07-4170-AC68-D28519BE419D}"
EndProject
Project("{FAE04EC0-301F-11D3-BF4B-00C04F79EFBC}") = "InvertedSimple595", "..\Plugins\Output\InvertedSimple595\InvertedSimple595.csproj", "{90B88092-308F-4455-A3DE-57A727311104}"
EndProject
Project("{FAE04EC0-301F-11D3-BF4B-00C04F79EFBC}") = "JWAC", "..\Plugins\Output\JWAC\JWAC.csproj", "{A27EF25D-5939-4556-B178-39309D846F02}"
EndProject
Project("{FAE04EC0-301F-11D3-BF4B-00C04F79EFBC}") = "JWLC", "..\Plugins\Output\JWLC\JWLC.csproj", "{8F1EA24F-7294-463C-9272-B4AB5244B42A}"
EndProject
Project("{FAE04EC0-301F-11D3-BF4B-00C04F79EFBC}") = "K8055", "..\Plugins\Output\K8055\K8055.csproj", "{56CAA702-DEC0-4789-BB79-91F95B6257B7}"
EndProject
Project("{FAE04EC0-301F-11D3-BF4B-00C04F79EFBC}") = "K8055Output", "..\Plugins\Output\K8055Output\K8055Output.csproj", "{E70143F9-A6A9-417A-8A40-EAEDCD240D67}"
EndProject
Project("{FAE04EC0-301F-11D3-BF4B-00C04F79EFBC}") = "Launcher", "..\Plugins\Output\Launcher\Launcher.csproj", "{FB14EB59-AA27-46DF-BAC2-5B9C23B10F00}"
EndProject
Project("{FAE04EC0-301F-11D3-BF4B-00C04F79EFBC}") = "LedTriksOutput", "..\Plugins\Output\LedTriksOutput\LedTriksOutput.csproj", "{E5103708-4D35-4B36-BA8C-184DC627089F}"
EndProject
Project("{FAE04EC0-301F-11D3-BF4B-00C04F79EFBC}") = "MCC PCI DIO", "..\Plugins\Output\MCC PCI DIO\MCC PCI DIO.csproj", "{C0C185E0-6CCC-4A94-B08B-DE5F165DFDAF}"
EndProject
Project("{FAE04EC0-301F-11D3-BF4B-00C04F79EFBC}") = "MiniSSC", "..\Plugins\Output\MiniSSC\MiniSSC.csproj", "{231D94FB-04F5-425B-9F1A-166BAF5537F2}"
EndProject
Project("{FAE04EC0-301F-11D3-BF4B-00C04F79EFBC}") = "Olsen595", "..\Plugins\Output\Olsen595\Olsen595.csproj", "{7D1BD0D4-2D82-461B-A9E7-8B4528811319}"
EndProject
Project("{FAE04EC0-301F-11D3-BF4B-00C04F79EFBC}") = "Parallel12", "..\Plugins\Output\Parallel12\Parallel12.csproj", "{483868D8-0BBA-4552-85A9-E0C26EC2A2F7}"
EndProject
Project("{FAE04EC0-301F-11D3-BF4B-00C04F79EFBC}") = "Prop-1_3s4d", "..\Plugins\Output\Prop-1_3s4d\Prop-1_3s4d.csproj", "{AA088CFD-DE51-4790-B760-4FA91DF0103A}"
EndProject
Project("{FAE04EC0-301F-11D3-BF4B-00C04F79EFBC}") = "Prop-2_8s8d", "..\Plugins\Output\Prop-2_8s8d\Prop-2_8s8d.csproj", "{7656FA8C-B114-48E7-8F81-125136D46A9A}"
EndProject
Project("{FAE04EC0-301F-11D3-BF4B-00C04F79EFBC}") = "Prop-SX_8s8d", "..\Plugins\Output\Prop-SX_8s8d\Prop-SX_8s8d.csproj", "{B8FF6C96-A737-4817-94B1-B6D5CC9B0C16}"
EndProject
Project("{FAE04EC0-301F-11D3-BF4B-00C04F79EFBC}") = "PSC", "..\Plugins\Output\PSC\PSC.csproj", "{94C0534A-9E0C-429C-B32D-40A436450824}"
EndProject
Project("{FAE04EC0-301F-11D3-BF4B-00C04F79EFBC}") = "RC-4", "..\Plugins\Output\RC-4\RC-4.csproj", "{E6E285CA-7394-45BE-ABCC-4656051E4C72}"
EndProject
Project("{FAE04EC0-301F-11D3-BF4B-00C04F79EFBC}") = "Renard", "..\Plugins\Output\Renard\Renard.csproj", "{8143F4BC-3B04-4F29-9D99-790F8001E80B}"
EndProject
Project("{FAE04EC0-301F-11D3-BF4B-00C04F79EFBC}") = "RGBLED", "..\Plugins\Output\RGBLED\RGBLED.csproj", "{809C0844-5B0C-48C9-8A21-AB8ACF096CA9}"
EndProject
Project("{FAE04EC0-301F-11D3-BF4B-00C04F79EFBC}") = "Simple595", "..\Plugins\Output\Simple595\Simple595.csproj", "{B0708477-B6FE-408E-9D8C-191B9D14DCA5}"
EndProject
Project("{FAE04EC0-301F-11D3-BF4B-00C04F79EFBC}") = "Simple595p", "..\Plugins\Output\Simple595p\Simple595p.csproj", "{030C9CAF-C60A-429C-94A4-A7DF47F0CFC8}"
EndProject
Project("{FAE04EC0-301F-11D3-BF4B-00C04F79EFBC}") = "IDMX", "..\Plugins\Output\IDMX\IDMX.csproj", "{D3216F6C-56C1-48D0-B926-19CB452B6C82}"
EndProject
Project("{FAE04EC0-301F-11D3-BF4B-00C04F79EFBC}") = "LedTriksUtil", "..\Plugins\Output\LedTriksUtil\LedTriksUtil.csproj", "{4BD289B2-B382-4BCD-9F81-026995D5BFD7}"
EndProject
Project("{FAE04EC0-301F-11D3-BF4B-00C04F79EFBC}") = "fmod", "..\fmod\fmod.csproj", "{7B3F05AD-9943-4359-97FF-0AE22C225EB4}"
EndProject
Project("{FAE04EC0-301F-11D3-BF4B-00C04F79EFBC}") = "VirtualLedTriks", "..\Plugins\Output\VirtualLedTriks\VirtualLedTriks.csproj", "{205245A0-7862-4AEE-8BEA-5E5171E6AF72}"
EndProject
Project("{FAE04EC0-301F-11D3-BF4B-00C04F79EFBC}") = "LedTriksScript", "..\ScriptModules\LedTriksScript\LedTriksScript.csproj", "{C464EF7B-32CC-4312-8013-293FA9C94B9B}"
EndProject
Project("{FAE04EC0-301F-11D3-BF4B-00C04F79EFBC}") = "Standard", "..\ScriptModules\Standard\Standard.csproj", "{B1C14B46-BBD2-4C73-875D-1870EAC5CC69}"
	ProjectSection(ProjectDependencies) = postProject
		{FAC218DC-5B18-416B-9646-2D4128E4D50D} = {FAC218DC-5B18-416B-9646-2D4128E4D50D}
		{FA99E3F3-4783-485F-A37E-0E24F823E5AE} = {FA99E3F3-4783-485F-A37E-0E24F823E5AE}
	EndProjectSection
EndProject
Project("{FAE04EC0-301F-11D3-BF4B-00C04F79EFBC}") = "VixenPlusServerUI", "..\VixenServerUI\VixenPlusServerUI.csproj", "{ADE456A7-967C-4542-ADD0-4B3225B16222}"
EndProject
Project("{FAE04EC0-301F-11D3-BF4B-00C04F79EFBC}") = "VixenPlusBase", "..\Vixen.Base\VixenPlusBase.csproj", "{E3EAE372-FCEB-43A2-988F-3998D6D51536}"
EndProject
Project("{FAE04EC0-301F-11D3-BF4B-00C04F79EFBC}") = "VixenPlusServer", "..\Vixen.Server\VixenPlusServer.csproj", "{8CD1E398-801A-4E60-9BA7-510EF5786C4F}"
EndProject
Project("{2150E333-8FDC-42A3-9474-1A3956D46DE8}") = "Solution Items", "Solution Items", "{31988693-7C2F-459B-9D0A-3A679EBDD678}"
	ProjectSection(SolutionItems) = preProject
		..\license.txt = ..\license.txt
		..\README.txt = ..\README.txt
		..\todos.txt = ..\todos.txt
		VixenPlus.exe.config = VixenPlus.exe.config
	EndProjectSection
EndProject
Global
	GlobalSection(SolutionConfigurationPlatforms) = preSolution
		debug_32|Any CPU = debug_32|Any CPU
		Debug|Any CPU = Debug|Any CPU
		Release_x86|Any CPU = Release_x86|Any CPU
		Release|Any CPU = Release|Any CPU
		Release32|Any CPU = Release32|Any CPU
	EndGlobalSection
	GlobalSection(ProjectConfigurationPlatforms) = postSolution
		{FA99E3F3-4783-485F-A37E-0E24F823E5AE}.debug_32|Any CPU.ActiveCfg = debug_32|Any CPU
		{FA99E3F3-4783-485F-A37E-0E24F823E5AE}.debug_32|Any CPU.Build.0 = debug_32|Any CPU
		{FA99E3F3-4783-485F-A37E-0E24F823E5AE}.Debug|Any CPU.ActiveCfg = Debug|Any CPU
		{FA99E3F3-4783-485F-A37E-0E24F823E5AE}.Debug|Any CPU.Build.0 = Debug|Any CPU
		{FA99E3F3-4783-485F-A37E-0E24F823E5AE}.Release_x86|Any CPU.ActiveCfg = Release_x86|Any CPU
		{FA99E3F3-4783-485F-A37E-0E24F823E5AE}.Release_x86|Any CPU.Build.0 = Release_x86|Any CPU
		{FA99E3F3-4783-485F-A37E-0E24F823E5AE}.Release|Any CPU.ActiveCfg = Release|Any CPU
		{FA99E3F3-4783-485F-A37E-0E24F823E5AE}.Release|Any CPU.Build.0 = Release|Any CPU
		{FA99E3F3-4783-485F-A37E-0E24F823E5AE}.Release32|Any CPU.ActiveCfg = Release32|Any CPU
		{FA99E3F3-4783-485F-A37E-0E24F823E5AE}.Release32|Any CPU.Build.0 = Release32|Any CPU
		{F3158DD2-126D-427C-891B-971EFAF1315A}.debug_32|Any CPU.ActiveCfg = debug_32|Any CPU
		{F3158DD2-126D-427C-891B-971EFAF1315A}.debug_32|Any CPU.Build.0 = debug_32|Any CPU
		{F3158DD2-126D-427C-891B-971EFAF1315A}.Debug|Any CPU.ActiveCfg = Debug|Any CPU
		{F3158DD2-126D-427C-891B-971EFAF1315A}.Debug|Any CPU.Build.0 = Debug|Any CPU
		{F3158DD2-126D-427C-891B-971EFAF1315A}.Release_x86|Any CPU.ActiveCfg = Release_x86|Any CPU
		{F3158DD2-126D-427C-891B-971EFAF1315A}.Release_x86|Any CPU.Build.0 = Release_x86|Any CPU
		{F3158DD2-126D-427C-891B-971EFAF1315A}.Release|Any CPU.ActiveCfg = Release|Any CPU
		{F3158DD2-126D-427C-891B-971EFAF1315A}.Release|Any CPU.Build.0 = Release|Any CPU
		{F3158DD2-126D-427C-891B-971EFAF1315A}.Release32|Any CPU.ActiveCfg = Release32|Any CPU
		{F3158DD2-126D-427C-891B-971EFAF1315A}.Release32|Any CPU.Build.0 = Release32|Any CPU
		{6B127E8D-35CC-409E-9E66-520FBA86E283}.debug_32|Any CPU.ActiveCfg = debug_32|Any CPU
		{6B127E8D-35CC-409E-9E66-520FBA86E283}.debug_32|Any CPU.Build.0 = debug_32|Any CPU
		{6B127E8D-35CC-409E-9E66-520FBA86E283}.Debug|Any CPU.ActiveCfg = Debug|Any CPU
		{6B127E8D-35CC-409E-9E66-520FBA86E283}.Debug|Any CPU.Build.0 = Debug|Any CPU
		{6B127E8D-35CC-409E-9E66-520FBA86E283}.Release_x86|Any CPU.ActiveCfg = Release_x86|Any CPU
		{6B127E8D-35CC-409E-9E66-520FBA86E283}.Release_x86|Any CPU.Build.0 = Release_x86|Any CPU
		{6B127E8D-35CC-409E-9E66-520FBA86E283}.Release|Any CPU.ActiveCfg = Release|Any CPU
		{6B127E8D-35CC-409E-9E66-520FBA86E283}.Release|Any CPU.Build.0 = Release|Any CPU
		{6B127E8D-35CC-409E-9E66-520FBA86E283}.Release32|Any CPU.ActiveCfg = Release32|Any CPU
		{6B127E8D-35CC-409E-9E66-520FBA86E283}.Release32|Any CPU.Build.0 = Release32|Any CPU
		{B4B8CF65-9CF8-4BE1-A2F1-F88CFF784814}.debug_32|Any CPU.ActiveCfg = debug_32|Any CPU
		{B4B8CF65-9CF8-4BE1-A2F1-F88CFF784814}.debug_32|Any CPU.Build.0 = debug_32|Any CPU
		{B4B8CF65-9CF8-4BE1-A2F1-F88CFF784814}.Debug|Any CPU.ActiveCfg = Debug|Any CPU
		{B4B8CF65-9CF8-4BE1-A2F1-F88CFF784814}.Debug|Any CPU.Build.0 = Debug|Any CPU
		{B4B8CF65-9CF8-4BE1-A2F1-F88CFF784814}.Release_x86|Any CPU.ActiveCfg = Release_x86|Any CPU
		{B4B8CF65-9CF8-4BE1-A2F1-F88CFF784814}.Release|Any CPU.ActiveCfg = Release|Any CPU
		{B4B8CF65-9CF8-4BE1-A2F1-F88CFF784814}.Release|Any CPU.Build.0 = Release|Any CPU
		{B4B8CF65-9CF8-4BE1-A2F1-F88CFF784814}.Release32|Any CPU.ActiveCfg = Release32|Any CPU
		{B4B8CF65-9CF8-4BE1-A2F1-F88CFF784814}.Release32|Any CPU.Build.0 = Release32|Any CPU
		{27618A35-F00F-4438-9583-D65D1E2B2814}.debug_32|Any CPU.ActiveCfg = debug_32|Any CPU
		{27618A35-F00F-4438-9583-D65D1E2B2814}.Debug|Any CPU.ActiveCfg = Debug|Any CPU
		{27618A35-F00F-4438-9583-D65D1E2B2814}.Release_x86|Any CPU.ActiveCfg = Release_x86|Any CPU
		{27618A35-F00F-4438-9583-D65D1E2B2814}.Release|Any CPU.ActiveCfg = Release|Any CPU
		{27618A35-F00F-4438-9583-D65D1E2B2814}.Release|Any CPU.Build.0 = Release|Any CPU
		{27618A35-F00F-4438-9583-D65D1E2B2814}.Release32|Any CPU.ActiveCfg = Release32|Any CPU
		{43599BAB-1DB5-4ACF-9821-287C2BB05EB5}.debug_32|Any CPU.ActiveCfg = debug_32|Any CPU
		{43599BAB-1DB5-4ACF-9821-287C2BB05EB5}.debug_32|Any CPU.Build.0 = debug_32|Any CPU
		{43599BAB-1DB5-4ACF-9821-287C2BB05EB5}.Debug|Any CPU.ActiveCfg = Debug|Any CPU
		{43599BAB-1DB5-4ACF-9821-287C2BB05EB5}.Debug|Any CPU.Build.0 = Debug|Any CPU
		{43599BAB-1DB5-4ACF-9821-287C2BB05EB5}.Release_x86|Any CPU.ActiveCfg = Release_x86|Any CPU
		{43599BAB-1DB5-4ACF-9821-287C2BB05EB5}.Release|Any CPU.ActiveCfg = Release|Any CPU
		{43599BAB-1DB5-4ACF-9821-287C2BB05EB5}.Release|Any CPU.Build.0 = Release|Any CPU
		{43599BAB-1DB5-4ACF-9821-287C2BB05EB5}.Release32|Any CPU.ActiveCfg = Release32|Any CPU
		{43599BAB-1DB5-4ACF-9821-287C2BB05EB5}.Release32|Any CPU.Build.0 = Release32|Any CPU
		{23904FC3-1716-4F49-B940-2311C395A243}.debug_32|Any CPU.ActiveCfg = debug_32|Any CPU
		{23904FC3-1716-4F49-B940-2311C395A243}.Debug|Any CPU.ActiveCfg = Debug|Any CPU
		{23904FC3-1716-4F49-B940-2311C395A243}.Release_x86|Any CPU.ActiveCfg = Release_x86|Any CPU
		{23904FC3-1716-4F49-B940-2311C395A243}.Release|Any CPU.ActiveCfg = Release|Any CPU
		{23904FC3-1716-4F49-B940-2311C395A243}.Release|Any CPU.Build.0 = Release|Any CPU
		{23904FC3-1716-4F49-B940-2311C395A243}.Release32|Any CPU.ActiveCfg = Release32|Any CPU
		{EACCAE8B-117D-4B3F-8B60-BCA35E5FA09B}.debug_32|Any CPU.ActiveCfg = debug_32|Any CPU
		{EACCAE8B-117D-4B3F-8B60-BCA35E5FA09B}.Debug|Any CPU.ActiveCfg = Debug|Any CPU
		{EACCAE8B-117D-4B3F-8B60-BCA35E5FA09B}.Release_x86|Any CPU.ActiveCfg = Release_x86|Any CPU
		{EACCAE8B-117D-4B3F-8B60-BCA35E5FA09B}.Release|Any CPU.ActiveCfg = Release|Any CPU
		{EACCAE8B-117D-4B3F-8B60-BCA35E5FA09B}.Release|Any CPU.Build.0 = Release|Any CPU
		{EACCAE8B-117D-4B3F-8B60-BCA35E5FA09B}.Release32|Any CPU.ActiveCfg = Release32|Any CPU
		{406742CB-718C-4221-8978-C65F053F58B1}.debug_32|Any CPU.ActiveCfg = debug_32|Any CPU
		{406742CB-718C-4221-8978-C65F053F58B1}.Debug|Any CPU.ActiveCfg = Debug|Any CPU
		{406742CB-718C-4221-8978-C65F053F58B1}.Release_x86|Any CPU.ActiveCfg = Release_x86|Any CPU
		{406742CB-718C-4221-8978-C65F053F58B1}.Release|Any CPU.ActiveCfg = Release|Any CPU
		{406742CB-718C-4221-8978-C65F053F58B1}.Release|Any CPU.Build.0 = Release|Any CPU
		{406742CB-718C-4221-8978-C65F053F58B1}.Release32|Any CPU.ActiveCfg = Release32|Any CPU
		{11C356AC-3E0D-4D9D-ADD9-2A21995E2982}.debug_32|Any CPU.ActiveCfg = debug_32|Any CPU
		{11C356AC-3E0D-4D9D-ADD9-2A21995E2982}.Debug|Any CPU.ActiveCfg = Debug|Any CPU
		{11C356AC-3E0D-4D9D-ADD9-2A21995E2982}.Release_x86|Any CPU.ActiveCfg = Release_x86|Any CPU
		{11C356AC-3E0D-4D9D-ADD9-2A21995E2982}.Release|Any CPU.ActiveCfg = Release|Any CPU
		{11C356AC-3E0D-4D9D-ADD9-2A21995E2982}.Release|Any CPU.Build.0 = Release|Any CPU
		{11C356AC-3E0D-4D9D-ADD9-2A21995E2982}.Release32|Any CPU.ActiveCfg = Release32|Any CPU
		{3D179726-7C18-49BE-81F5-0B48E2B3EC08}.debug_32|Any CPU.ActiveCfg = debug_32|Any CPU
		{3D179726-7C18-49BE-81F5-0B48E2B3EC08}.Debug|Any CPU.ActiveCfg = Debug|Any CPU
		{3D179726-7C18-49BE-81F5-0B48E2B3EC08}.Release_x86|Any CPU.ActiveCfg = Release_x86|Any CPU
		{3D179726-7C18-49BE-81F5-0B48E2B3EC08}.Release|Any CPU.ActiveCfg = Release|Any CPU
		{3D179726-7C18-49BE-81F5-0B48E2B3EC08}.Release|Any CPU.Build.0 = Release|Any CPU
		{3D179726-7C18-49BE-81F5-0B48E2B3EC08}.Release32|Any CPU.ActiveCfg = Release32|Any CPU
		{8D63C4E8-80CA-4257-BACF-8CB857CD78CB}.debug_32|Any CPU.ActiveCfg = debug_32|Any CPU
		{8D63C4E8-80CA-4257-BACF-8CB857CD78CB}.Debug|Any CPU.ActiveCfg = Debug|Any CPU
		{8D63C4E8-80CA-4257-BACF-8CB857CD78CB}.Release_x86|Any CPU.ActiveCfg = Release_x86|Any CPU
		{8D63C4E8-80CA-4257-BACF-8CB857CD78CB}.Release|Any CPU.ActiveCfg = Release|Any CPU
		{8D63C4E8-80CA-4257-BACF-8CB857CD78CB}.Release|Any CPU.Build.0 = Release|Any CPU
		{8D63C4E8-80CA-4257-BACF-8CB857CD78CB}.Release32|Any CPU.ActiveCfg = Release32|Any CPU
		{9EB201E3-57C5-4710-A582-6FA598D095F6}.debug_32|Any CPU.ActiveCfg = debug_32|Any CPU
		{9EB201E3-57C5-4710-A582-6FA598D095F6}.Debug|Any CPU.ActiveCfg = Debug|Any CPU
		{9EB201E3-57C5-4710-A582-6FA598D095F6}.Release_x86|Any CPU.ActiveCfg = Release_x86|Any CPU
		{9EB201E3-57C5-4710-A582-6FA598D095F6}.Release|Any CPU.ActiveCfg = Release|Any CPU
		{9EB201E3-57C5-4710-A582-6FA598D095F6}.Release|Any CPU.Build.0 = Release|Any CPU
		{9EB201E3-57C5-4710-A582-6FA598D095F6}.Release32|Any CPU.ActiveCfg = Release32|Any CPU
		{A37BFB5D-4F5E-420F-B0F2-5FAD753A714E}.debug_32|Any CPU.ActiveCfg = debug_32|Any CPU
		{A37BFB5D-4F5E-420F-B0F2-5FAD753A714E}.debug_32|Any CPU.Build.0 = debug_32|Any CPU
		{A37BFB5D-4F5E-420F-B0F2-5FAD753A714E}.Debug|Any CPU.ActiveCfg = Debug|Any CPU
		{A37BFB5D-4F5E-420F-B0F2-5FAD753A714E}.Debug|Any CPU.Build.0 = Debug|Any CPU
		{A37BFB5D-4F5E-420F-B0F2-5FAD753A714E}.Release_x86|Any CPU.ActiveCfg = Release_x86|Any CPU
		{A37BFB5D-4F5E-420F-B0F2-5FAD753A714E}.Release|Any CPU.ActiveCfg = Release|Any CPU
		{A37BFB5D-4F5E-420F-B0F2-5FAD753A714E}.Release|Any CPU.Build.0 = Release|Any CPU
		{A37BFB5D-4F5E-420F-B0F2-5FAD753A714E}.Release32|Any CPU.ActiveCfg = Release32|Any CPU
		{A37BFB5D-4F5E-420F-B0F2-5FAD753A714E}.Release32|Any CPU.Build.0 = Release32|Any CPU
		{65021C4E-C0B1-4E6F-903D-52B670853F00}.debug_32|Any CPU.ActiveCfg = debug_32|Any CPU
		{65021C4E-C0B1-4E6F-903D-52B670853F00}.debug_32|Any CPU.Build.0 = debug_32|Any CPU
		{65021C4E-C0B1-4E6F-903D-52B670853F00}.Debug|Any CPU.ActiveCfg = Debug|Any CPU
		{65021C4E-C0B1-4E6F-903D-52B670853F00}.Debug|Any CPU.Build.0 = Debug|Any CPU
		{65021C4E-C0B1-4E6F-903D-52B670853F00}.Release_x86|Any CPU.ActiveCfg = Release_x86|Any CPU
		{65021C4E-C0B1-4E6F-903D-52B670853F00}.Release|Any CPU.ActiveCfg = Release|Any CPU
		{65021C4E-C0B1-4E6F-903D-52B670853F00}.Release|Any CPU.Build.0 = Release|Any CPU
		{65021C4E-C0B1-4E6F-903D-52B670853F00}.Release32|Any CPU.ActiveCfg = Release32|Any CPU
		{2F541619-5571-4F35-AA86-E5DE8A92FB5C}.debug_32|Any CPU.ActiveCfg = debug_32|Any CPU
		{2F541619-5571-4F35-AA86-E5DE8A92FB5C}.debug_32|Any CPU.Build.0 = debug_32|Any CPU
		{2F541619-5571-4F35-AA86-E5DE8A92FB5C}.Debug|Any CPU.ActiveCfg = Debug|Any CPU
		{2F541619-5571-4F35-AA86-E5DE8A92FB5C}.Debug|Any CPU.Build.0 = Debug|Any CPU
		{2F541619-5571-4F35-AA86-E5DE8A92FB5C}.Release_x86|Any CPU.ActiveCfg = Release_x86|Any CPU
		{2F541619-5571-4F35-AA86-E5DE8A92FB5C}.Release|Any CPU.ActiveCfg = Release|Any CPU
		{2F541619-5571-4F35-AA86-E5DE8A92FB5C}.Release|Any CPU.Build.0 = Release|Any CPU
		{2F541619-5571-4F35-AA86-E5DE8A92FB5C}.Release32|Any CPU.ActiveCfg = Release32|Any CPU
		{FF8AA7E5-C799-4542-8322-E735B147607D}.debug_32|Any CPU.ActiveCfg = debug_32|Any CPU
		{FF8AA7E5-C799-4542-8322-E735B147607D}.Debug|Any CPU.ActiveCfg = Debug|Any CPU
		{FF8AA7E5-C799-4542-8322-E735B147607D}.Release_x86|Any CPU.ActiveCfg = Release_x86|Any CPU
		{FF8AA7E5-C799-4542-8322-E735B147607D}.Release|Any CPU.ActiveCfg = Release|Any CPU
		{FF8AA7E5-C799-4542-8322-E735B147607D}.Release|Any CPU.Build.0 = Release|Any CPU
		{FF8AA7E5-C799-4542-8322-E735B147607D}.Release32|Any CPU.ActiveCfg = Release32|Any CPU
		{13FF99ED-7CD9-4862-A333-2572AAC21AD4}.debug_32|Any CPU.ActiveCfg = debug_32|Any CPU
		{13FF99ED-7CD9-4862-A333-2572AAC21AD4}.Debug|Any CPU.ActiveCfg = Debug|Any CPU
		{13FF99ED-7CD9-4862-A333-2572AAC21AD4}.Release_x86|Any CPU.ActiveCfg = Release_x86|Any CPU
		{13FF99ED-7CD9-4862-A333-2572AAC21AD4}.Release|Any CPU.ActiveCfg = Release|Any CPU
		{13FF99ED-7CD9-4862-A333-2572AAC21AD4}.Release|Any CPU.Build.0 = Release|Any CPU
		{13FF99ED-7CD9-4862-A333-2572AAC21AD4}.Release32|Any CPU.ActiveCfg = Release32|Any CPU
		{718CA82A-D7C4-440C-953F-DD3CC2ADC99D}.debug_32|Any CPU.ActiveCfg = debug_32|Any CPU
		{718CA82A-D7C4-440C-953F-DD3CC2ADC99D}.debug_32|Any CPU.Build.0 = debug_32|Any CPU
		{718CA82A-D7C4-440C-953F-DD3CC2ADC99D}.Debug|Any CPU.ActiveCfg = Debug|Any CPU
		{718CA82A-D7C4-440C-953F-DD3CC2ADC99D}.Debug|Any CPU.Build.0 = Debug|Any CPU
		{718CA82A-D7C4-440C-953F-DD3CC2ADC99D}.Release_x86|Any CPU.ActiveCfg = Release_x86|Any CPU
		{718CA82A-D7C4-440C-953F-DD3CC2ADC99D}.Release_x86|Any CPU.Build.0 = Release_x86|Any CPU
		{718CA82A-D7C4-440C-953F-DD3CC2ADC99D}.Release|Any CPU.ActiveCfg = Release|Any CPU
		{718CA82A-D7C4-440C-953F-DD3CC2ADC99D}.Release|Any CPU.Build.0 = Release|Any CPU
		{718CA82A-D7C4-440C-953F-DD3CC2ADC99D}.Release32|Any CPU.ActiveCfg = Release32|Any CPU
		{718CA82A-D7C4-440C-953F-DD3CC2ADC99D}.Release32|Any CPU.Build.0 = Release32|Any CPU
		{C5A8668B-EEE8-46F4-BC6D-CEF4B700A992}.debug_32|Any CPU.ActiveCfg = debug_32|Any CPU
		{C5A8668B-EEE8-46F4-BC6D-CEF4B700A992}.Debug|Any CPU.ActiveCfg = Debug|Any CPU
		{C5A8668B-EEE8-46F4-BC6D-CEF4B700A992}.Release_x86|Any CPU.ActiveCfg = Release_x86|Any CPU
		{C5A8668B-EEE8-46F4-BC6D-CEF4B700A992}.Release|Any CPU.ActiveCfg = Release|Any CPU
		{C5A8668B-EEE8-46F4-BC6D-CEF4B700A992}.Release|Any CPU.Build.0 = Release|Any CPU
		{C5A8668B-EEE8-46F4-BC6D-CEF4B700A992}.Release32|Any CPU.ActiveCfg = Release32|Any CPU
		{FAC218DC-5B18-416B-9646-2D4128E4D50D}.debug_32|Any CPU.ActiveCfg = debug_32|Any CPU
		{FAC218DC-5B18-416B-9646-2D4128E4D50D}.Debug|Any CPU.ActiveCfg = Debug|Any CPU
		{FAC218DC-5B18-416B-9646-2D4128E4D50D}.Release_x86|Any CPU.ActiveCfg = Release_x86|Any CPU
		{FAC218DC-5B18-416B-9646-2D4128E4D50D}.Release_x86|Any CPU.Build.0 = Release_x86|Any CPU
		{FAC218DC-5B18-416B-9646-2D4128E4D50D}.Release|Any CPU.ActiveCfg = Release|Any CPU
		{FAC218DC-5B18-416B-9646-2D4128E4D50D}.Release|Any CPU.Build.0 = Release|Any CPU
		{FAC218DC-5B18-416B-9646-2D4128E4D50D}.Release32|Any CPU.ActiveCfg = Release32|Any CPU
		{5D31E401-D30B-4F94-A81A-33149E76A949}.debug_32|Any CPU.ActiveCfg = debug_32|Any CPU
		{5D31E401-D30B-4F94-A81A-33149E76A949}.Debug|Any CPU.ActiveCfg = Debug|Any CPU
		{5D31E401-D30B-4F94-A81A-33149E76A949}.Release_x86|Any CPU.ActiveCfg = Release_x86|Any CPU
		{5D31E401-D30B-4F94-A81A-33149E76A949}.Release|Any CPU.ActiveCfg = Release|Any CPU
		{5D31E401-D30B-4F94-A81A-33149E76A949}.Release|Any CPU.Build.0 = Release|Any CPU
		{5D31E401-D30B-4F94-A81A-33149E76A949}.Release32|Any CPU.ActiveCfg = Release32|Any CPU
		{17F6B0AF-B454-4301-BE13-DB71013EA053}.debug_32|Any CPU.ActiveCfg = debug_32|Any CPU
		{17F6B0AF-B454-4301-BE13-DB71013EA053}.Debug|Any CPU.ActiveCfg = Debug|Any CPU
		{17F6B0AF-B454-4301-BE13-DB71013EA053}.Release_x86|Any CPU.ActiveCfg = Release_x86|Any CPU
		{17F6B0AF-B454-4301-BE13-DB71013EA053}.Release|Any CPU.ActiveCfg = Release|Any CPU
		{17F6B0AF-B454-4301-BE13-DB71013EA053}.Release|Any CPU.Build.0 = Release|Any CPU
		{17F6B0AF-B454-4301-BE13-DB71013EA053}.Release32|Any CPU.ActiveCfg = Release32|Any CPU
		{0DC0418C-6615-4E86-8E8D-787543387AEB}.debug_32|Any CPU.ActiveCfg = debug_32|Any CPU
		{0DC0418C-6615-4E86-8E8D-787543387AEB}.Debug|Any CPU.ActiveCfg = Debug|Any CPU
		{0DC0418C-6615-4E86-8E8D-787543387AEB}.Release_x86|Any CPU.ActiveCfg = Release_x86|Any CPU
		{0DC0418C-6615-4E86-8E8D-787543387AEB}.Release|Any CPU.ActiveCfg = Release|Any CPU
		{0DC0418C-6615-4E86-8E8D-787543387AEB}.Release|Any CPU.Build.0 = Release|Any CPU
		{0DC0418C-6615-4E86-8E8D-787543387AEB}.Release32|Any CPU.ActiveCfg = Release32|Any CPU
		{1187CA80-C65B-4F91-A8A6-638851CBF1D3}.debug_32|Any CPU.ActiveCfg = debug_32|Any CPU
		{1187CA80-C65B-4F91-A8A6-638851CBF1D3}.Debug|Any CPU.ActiveCfg = Debug|Any CPU
		{1187CA80-C65B-4F91-A8A6-638851CBF1D3}.Release_x86|Any CPU.ActiveCfg = Release_x86|Any CPU
		{1187CA80-C65B-4F91-A8A6-638851CBF1D3}.Release|Any CPU.ActiveCfg = Release|Any CPU
		{1187CA80-C65B-4F91-A8A6-638851CBF1D3}.Release|Any CPU.Build.0 = Release|Any CPU
		{1187CA80-C65B-4F91-A8A6-638851CBF1D3}.Release32|Any CPU.ActiveCfg = Release32|Any CPU
		{65F4107B-BF8A-4192-9FB1-7B998087639D}.debug_32|Any CPU.ActiveCfg = debug_32|Any CPU
		{65F4107B-BF8A-4192-9FB1-7B998087639D}.debug_32|Any CPU.Build.0 = debug_32|Any CPU
		{65F4107B-BF8A-4192-9FB1-7B998087639D}.Debug|Any CPU.ActiveCfg = Debug|Any CPU
		{65F4107B-BF8A-4192-9FB1-7B998087639D}.Debug|Any CPU.Build.0 = Debug|Any CPU
		{65F4107B-BF8A-4192-9FB1-7B998087639D}.Release_x86|Any CPU.ActiveCfg = Release_x86|Any CPU
		{65F4107B-BF8A-4192-9FB1-7B998087639D}.Release_x86|Any CPU.Build.0 = Release_x86|Any CPU
		{65F4107B-BF8A-4192-9FB1-7B998087639D}.Release|Any CPU.ActiveCfg = Release|Any CPU
		{65F4107B-BF8A-4192-9FB1-7B998087639D}.Release|Any CPU.Build.0 = Release|Any CPU
		{65F4107B-BF8A-4192-9FB1-7B998087639D}.Release32|Any CPU.ActiveCfg = Release32|Any CPU
		{65F4107B-BF8A-4192-9FB1-7B998087639D}.Release32|Any CPU.Build.0 = Release32|Any CPU
		{D08F6714-4C66-4D88-8CD7-BE5909AE1F62}.debug_32|Any CPU.ActiveCfg = debug_32|Any CPU
		{D08F6714-4C66-4D88-8CD7-BE5909AE1F62}.Debug|Any CPU.ActiveCfg = Debug|Any CPU
		{D08F6714-4C66-4D88-8CD7-BE5909AE1F62}.Release_x86|Any CPU.ActiveCfg = Release_x86|Any CPU
		{D08F6714-4C66-4D88-8CD7-BE5909AE1F62}.Release|Any CPU.ActiveCfg = Release|Any CPU
		{D08F6714-4C66-4D88-8CD7-BE5909AE1F62}.Release|Any CPU.Build.0 = Release|Any CPU
		{D08F6714-4C66-4D88-8CD7-BE5909AE1F62}.Release32|Any CPU.ActiveCfg = Release32|Any CPU
		{50D9C828-5889-4C50-8609-9D0E2A6DB6A7}.debug_32|Any CPU.ActiveCfg = debug_32|Any CPU
		{50D9C828-5889-4C50-8609-9D0E2A6DB6A7}.Debug|Any CPU.ActiveCfg = Debug|Any CPU
		{50D9C828-5889-4C50-8609-9D0E2A6DB6A7}.Release_x86|Any CPU.ActiveCfg = Release_x86|Any CPU
		{50D9C828-5889-4C50-8609-9D0E2A6DB6A7}.Release|Any CPU.ActiveCfg = Release|Any CPU
		{50D9C828-5889-4C50-8609-9D0E2A6DB6A7}.Release|Any CPU.Build.0 = Release|Any CPU
		{50D9C828-5889-4C50-8609-9D0E2A6DB6A7}.Release32|Any CPU.ActiveCfg = Release32|Any CPU
		{5FD46756-C54B-4044-9A47-0D0F140B911B}.debug_32|Any CPU.ActiveCfg = debug_32|Any CPU
		{5FD46756-C54B-4044-9A47-0D0F140B911B}.Debug|Any CPU.ActiveCfg = Debug|Any CPU
		{5FD46756-C54B-4044-9A47-0D0F140B911B}.Release_x86|Any CPU.ActiveCfg = Release_x86|Any CPU
		{5FD46756-C54B-4044-9A47-0D0F140B911B}.Release|Any CPU.ActiveCfg = Release|Any CPU
		{5FD46756-C54B-4044-9A47-0D0F140B911B}.Release|Any CPU.Build.0 = Release|Any CPU
		{5FD46756-C54B-4044-9A47-0D0F140B911B}.Release32|Any CPU.ActiveCfg = Release32|Any CPU
		{E6CCE7B8-7C4F-4839-BB84-56A6C67D8513}.debug_32|Any CPU.ActiveCfg = debug_32|Any CPU
		{E6CCE7B8-7C4F-4839-BB84-56A6C67D8513}.debug_32|Any CPU.Build.0 = debug_32|Any CPU
		{E6CCE7B8-7C4F-4839-BB84-56A6C67D8513}.Debug|Any CPU.ActiveCfg = Debug|Any CPU
		{E6CCE7B8-7C4F-4839-BB84-56A6C67D8513}.Debug|Any CPU.Build.0 = Debug|Any CPU
		{E6CCE7B8-7C4F-4839-BB84-56A6C67D8513}.Release_x86|Any CPU.ActiveCfg = Release_x86|Any CPU
		{E6CCE7B8-7C4F-4839-BB84-56A6C67D8513}.Release|Any CPU.ActiveCfg = Release|Any CPU
		{E6CCE7B8-7C4F-4839-BB84-56A6C67D8513}.Release|Any CPU.Build.0 = Release|Any CPU
		{E6CCE7B8-7C4F-4839-BB84-56A6C67D8513}.Release32|Any CPU.ActiveCfg = Release32|Any CPU
		{E6CCE7B8-7C4F-4839-BB84-56A6C67D8513}.Release32|Any CPU.Build.0 = Release32|Any CPU
		{60F5E77C-5AB6-4B1D-AAC3-07D96E990D64}.debug_32|Any CPU.ActiveCfg = debug_32|Any CPU
		{60F5E77C-5AB6-4B1D-AAC3-07D96E990D64}.debug_32|Any CPU.Build.0 = debug_32|Any CPU
		{60F5E77C-5AB6-4B1D-AAC3-07D96E990D64}.Debug|Any CPU.ActiveCfg = Debug|Any CPU
		{60F5E77C-5AB6-4B1D-AAC3-07D96E990D64}.Debug|Any CPU.Build.0 = Debug|Any CPU
		{60F5E77C-5AB6-4B1D-AAC3-07D96E990D64}.Release_x86|Any CPU.ActiveCfg = Release_x86|Any CPU
		{60F5E77C-5AB6-4B1D-AAC3-07D96E990D64}.Release|Any CPU.ActiveCfg = Release|Any CPU
		{60F5E77C-5AB6-4B1D-AAC3-07D96E990D64}.Release|Any CPU.Build.0 = Release|Any CPU
		{60F5E77C-5AB6-4B1D-AAC3-07D96E990D64}.Release32|Any CPU.ActiveCfg = Release32|Any CPU
		{60F5E77C-5AB6-4B1D-AAC3-07D96E990D64}.Release32|Any CPU.Build.0 = Release32|Any CPU
		{A830F804-202C-456B-BDB8-6C68BEDFF327}.debug_32|Any CPU.ActiveCfg = debug_32|Any CPU
		{A830F804-202C-456B-BDB8-6C68BEDFF327}.debug_32|Any CPU.Build.0 = debug_32|Any CPU
		{A830F804-202C-456B-BDB8-6C68BEDFF327}.Debug|Any CPU.ActiveCfg = Debug|Any CPU
		{A830F804-202C-456B-BDB8-6C68BEDFF327}.Debug|Any CPU.Build.0 = Debug|Any CPU
		{A830F804-202C-456B-BDB8-6C68BEDFF327}.Release_x86|Any CPU.ActiveCfg = Release_x86|Any CPU
		{A830F804-202C-456B-BDB8-6C68BEDFF327}.Release|Any CPU.ActiveCfg = Release|Any CPU
		{A830F804-202C-456B-BDB8-6C68BEDFF327}.Release|Any CPU.Build.0 = Release|Any CPU
		{A830F804-202C-456B-BDB8-6C68BEDFF327}.Release32|Any CPU.ActiveCfg = Release32|Any CPU
		{1062B543-0A13-471B-A8F3-9B1056CE6FCB}.debug_32|Any CPU.ActiveCfg = debug_32|Any CPU
		{1062B543-0A13-471B-A8F3-9B1056CE6FCB}.Debug|Any CPU.ActiveCfg = Debug|Any CPU
		{1062B543-0A13-471B-A8F3-9B1056CE6FCB}.Release_x86|Any CPU.ActiveCfg = Release_x86|Any CPU
		{1062B543-0A13-471B-A8F3-9B1056CE6FCB}.Release|Any CPU.ActiveCfg = Release|Any CPU
		{1062B543-0A13-471B-A8F3-9B1056CE6FCB}.Release|Any CPU.Build.0 = Release|Any CPU
		{1062B543-0A13-471B-A8F3-9B1056CE6FCB}.Release32|Any CPU.ActiveCfg = Release32|Any CPU
		{8081DCC3-998D-4119-BEA2-DA5F2F648D5C}.debug_32|Any CPU.ActiveCfg = debug_32|Any CPU
		{8081DCC3-998D-4119-BEA2-DA5F2F648D5C}.Debug|Any CPU.ActiveCfg = Debug|Any CPU
		{8081DCC3-998D-4119-BEA2-DA5F2F648D5C}.Release_x86|Any CPU.ActiveCfg = Release_x86|Any CPU
		{8081DCC3-998D-4119-BEA2-DA5F2F648D5C}.Release|Any CPU.ActiveCfg = Release|Any CPU
		{8081DCC3-998D-4119-BEA2-DA5F2F648D5C}.Release|Any CPU.Build.0 = Release|Any CPU
		{8081DCC3-998D-4119-BEA2-DA5F2F648D5C}.Release32|Any CPU.ActiveCfg = Release32|Any CPU
		{7EB50F6D-4CE4-45E8-8854-774F1F2D6CD4}.debug_32|Any CPU.ActiveCfg = debug_32|Any CPU
		{7EB50F6D-4CE4-45E8-8854-774F1F2D6CD4}.Debug|Any CPU.ActiveCfg = Debug|Any CPU
		{7EB50F6D-4CE4-45E8-8854-774F1F2D6CD4}.Release_x86|Any CPU.ActiveCfg = Release_x86|Any CPU
		{7EB50F6D-4CE4-45E8-8854-774F1F2D6CD4}.Release|Any CPU.ActiveCfg = Release|Any CPU
		{7EB50F6D-4CE4-45E8-8854-774F1F2D6CD4}.Release|Any CPU.Build.0 = Release|Any CPU
		{7EB50F6D-4CE4-45E8-8854-774F1F2D6CD4}.Release32|Any CPU.ActiveCfg = Release32|Any CPU
		{107B4B92-8FFC-4F24-B6D2-BB6B60080FCC}.debug_32|Any CPU.ActiveCfg = debug_32|Any CPU
		{107B4B92-8FFC-4F24-B6D2-BB6B60080FCC}.Debug|Any CPU.ActiveCfg = Debug|Any CPU
		{107B4B92-8FFC-4F24-B6D2-BB6B60080FCC}.Release_x86|Any CPU.ActiveCfg = Release_x86|Any CPU
		{107B4B92-8FFC-4F24-B6D2-BB6B60080FCC}.Release|Any CPU.ActiveCfg = Release|Any CPU
		{107B4B92-8FFC-4F24-B6D2-BB6B60080FCC}.Release|Any CPU.Build.0 = Release|Any CPU
		{107B4B92-8FFC-4F24-B6D2-BB6B60080FCC}.Release32|Any CPU.ActiveCfg = Release32|Any CPU
		{37C54722-CBD9-41AD-AC82-F9EE57684CDE}.debug_32|Any CPU.ActiveCfg = debug_32|Any CPU
		{37C54722-CBD9-41AD-AC82-F9EE57684CDE}.debug_32|Any CPU.Build.0 = debug_32|Any CPU
		{37C54722-CBD9-41AD-AC82-F9EE57684CDE}.Debug|Any CPU.ActiveCfg = Debug|Any CPU
		{37C54722-CBD9-41AD-AC82-F9EE57684CDE}.Debug|Any CPU.Build.0 = Debug|Any CPU
		{37C54722-CBD9-41AD-AC82-F9EE57684CDE}.Release_x86|Any CPU.ActiveCfg = Release_x86|Any CPU
		{37C54722-CBD9-41AD-AC82-F9EE57684CDE}.Release|Any CPU.ActiveCfg = Release|Any CPU
		{37C54722-CBD9-41AD-AC82-F9EE57684CDE}.Release|Any CPU.Build.0 = Release|Any CPU
		{37C54722-CBD9-41AD-AC82-F9EE57684CDE}.Release32|Any CPU.ActiveCfg = Release32|Any CPU
		{6E9AC7A0-B813-4E6D-BFF9-E4E84569FE3D}.debug_32|Any CPU.ActiveCfg = debug_32|Any CPU
		{6E9AC7A0-B813-4E6D-BFF9-E4E84569FE3D}.debug_32|Any CPU.Build.0 = debug_32|Any CPU
		{6E9AC7A0-B813-4E6D-BFF9-E4E84569FE3D}.Debug|Any CPU.ActiveCfg = Debug|Any CPU
		{6E9AC7A0-B813-4E6D-BFF9-E4E84569FE3D}.Debug|Any CPU.Build.0 = Debug|Any CPU
		{6E9AC7A0-B813-4E6D-BFF9-E4E84569FE3D}.Release_x86|Any CPU.ActiveCfg = Release_x86|Any CPU
		{6E9AC7A0-B813-4E6D-BFF9-E4E84569FE3D}.Release_x86|Any CPU.Build.0 = Release_x86|Any CPU
		{6E9AC7A0-B813-4E6D-BFF9-E4E84569FE3D}.Release|Any CPU.ActiveCfg = Release|Any CPU
		{6E9AC7A0-B813-4E6D-BFF9-E4E84569FE3D}.Release|Any CPU.Build.0 = Release|Any CPU
		{6E9AC7A0-B813-4E6D-BFF9-E4E84569FE3D}.Release32|Any CPU.ActiveCfg = Release32|Any CPU
		{6E9AC7A0-B813-4E6D-BFF9-E4E84569FE3D}.Release32|Any CPU.Build.0 = Release32|Any CPU
		{CF2DEA66-5201-4D7A-9BBE-FB76A45A0FA6}.debug_32|Any CPU.ActiveCfg = debug_32|Any CPU
		{CF2DEA66-5201-4D7A-9BBE-FB76A45A0FA6}.Debug|Any CPU.ActiveCfg = Debug|Any CPU
		{CF2DEA66-5201-4D7A-9BBE-FB76A45A0FA6}.Release_x86|Any CPU.ActiveCfg = Release_x86|Any CPU
		{CF2DEA66-5201-4D7A-9BBE-FB76A45A0FA6}.Release|Any CPU.ActiveCfg = Release|Any CPU
		{CF2DEA66-5201-4D7A-9BBE-FB76A45A0FA6}.Release|Any CPU.Build.0 = Release|Any CPU
		{CF2DEA66-5201-4D7A-9BBE-FB76A45A0FA6}.Release32|Any CPU.ActiveCfg = Release32|Any CPU
		{D4DBDE77-41DB-489D-9B61-CFE9EAEB3DF5}.debug_32|Any CPU.ActiveCfg = debug_32|Any CPU
		{D4DBDE77-41DB-489D-9B61-CFE9EAEB3DF5}.Debug|Any CPU.ActiveCfg = Debug|Any CPU
		{D4DBDE77-41DB-489D-9B61-CFE9EAEB3DF5}.Release_x86|Any CPU.ActiveCfg = Release_x86|Any CPU
		{D4DBDE77-41DB-489D-9B61-CFE9EAEB3DF5}.Release|Any CPU.ActiveCfg = Release|Any CPU
		{D4DBDE77-41DB-489D-9B61-CFE9EAEB3DF5}.Release|Any CPU.Build.0 = Release|Any CPU
		{D4DBDE77-41DB-489D-9B61-CFE9EAEB3DF5}.Release32|Any CPU.ActiveCfg = Release32|Any CPU
		{6F4507D5-4B07-4170-AC68-D28519BE419D}.debug_32|Any CPU.ActiveCfg = debug_32|Any CPU
		{6F4507D5-4B07-4170-AC68-D28519BE419D}.Debug|Any CPU.ActiveCfg = Debug|Any CPU
		{6F4507D5-4B07-4170-AC68-D28519BE419D}.Release_x86|Any CPU.ActiveCfg = Release_x86|Any CPU
		{6F4507D5-4B07-4170-AC68-D28519BE419D}.Release|Any CPU.ActiveCfg = Release|Any CPU
		{6F4507D5-4B07-4170-AC68-D28519BE419D}.Release|Any CPU.Build.0 = Release|Any CPU
		{6F4507D5-4B07-4170-AC68-D28519BE419D}.Release32|Any CPU.ActiveCfg = Release32|Any CPU
		{90B88092-308F-4455-A3DE-57A727311104}.debug_32|Any CPU.ActiveCfg = debug_32|Any CPU
		{90B88092-308F-4455-A3DE-57A727311104}.Debug|Any CPU.ActiveCfg = Debug|Any CPU
		{90B88092-308F-4455-A3DE-57A727311104}.Release_x86|Any CPU.ActiveCfg = Release_x86|Any CPU
		{90B88092-308F-4455-A3DE-57A727311104}.Release|Any CPU.ActiveCfg = Release|Any CPU
		{90B88092-308F-4455-A3DE-57A727311104}.Release|Any CPU.Build.0 = Release|Any CPU
		{90B88092-308F-4455-A3DE-57A727311104}.Release32|Any CPU.ActiveCfg = Release32|Any CPU
		{A27EF25D-5939-4556-B178-39309D846F02}.debug_32|Any CPU.ActiveCfg = debug_32|Any CPU
		{A27EF25D-5939-4556-B178-39309D846F02}.Debug|Any CPU.ActiveCfg = Debug|Any CPU
		{A27EF25D-5939-4556-B178-39309D846F02}.Release_x86|Any CPU.ActiveCfg = Release_x86|Any CPU
		{A27EF25D-5939-4556-B178-39309D846F02}.Release|Any CPU.ActiveCfg = Release|Any CPU
		{A27EF25D-5939-4556-B178-39309D846F02}.Release|Any CPU.Build.0 = Release|Any CPU
		{A27EF25D-5939-4556-B178-39309D846F02}.Release32|Any CPU.ActiveCfg = Release32|Any CPU
		{8F1EA24F-7294-463C-9272-B4AB5244B42A}.debug_32|Any CPU.ActiveCfg = debug_32|Any CPU
		{8F1EA24F-7294-463C-9272-B4AB5244B42A}.Debug|Any CPU.ActiveCfg = Debug|Any CPU
		{8F1EA24F-7294-463C-9272-B4AB5244B42A}.Release_x86|Any CPU.ActiveCfg = Release_x86|Any CPU
		{8F1EA24F-7294-463C-9272-B4AB5244B42A}.Release|Any CPU.ActiveCfg = Release|Any CPU
		{8F1EA24F-7294-463C-9272-B4AB5244B42A}.Release|Any CPU.Build.0 = Release|Any CPU
		{8F1EA24F-7294-463C-9272-B4AB5244B42A}.Release32|Any CPU.ActiveCfg = Release32|Any CPU
		{56CAA702-DEC0-4789-BB79-91F95B6257B7}.debug_32|Any CPU.ActiveCfg = debug_32|Any CPU
		{56CAA702-DEC0-4789-BB79-91F95B6257B7}.Debug|Any CPU.ActiveCfg = Debug|Any CPU
		{56CAA702-DEC0-4789-BB79-91F95B6257B7}.Release_x86|Any CPU.ActiveCfg = Release_x86|Any CPU
		{56CAA702-DEC0-4789-BB79-91F95B6257B7}.Release|Any CPU.ActiveCfg = Release|Any CPU
		{56CAA702-DEC0-4789-BB79-91F95B6257B7}.Release|Any CPU.Build.0 = Release|Any CPU
		{56CAA702-DEC0-4789-BB79-91F95B6257B7}.Release32|Any CPU.ActiveCfg = Release32|Any CPU
		{E70143F9-A6A9-417A-8A40-EAEDCD240D67}.debug_32|Any CPU.ActiveCfg = debug_32|Any CPU
		{E70143F9-A6A9-417A-8A40-EAEDCD240D67}.Debug|Any CPU.ActiveCfg = Debug|Any CPU
		{E70143F9-A6A9-417A-8A40-EAEDCD240D67}.Release_x86|Any CPU.ActiveCfg = Release_x86|Any CPU
		{E70143F9-A6A9-417A-8A40-EAEDCD240D67}.Release|Any CPU.ActiveCfg = Release|Any CPU
		{E70143F9-A6A9-417A-8A40-EAEDCD240D67}.Release|Any CPU.Build.0 = Release|Any CPU
		{E70143F9-A6A9-417A-8A40-EAEDCD240D67}.Release32|Any CPU.ActiveCfg = Release32|Any CPU
		{FB14EB59-AA27-46DF-BAC2-5B9C23B10F00}.debug_32|Any CPU.ActiveCfg = debug_32|Any CPU
		{FB14EB59-AA27-46DF-BAC2-5B9C23B10F00}.debug_32|Any CPU.Build.0 = debug_32|Any CPU
		{FB14EB59-AA27-46DF-BAC2-5B9C23B10F00}.Debug|Any CPU.ActiveCfg = Debug|Any CPU
		{FB14EB59-AA27-46DF-BAC2-5B9C23B10F00}.Debug|Any CPU.Build.0 = Debug|Any CPU
		{FB14EB59-AA27-46DF-BAC2-5B9C23B10F00}.Release_x86|Any CPU.ActiveCfg = Release_x86|Any CPU
		{FB14EB59-AA27-46DF-BAC2-5B9C23B10F00}.Release_x86|Any CPU.Build.0 = Release_x86|Any CPU
		{FB14EB59-AA27-46DF-BAC2-5B9C23B10F00}.Release|Any CPU.ActiveCfg = Release|Any CPU
		{FB14EB59-AA27-46DF-BAC2-5B9C23B10F00}.Release|Any CPU.Build.0 = Release|Any CPU
		{FB14EB59-AA27-46DF-BAC2-5B9C23B10F00}.Release32|Any CPU.ActiveCfg = Release32|Any CPU
		{E5103708-4D35-4B36-BA8C-184DC627089F}.debug_32|Any CPU.ActiveCfg = debug_32|Any CPU
		{E5103708-4D35-4B36-BA8C-184DC627089F}.Debug|Any CPU.ActiveCfg = Debug|Any CPU
		{E5103708-4D35-4B36-BA8C-184DC627089F}.Release_x86|Any CPU.ActiveCfg = Release_x86|Any CPU
		{E5103708-4D35-4B36-BA8C-184DC627089F}.Release|Any CPU.ActiveCfg = Release|Any CPU
		{E5103708-4D35-4B36-BA8C-184DC627089F}.Release|Any CPU.Build.0 = Release|Any CPU
		{E5103708-4D35-4B36-BA8C-184DC627089F}.Release32|Any CPU.ActiveCfg = Release32|Any CPU
		{C0C185E0-6CCC-4A94-B08B-DE5F165DFDAF}.debug_32|Any CPU.ActiveCfg = debug_32|Any CPU
		{C0C185E0-6CCC-4A94-B08B-DE5F165DFDAF}.Debug|Any CPU.ActiveCfg = Debug|Any CPU
		{C0C185E0-6CCC-4A94-B08B-DE5F165DFDAF}.Release_x86|Any CPU.ActiveCfg = Release_x86|Any CPU
		{C0C185E0-6CCC-4A94-B08B-DE5F165DFDAF}.Release|Any CPU.ActiveCfg = Release|Any CPU
		{C0C185E0-6CCC-4A94-B08B-DE5F165DFDAF}.Release|Any CPU.Build.0 = Release|Any CPU
		{C0C185E0-6CCC-4A94-B08B-DE5F165DFDAF}.Release32|Any CPU.ActiveCfg = Release32|Any CPU
		{231D94FB-04F5-425B-9F1A-166BAF5537F2}.debug_32|Any CPU.ActiveCfg = debug_32|Any CPU
		{231D94FB-04F5-425B-9F1A-166BAF5537F2}.Debug|Any CPU.ActiveCfg = Debug|Any CPU
		{231D94FB-04F5-425B-9F1A-166BAF5537F2}.Release_x86|Any CPU.ActiveCfg = Release_x86|Any CPU
		{231D94FB-04F5-425B-9F1A-166BAF5537F2}.Release|Any CPU.ActiveCfg = Release|Any CPU
		{231D94FB-04F5-425B-9F1A-166BAF5537F2}.Release|Any CPU.Build.0 = Release|Any CPU
		{231D94FB-04F5-425B-9F1A-166BAF5537F2}.Release32|Any CPU.ActiveCfg = Release32|Any CPU
		{7D1BD0D4-2D82-461B-A9E7-8B4528811319}.debug_32|Any CPU.ActiveCfg = debug_32|Any CPU
		{7D1BD0D4-2D82-461B-A9E7-8B4528811319}.Debug|Any CPU.ActiveCfg = Debug|Any CPU
		{7D1BD0D4-2D82-461B-A9E7-8B4528811319}.Release_x86|Any CPU.ActiveCfg = Release_x86|Any CPU
		{7D1BD0D4-2D82-461B-A9E7-8B4528811319}.Release|Any CPU.ActiveCfg = Release|Any CPU
		{7D1BD0D4-2D82-461B-A9E7-8B4528811319}.Release|Any CPU.Build.0 = Release|Any CPU
		{7D1BD0D4-2D82-461B-A9E7-8B4528811319}.Release32|Any CPU.ActiveCfg = Release32|Any CPU
		{483868D8-0BBA-4552-85A9-E0C26EC2A2F7}.debug_32|Any CPU.ActiveCfg = debug_32|Any CPU
		{483868D8-0BBA-4552-85A9-E0C26EC2A2F7}.Debug|Any CPU.ActiveCfg = Debug|Any CPU
		{483868D8-0BBA-4552-85A9-E0C26EC2A2F7}.Release_x86|Any CPU.ActiveCfg = Release_x86|Any CPU
		{483868D8-0BBA-4552-85A9-E0C26EC2A2F7}.Release|Any CPU.ActiveCfg = Release|Any CPU
		{483868D8-0BBA-4552-85A9-E0C26EC2A2F7}.Release|Any CPU.Build.0 = Release|Any CPU
		{483868D8-0BBA-4552-85A9-E0C26EC2A2F7}.Release32|Any CPU.ActiveCfg = Release32|Any CPU
		{AA088CFD-DE51-4790-B760-4FA91DF0103A}.debug_32|Any CPU.ActiveCfg = debug_32|Any CPU
		{AA088CFD-DE51-4790-B760-4FA91DF0103A}.Debug|Any CPU.ActiveCfg = Debug|Any CPU
		{AA088CFD-DE51-4790-B760-4FA91DF0103A}.Release_x86|Any CPU.ActiveCfg = Release_x86|Any CPU
		{AA088CFD-DE51-4790-B760-4FA91DF0103A}.Release|Any CPU.ActiveCfg = Release|Any CPU
		{AA088CFD-DE51-4790-B760-4FA91DF0103A}.Release|Any CPU.Build.0 = Release|Any CPU
		{AA088CFD-DE51-4790-B760-4FA91DF0103A}.Release32|Any CPU.ActiveCfg = Release32|Any CPU
		{7656FA8C-B114-48E7-8F81-125136D46A9A}.debug_32|Any CPU.ActiveCfg = debug_32|Any CPU
		{7656FA8C-B114-48E7-8F81-125136D46A9A}.Debug|Any CPU.ActiveCfg = Debug|Any CPU
		{7656FA8C-B114-48E7-8F81-125136D46A9A}.Release_x86|Any CPU.ActiveCfg = Release_x86|Any CPU
		{7656FA8C-B114-48E7-8F81-125136D46A9A}.Release|Any CPU.ActiveCfg = Release|Any CPU
		{7656FA8C-B114-48E7-8F81-125136D46A9A}.Release|Any CPU.Build.0 = Release|Any CPU
		{7656FA8C-B114-48E7-8F81-125136D46A9A}.Release32|Any CPU.ActiveCfg = Release32|Any CPU
		{B8FF6C96-A737-4817-94B1-B6D5CC9B0C16}.debug_32|Any CPU.ActiveCfg = debug_32|Any CPU
		{B8FF6C96-A737-4817-94B1-B6D5CC9B0C16}.Debug|Any CPU.ActiveCfg = Debug|Any CPU
		{B8FF6C96-A737-4817-94B1-B6D5CC9B0C16}.Release_x86|Any CPU.ActiveCfg = Release_x86|Any CPU
		{B8FF6C96-A737-4817-94B1-B6D5CC9B0C16}.Release|Any CPU.ActiveCfg = Release|Any CPU
		{B8FF6C96-A737-4817-94B1-B6D5CC9B0C16}.Release|Any CPU.Build.0 = Release|Any CPU
		{B8FF6C96-A737-4817-94B1-B6D5CC9B0C16}.Release32|Any CPU.ActiveCfg = Release32|Any CPU
		{94C0534A-9E0C-429C-B32D-40A436450824}.debug_32|Any CPU.ActiveCfg = debug_32|Any CPU
		{94C0534A-9E0C-429C-B32D-40A436450824}.Debug|Any CPU.ActiveCfg = Debug|Any CPU
		{94C0534A-9E0C-429C-B32D-40A436450824}.Release_x86|Any CPU.ActiveCfg = Release_x86|Any CPU
		{94C0534A-9E0C-429C-B32D-40A436450824}.Release|Any CPU.ActiveCfg = Release|Any CPU
		{94C0534A-9E0C-429C-B32D-40A436450824}.Release|Any CPU.Build.0 = Release|Any CPU
		{94C0534A-9E0C-429C-B32D-40A436450824}.Release32|Any CPU.ActiveCfg = Release32|Any CPU
		{E6E285CA-7394-45BE-ABCC-4656051E4C72}.debug_32|Any CPU.ActiveCfg = debug_32|Any CPU
		{E6E285CA-7394-45BE-ABCC-4656051E4C72}.Debug|Any CPU.ActiveCfg = Debug|Any CPU
		{E6E285CA-7394-45BE-ABCC-4656051E4C72}.Release_x86|Any CPU.ActiveCfg = Release_x86|Any CPU
		{E6E285CA-7394-45BE-ABCC-4656051E4C72}.Release|Any CPU.ActiveCfg = Release|Any CPU
		{E6E285CA-7394-45BE-ABCC-4656051E4C72}.Release|Any CPU.Build.0 = Release|Any CPU
		{E6E285CA-7394-45BE-ABCC-4656051E4C72}.Release32|Any CPU.ActiveCfg = Release32|Any CPU
		{8143F4BC-3B04-4F29-9D99-790F8001E80B}.debug_32|Any CPU.ActiveCfg = debug_32|Any CPU
		{8143F4BC-3B04-4F29-9D99-790F8001E80B}.debug_32|Any CPU.Build.0 = debug_32|Any CPU
		{8143F4BC-3B04-4F29-9D99-790F8001E80B}.Debug|Any CPU.ActiveCfg = Debug|Any CPU
		{8143F4BC-3B04-4F29-9D99-790F8001E80B}.Debug|Any CPU.Build.0 = Debug|Any CPU
		{8143F4BC-3B04-4F29-9D99-790F8001E80B}.Release_x86|Any CPU.ActiveCfg = Release_x86|Any CPU
		{8143F4BC-3B04-4F29-9D99-790F8001E80B}.Release_x86|Any CPU.Build.0 = Release_x86|Any CPU
		{8143F4BC-3B04-4F29-9D99-790F8001E80B}.Release|Any CPU.ActiveCfg = Release|Any CPU
		{8143F4BC-3B04-4F29-9D99-790F8001E80B}.Release|Any CPU.Build.0 = Release|Any CPU
		{8143F4BC-3B04-4F29-9D99-790F8001E80B}.Release32|Any CPU.ActiveCfg = Release32|Any CPU
		{8143F4BC-3B04-4F29-9D99-790F8001E80B}.Release32|Any CPU.Build.0 = Release32|Any CPU
		{809C0844-5B0C-48C9-8A21-AB8ACF096CA9}.debug_32|Any CPU.ActiveCfg = debug_32|Any CPU
		{809C0844-5B0C-48C9-8A21-AB8ACF096CA9}.Debug|Any CPU.ActiveCfg = Debug|Any CPU
		{809C0844-5B0C-48C9-8A21-AB8ACF096CA9}.Release_x86|Any CPU.ActiveCfg = Release_x86|Any CPU
		{809C0844-5B0C-48C9-8A21-AB8ACF096CA9}.Release|Any CPU.ActiveCfg = Release|Any CPU
		{809C0844-5B0C-48C9-8A21-AB8ACF096CA9}.Release|Any CPU.Build.0 = Release|Any CPU
		{809C0844-5B0C-48C9-8A21-AB8ACF096CA9}.Release32|Any CPU.ActiveCfg = Release32|Any CPU
		{B0708477-B6FE-408E-9D8C-191B9D14DCA5}.debug_32|Any CPU.ActiveCfg = debug_32|Any CPU
		{B0708477-B6FE-408E-9D8C-191B9D14DCA5}.Debug|Any CPU.ActiveCfg = Debug|Any CPU
		{B0708477-B6FE-408E-9D8C-191B9D14DCA5}.Release_x86|Any CPU.ActiveCfg = Release_x86|Any CPU
		{B0708477-B6FE-408E-9D8C-191B9D14DCA5}.Release|Any CPU.ActiveCfg = Release|Any CPU
		{B0708477-B6FE-408E-9D8C-191B9D14DCA5}.Release|Any CPU.Build.0 = Release|Any CPU
		{B0708477-B6FE-408E-9D8C-191B9D14DCA5}.Release32|Any CPU.ActiveCfg = Release32|Any CPU
		{030C9CAF-C60A-429C-94A4-A7DF47F0CFC8}.debug_32|Any CPU.ActiveCfg = debug_32|Any CPU
		{030C9CAF-C60A-429C-94A4-A7DF47F0CFC8}.Debug|Any CPU.ActiveCfg = Debug|Any CPU
		{030C9CAF-C60A-429C-94A4-A7DF47F0CFC8}.Release_x86|Any CPU.ActiveCfg = Release_x86|Any CPU
		{030C9CAF-C60A-429C-94A4-A7DF47F0CFC8}.Release|Any CPU.ActiveCfg = Release|Any CPU
		{030C9CAF-C60A-429C-94A4-A7DF47F0CFC8}.Release|Any CPU.Build.0 = Release|Any CPU
		{030C9CAF-C60A-429C-94A4-A7DF47F0CFC8}.Release32|Any CPU.ActiveCfg = Release32|Any CPU
		{D3216F6C-56C1-48D0-B926-19CB452B6C82}.debug_32|Any CPU.ActiveCfg = debug_32|Any CPU
		{D3216F6C-56C1-48D0-B926-19CB452B6C82}.debug_32|Any CPU.Build.0 = debug_32|Any CPU
		{D3216F6C-56C1-48D0-B926-19CB452B6C82}.Debug|Any CPU.ActiveCfg = Debug|Any CPU
		{D3216F6C-56C1-48D0-B926-19CB452B6C82}.Debug|Any CPU.Build.0 = Debug|Any CPU
		{D3216F6C-56C1-48D0-B926-19CB452B6C82}.Release_x86|Any CPU.ActiveCfg = Release_x86|Any CPU
		{D3216F6C-56C1-48D0-B926-19CB452B6C82}.Release|Any CPU.ActiveCfg = Release|Any CPU
		{D3216F6C-56C1-48D0-B926-19CB452B6C82}.Release|Any CPU.Build.0 = Release|Any CPU
		{D3216F6C-56C1-48D0-B926-19CB452B6C82}.Release32|Any CPU.ActiveCfg = Release32|Any CPU
		{D3216F6C-56C1-48D0-B926-19CB452B6C82}.Release32|Any CPU.Build.0 = Release32|Any CPU
		{4BD289B2-B382-4BCD-9F81-026995D5BFD7}.debug_32|Any CPU.ActiveCfg = debug_32|Any CPU
		{4BD289B2-B382-4BCD-9F81-026995D5BFD7}.Debug|Any CPU.ActiveCfg = Debug|Any CPU
		{4BD289B2-B382-4BCD-9F81-026995D5BFD7}.Release_x86|Any CPU.ActiveCfg = Release_x86|Any CPU
		{4BD289B2-B382-4BCD-9F81-026995D5BFD7}.Release|Any CPU.ActiveCfg = Release|Any CPU
		{4BD289B2-B382-4BCD-9F81-026995D5BFD7}.Release|Any CPU.Build.0 = Release|Any CPU
		{4BD289B2-B382-4BCD-9F81-026995D5BFD7}.Release32|Any CPU.ActiveCfg = Release32|Any CPU
		{7B3F05AD-9943-4359-97FF-0AE22C225EB4}.debug_32|Any CPU.ActiveCfg = debug_32|Any CPU
		{7B3F05AD-9943-4359-97FF-0AE22C225EB4}.debug_32|Any CPU.Build.0 = debug_32|Any CPU
		{7B3F05AD-9943-4359-97FF-0AE22C225EB4}.Debug|Any CPU.ActiveCfg = Debug|Any CPU
		{7B3F05AD-9943-4359-97FF-0AE22C225EB4}.Debug|Any CPU.Build.0 = Debug|Any CPU
		{7B3F05AD-9943-4359-97FF-0AE22C225EB4}.Release_x86|Any CPU.ActiveCfg = Release_x86|Any CPU
		{7B3F05AD-9943-4359-97FF-0AE22C225EB4}.Release_x86|Any CPU.Build.0 = Release_x86|Any CPU
		{7B3F05AD-9943-4359-97FF-0AE22C225EB4}.Release|Any CPU.ActiveCfg = Release|Any CPU
		{7B3F05AD-9943-4359-97FF-0AE22C225EB4}.Release|Any CPU.Build.0 = Release|Any CPU
		{7B3F05AD-9943-4359-97FF-0AE22C225EB4}.Release32|Any CPU.ActiveCfg = Release32|Any CPU
		{7B3F05AD-9943-4359-97FF-0AE22C225EB4}.Release32|Any CPU.Build.0 = Release32|Any CPU
		{205245A0-7862-4AEE-8BEA-5E5171E6AF72}.debug_32|Any CPU.ActiveCfg = debug_32|Any CPU
		{205245A0-7862-4AEE-8BEA-5E5171E6AF72}.Debug|Any CPU.ActiveCfg = Debug|Any CPU
		{205245A0-7862-4AEE-8BEA-5E5171E6AF72}.Release_x86|Any CPU.ActiveCfg = Release_x86|Any CPU
		{205245A0-7862-4AEE-8BEA-5E5171E6AF72}.Release|Any CPU.ActiveCfg = Release|Any CPU
		{205245A0-7862-4AEE-8BEA-5E5171E6AF72}.Release|Any CPU.Build.0 = Release|Any CPU
		{205245A0-7862-4AEE-8BEA-5E5171E6AF72}.Release32|Any CPU.ActiveCfg = Release32|Any CPU
		{C464EF7B-32CC-4312-8013-293FA9C94B9B}.debug_32|Any CPU.ActiveCfg = debug_32|Any CPU
		{C464EF7B-32CC-4312-8013-293FA9C94B9B}.Debug|Any CPU.ActiveCfg = Debug|Any CPU
		{C464EF7B-32CC-4312-8013-293FA9C94B9B}.Release_x86|Any CPU.ActiveCfg = Release_x86|Any CPU
		{C464EF7B-32CC-4312-8013-293FA9C94B9B}.Release|Any CPU.ActiveCfg = Release|Any CPU
		{C464EF7B-32CC-4312-8013-293FA9C94B9B}.Release|Any CPU.Build.0 = Release|Any CPU
		{C464EF7B-32CC-4312-8013-293FA9C94B9B}.Release32|Any CPU.ActiveCfg = Release32|Any CPU
		{B1C14B46-BBD2-4C73-875D-1870EAC5CC69}.debug_32|Any CPU.ActiveCfg = debug_32|Any CPU
		{B1C14B46-BBD2-4C73-875D-1870EAC5CC69}.Debug|Any CPU.ActiveCfg = Debug|Any CPU
		{B1C14B46-BBD2-4C73-875D-1870EAC5CC69}.Release_x86|Any CPU.ActiveCfg = Release_x86|Any CPU
		{B1C14B46-BBD2-4C73-875D-1870EAC5CC69}.Release_x86|Any CPU.Build.0 = Release_x86|Any CPU
		{B1C14B46-BBD2-4C73-875D-1870EAC5CC69}.Release|Any CPU.ActiveCfg = Release|Any CPU
		{B1C14B46-BBD2-4C73-875D-1870EAC5CC69}.Release|Any CPU.Build.0 = Release|Any CPU
		{B1C14B46-BBD2-4C73-875D-1870EAC5CC69}.Release32|Any CPU.ActiveCfg = Release32|Any CPU
		{ADE456A7-967C-4542-ADD0-4B3225B16222}.debug_32|Any CPU.ActiveCfg = debug_32|Any CPU
		{ADE456A7-967C-4542-ADD0-4B3225B16222}.Debug|Any CPU.ActiveCfg = Debug|Any CPU
		{ADE456A7-967C-4542-ADD0-4B3225B16222}.Release_x86|Any CPU.ActiveCfg = Release_x86|Any CPU
		{ADE456A7-967C-4542-ADD0-4B3225B16222}.Release|Any CPU.ActiveCfg = Release|Any CPU
		{ADE456A7-967C-4542-ADD0-4B3225B16222}.Release|Any CPU.Build.0 = Release|Any CPU
		{ADE456A7-967C-4542-ADD0-4B3225B16222}.Release32|Any CPU.ActiveCfg = Release32|Any CPU
		{E3EAE372-FCEB-43A2-988F-3998D6D51536}.debug_32|Any CPU.ActiveCfg = debug_32|Any CPU
		{E3EAE372-FCEB-43A2-988F-3998D6D51536}.Debug|Any CPU.ActiveCfg = Debug|Any CPU
		{E3EAE372-FCEB-43A2-988F-3998D6D51536}.Release_x86|Any CPU.ActiveCfg = Release_x86|Any CPU
		{E3EAE372-FCEB-43A2-988F-3998D6D51536}.Release|Any CPU.ActiveCfg = Release|Any CPU
		{E3EAE372-FCEB-43A2-988F-3998D6D51536}.Release|Any CPU.Build.0 = Release|Any CPU
		{E3EAE372-FCEB-43A2-988F-3998D6D51536}.Release32|Any CPU.ActiveCfg = Release32|Any CPU
		{8CD1E398-801A-4E60-9BA7-510EF5786C4F}.debug_32|Any CPU.ActiveCfg = debug_32|Any CPU
		{8CD1E398-801A-4E60-9BA7-510EF5786C4F}.Debug|Any CPU.ActiveCfg = Debug|Any CPU
		{8CD1E398-801A-4E60-9BA7-510EF5786C4F}.Release_x86|Any CPU.ActiveCfg = Release_x86|Any CPU
		{8CD1E398-801A-4E60-9BA7-510EF5786C4F}.Release|Any CPU.ActiveCfg = Release|Any CPU
		{8CD1E398-801A-4E60-9BA7-510EF5786C4F}.Release|Any CPU.Build.0 = Release|Any CPU
		{8CD1E398-801A-4E60-9BA7-510EF5786C4F}.Release32|Any CPU.ActiveCfg = Release32|Any CPU
	EndGlobalSection
	GlobalSection(SolutionProperties) = preSolution
		HideSolutionNode = FALSE
	EndGlobalSection
	GlobalSection(NestedProjects) = preSolution
		{6B127E8D-35CC-409E-9E66-520FBA86E283} = {6C641675-2B20-4320-906F-E1E8B16727C6}
		{F3158DD2-126D-427C-891B-971EFAF1315A} = {6C641675-2B20-4320-906F-E1E8B16727C6}
		{FAC218DC-5B18-416B-9646-2D4128E4D50D} = {6C641675-2B20-4320-906F-E1E8B16727C6}
		{7B3F05AD-9943-4359-97FF-0AE22C225EB4} = {6C641675-2B20-4320-906F-E1E8B16727C6}
		{C464EF7B-32CC-4312-8013-293FA9C94B9B} = {6C641675-2B20-4320-906F-E1E8B16727C6}
		{B1C14B46-BBD2-4C73-875D-1870EAC5CC69} = {6C641675-2B20-4320-906F-E1E8B16727C6}
		{B4B8CF65-9CF8-4BE1-A2F1-F88CFF784814} = {78315416-BBC1-4904-98A7-3AB85DAEDE9D}
		{27618A35-F00F-4438-9583-D65D1E2B2814} = {78315416-BBC1-4904-98A7-3AB85DAEDE9D}
		{43599BAB-1DB5-4ACF-9821-287C2BB05EB5} = {78315416-BBC1-4904-98A7-3AB85DAEDE9D}
		{23904FC3-1716-4F49-B940-2311C395A243} = {78315416-BBC1-4904-98A7-3AB85DAEDE9D}
		{EACCAE8B-117D-4B3F-8B60-BCA35E5FA09B} = {78315416-BBC1-4904-98A7-3AB85DAEDE9D}
		{406742CB-718C-4221-8978-C65F053F58B1} = {78315416-BBC1-4904-98A7-3AB85DAEDE9D}
		{11C356AC-3E0D-4D9D-ADD9-2A21995E2982} = {78315416-BBC1-4904-98A7-3AB85DAEDE9D}
		{3D179726-7C18-49BE-81F5-0B48E2B3EC08} = {78315416-BBC1-4904-98A7-3AB85DAEDE9D}
		{8D63C4E8-80CA-4257-BACF-8CB857CD78CB} = {78315416-BBC1-4904-98A7-3AB85DAEDE9D}
		{9EB201E3-57C5-4710-A582-6FA598D095F6} = {78315416-BBC1-4904-98A7-3AB85DAEDE9D}
		{A37BFB5D-4F5E-420F-B0F2-5FAD753A714E} = {78315416-BBC1-4904-98A7-3AB85DAEDE9D}
		{65021C4E-C0B1-4E6F-903D-52B670853F00} = {78315416-BBC1-4904-98A7-3AB85DAEDE9D}
		{2F541619-5571-4F35-AA86-E5DE8A92FB5C} = {78315416-BBC1-4904-98A7-3AB85DAEDE9D}
		{E0E63553-AE58-47F0-9957-F51DF983CED2} = {BB0D1EA5-256B-4BCC-BD29-CB8A112B1E3D}
		{0ECD4638-0634-4009-8D81-B3F7BF15465F} = {BB0D1EA5-256B-4BCC-BD29-CB8A112B1E3D}
		{CC4DA2F3-FB84-42A0-B620-315B4A18B97A} = {BB0D1EA5-256B-4BCC-BD29-CB8A112B1E3D}
		{5D31E401-D30B-4F94-A81A-33149E76A949} = {E0E63553-AE58-47F0-9957-F51DF983CED2}
		{17F6B0AF-B454-4301-BE13-DB71013EA053} = {E0E63553-AE58-47F0-9957-F51DF983CED2}
		{0DC0418C-6615-4E86-8E8D-787543387AEB} = {E0E63553-AE58-47F0-9957-F51DF983CED2}
		{1187CA80-C65B-4F91-A8A6-638851CBF1D3} = {0ECD4638-0634-4009-8D81-B3F7BF15465F}
		{65F4107B-BF8A-4192-9FB1-7B998087639D} = {0ECD4638-0634-4009-8D81-B3F7BF15465F}
		{D08F6714-4C66-4D88-8CD7-BE5909AE1F62} = {0ECD4638-0634-4009-8D81-B3F7BF15465F}
		{50D9C828-5889-4C50-8609-9D0E2A6DB6A7} = {0ECD4638-0634-4009-8D81-B3F7BF15465F}
		{5FD46756-C54B-4044-9A47-0D0F140B911B} = {0ECD4638-0634-4009-8D81-B3F7BF15465F}
		{E6CCE7B8-7C4F-4839-BB84-56A6C67D8513} = {0ECD4638-0634-4009-8D81-B3F7BF15465F}
		{60F5E77C-5AB6-4B1D-AAC3-07D96E990D64} = {0ECD4638-0634-4009-8D81-B3F7BF15465F}
		{A830F804-202C-456B-BDB8-6C68BEDFF327} = {0ECD4638-0634-4009-8D81-B3F7BF15465F}
		{1062B543-0A13-471B-A8F3-9B1056CE6FCB} = {0ECD4638-0634-4009-8D81-B3F7BF15465F}
		{8081DCC3-998D-4119-BEA2-DA5F2F648D5C} = {0ECD4638-0634-4009-8D81-B3F7BF15465F}
		{7EB50F6D-4CE4-45E8-8854-774F1F2D6CD4} = {0ECD4638-0634-4009-8D81-B3F7BF15465F}
		{107B4B92-8FFC-4F24-B6D2-BB6B60080FCC} = {0ECD4638-0634-4009-8D81-B3F7BF15465F}
		{37C54722-CBD9-41AD-AC82-F9EE57684CDE} = {0ECD4638-0634-4009-8D81-B3F7BF15465F}
		{6E9AC7A0-B813-4E6D-BFF9-E4E84569FE3D} = {0ECD4638-0634-4009-8D81-B3F7BF15465F}
		{CF2DEA66-5201-4D7A-9BBE-FB76A45A0FA6} = {0ECD4638-0634-4009-8D81-B3F7BF15465F}
		{D4DBDE77-41DB-489D-9B61-CFE9EAEB3DF5} = {0ECD4638-0634-4009-8D81-B3F7BF15465F}
		{6F4507D5-4B07-4170-AC68-D28519BE419D} = {0ECD4638-0634-4009-8D81-B3F7BF15465F}
		{90B88092-308F-4455-A3DE-57A727311104} = {0ECD4638-0634-4009-8D81-B3F7BF15465F}
		{A27EF25D-5939-4556-B178-39309D846F02} = {0ECD4638-0634-4009-8D81-B3F7BF15465F}
		{8F1EA24F-7294-463C-9272-B4AB5244B42A} = {0ECD4638-0634-4009-8D81-B3F7BF15465F}
		{56CAA702-DEC0-4789-BB79-91F95B6257B7} = {0ECD4638-0634-4009-8D81-B3F7BF15465F}
		{E70143F9-A6A9-417A-8A40-EAEDCD240D67} = {0ECD4638-0634-4009-8D81-B3F7BF15465F}
		{FB14EB59-AA27-46DF-BAC2-5B9C23B10F00} = {0ECD4638-0634-4009-8D81-B3F7BF15465F}
		{E5103708-4D35-4B36-BA8C-184DC627089F} = {0ECD4638-0634-4009-8D81-B3F7BF15465F}
		{C0C185E0-6CCC-4A94-B08B-DE5F165DFDAF} = {0ECD4638-0634-4009-8D81-B3F7BF15465F}
		{231D94FB-04F5-425B-9F1A-166BAF5537F2} = {0ECD4638-0634-4009-8D81-B3F7BF15465F}
		{7D1BD0D4-2D82-461B-A9E7-8B4528811319} = {0ECD4638-0634-4009-8D81-B3F7BF15465F}
		{483868D8-0BBA-4552-85A9-E0C26EC2A2F7} = {0ECD4638-0634-4009-8D81-B3F7BF15465F}
		{AA088CFD-DE51-4790-B760-4FA91DF0103A} = {0ECD4638-0634-4009-8D81-B3F7BF15465F}
		{7656FA8C-B114-48E7-8F81-125136D46A9A} = {0ECD4638-0634-4009-8D81-B3F7BF15465F}
		{B8FF6C96-A737-4817-94B1-B6D5CC9B0C16} = {0ECD4638-0634-4009-8D81-B3F7BF15465F}
		{94C0534A-9E0C-429C-B32D-40A436450824} = {0ECD4638-0634-4009-8D81-B3F7BF15465F}
		{E6E285CA-7394-45BE-ABCC-4656051E4C72} = {0ECD4638-0634-4009-8D81-B3F7BF15465F}
		{8143F4BC-3B04-4F29-9D99-790F8001E80B} = {0ECD4638-0634-4009-8D81-B3F7BF15465F}
		{809C0844-5B0C-48C9-8A21-AB8ACF096CA9} = {0ECD4638-0634-4009-8D81-B3F7BF15465F}
		{B0708477-B6FE-408E-9D8C-191B9D14DCA5} = {0ECD4638-0634-4009-8D81-B3F7BF15465F}
		{030C9CAF-C60A-429C-94A4-A7DF47F0CFC8} = {0ECD4638-0634-4009-8D81-B3F7BF15465F}
		{D3216F6C-56C1-48D0-B926-19CB452B6C82} = {0ECD4638-0634-4009-8D81-B3F7BF15465F}
		{4BD289B2-B382-4BCD-9F81-026995D5BFD7} = {0ECD4638-0634-4009-8D81-B3F7BF15465F}
		{205245A0-7862-4AEE-8BEA-5E5171E6AF72} = {0ECD4638-0634-4009-8D81-B3F7BF15465F}
		{FF8AA7E5-C799-4542-8322-E735B147607D} = {CC4DA2F3-FB84-42A0-B620-315B4A18B97A}
		{13FF99ED-7CD9-4862-A333-2572AAC21AD4} = {CC4DA2F3-FB84-42A0-B620-315B4A18B97A}
		{718CA82A-D7C4-440C-953F-DD3CC2ADC99D} = {CC4DA2F3-FB84-42A0-B620-315B4A18B97A}
		{C5A8668B-EEE8-46F4-BC6D-CEF4B700A992} = {CC4DA2F3-FB84-42A0-B620-315B4A18B97A}
	EndGlobalSection
	GlobalSection(ExtensibilityGlobals) = postSolution
		BuildVersion_BuildVersioningStyle = None.None.Increment.None
	EndGlobalSection
EndGlobal
