
Microsoft Visual Studio Solution File, Format Version 11.00
# Visual Studio 2010
Project("{FAE04EC0-301F-11D3-BF4B-00C04F79EFBC}") = "VixenPlus", "VixenPlus.csproj", "{FA99E3F3-4783-485F-A37E-0E24F823E5AE}"
EndProject
Project("{FAE04EC0-301F-11D3-BF4B-00C04F79EFBC}") = "AppUpdate", "..\AppUpdate\AppUpdate.csproj", "{F3158DD2-126D-427C-891B-971EFAF1315A}"
EndProject
Project("{FAE04EC0-301F-11D3-BF4B-00C04F79EFBC}") = "CommonControls", "..\VixenControls\CommonControls.csproj", "{6B127E8D-35CC-409E-9E66-520FBA86E283}"
EndProject
Project("{2150E333-8FDC-42A3-9474-1A3956D46DE8}") = "Addins", "Addins", "{78315416-BBC1-4904-98A7-3AB85DAEDE9D}"
EndProject
Project("{FAE04EC0-301F-11D3-BF4B-00C04F79EFBC}") = "AnalogSpectrum", "..\Addins\AnalogSpectrum\AnalogSpectrum.csproj", "{B4B8CF65-9CF8-4BE1-A2F1-F88CFF784814}"
EndProject
Project("{FAE04EC0-301F-11D3-BF4B-00C04F79EFBC}") = "Spectrum", "..\Addins\Spectrum\Spectrum.csproj", "{A37BFB5D-4F5E-420F-B0F2-5FAD753A714E}"
EndProject
Project("{FAE04EC0-301F-11D3-BF4B-00C04F79EFBC}") = "WattMeter", "..\Addins\WattMeter\WattMeter.csproj", "{65021C4E-C0B1-4E6F-903D-52B670853F00}"
EndProject
Project("{FAE04EC0-301F-11D3-BF4B-00C04F79EFBC}") = "Waveform", "..\Addins\Waveform\Waveform.csproj", "{2F541619-5571-4F35-AA86-E5DE8A92FB5C}"
EndProject
Project("{2150E333-8FDC-42A3-9474-1A3956D46DE8}") = "Plugins", "Plugins", "{BB0D1EA5-256B-4BCC-BD29-CB8A112B1E3D}"
EndProject
Project("{2150E333-8FDC-42A3-9474-1A3956D46DE8}") = "Input", "Input", "{E0E63553-AE58-47F0-9957-F51DF983CED2}"
EndProject
Project("{2150E333-8FDC-42A3-9474-1A3956D46DE8}") = "Output", "Output", "{0ECD4638-0634-4009-8D81-B3F7BF15465F}"
EndProject
Project("{2150E333-8FDC-42A3-9474-1A3956D46DE8}") = "UI", "UI", "{CC4DA2F3-FB84-42A0-B620-315B4A18B97A}"
EndProject
Project("{FAE04EC0-301F-11D3-BF4B-00C04F79EFBC}") = "StandardSequence", "..\Plugins\UI\StandardSequence\StandardSequence.csproj", "{718CA82A-D7C4-440C-953F-DD3CC2ADC99D}"
EndProject
Project("{2150E333-8FDC-42A3-9474-1A3956D46DE8}") = "Tools", "Tools", "{6C641675-2B20-4320-906F-E1E8B16727C6}"
EndProject
Project("{FAE04EC0-301F-11D3-BF4B-00C04F79EFBC}") = "AdjustablePreview", "..\Plugins\Output\AdjustablePreview\AdjustablePreview.csproj", "{65F4107B-BF8A-4192-9FB1-7B998087639D}"
EndProject
Project("{FAE04EC0-301F-11D3-BF4B-00C04F79EFBC}") = "GenericSerial", "..\Plugins\Output\GenericSerial\GenericSerial.csproj", "{6E9AC7A0-B813-4E6D-BFF9-E4E84569FE3D}"
EndProject
Project("{FAE04EC0-301F-11D3-BF4B-00C04F79EFBC}") = "Launcher", "..\Plugins\Output\Launcher\Launcher.csproj", "{FB14EB59-AA27-46DF-BAC2-5B9C23B10F00}"
EndProject
Project("{FAE04EC0-301F-11D3-BF4B-00C04F79EFBC}") = "Renard", "..\Plugins\Output\Renard\Renard.csproj", "{8143F4BC-3B04-4F29-9D99-790F8001E80B}"
EndProject
Project("{FAE04EC0-301F-11D3-BF4B-00C04F79EFBC}") = "fmod", "..\fmod\fmod.csproj", "{7B3F05AD-9943-4359-97FF-0AE22C225EB4}"
EndProject
Project("{FAE04EC0-301F-11D3-BF4B-00C04F79EFBC}") = "VixenPlusServerUI", "..\VixenServerUI\VixenPlusServerUI.csproj", "{ADE456A7-967C-4542-ADD0-4B3225B16222}"
EndProject
Project("{FAE04EC0-301F-11D3-BF4B-00C04F79EFBC}") = "VixenPlusBase", "..\Vixen.Base\VixenPlusBase.csproj", "{E3EAE372-FCEB-43A2-988F-3998D6D51536}"
EndProject
Project("{FAE04EC0-301F-11D3-BF4B-00C04F79EFBC}") = "VixenPlusServer", "..\Vixen.Server\VixenPlusServer.csproj", "{8CD1E398-801A-4E60-9BA7-510EF5786C4F}"
EndProject
Project("{2150E333-8FDC-42A3-9474-1A3956D46DE8}") = "Solution Items", "Solution Items", "{31988693-7C2F-459B-9D0A-3A679EBDD678}"
	ProjectSection(SolutionItems) = preProject
		..\license.txt = ..\license.txt
		..\README.txt = ..\README.txt
		..\todos.txt = ..\todos.txt
		VixenPlus.exe.config = VixenPlus.exe.config
	EndProjectSection
EndProject
Project("{FAE04EC0-301F-11D3-BF4B-00C04F79EFBC}") = "CommonUtils", "..\CommonUtils\CommonUtils.csproj", "{43B2665C-A5AB-4908-8E6D-C08975513E12}"
EndProject
Global
	GlobalSection(SolutionConfigurationPlatforms) = preSolution
		debug_32|Any CPU = debug_32|Any CPU
		Debug|Any CPU = Debug|Any CPU
		Release_x86|Any CPU = Release_x86|Any CPU
		Release|Any CPU = Release|Any CPU
		Release32|Any CPU = Release32|Any CPU
	EndGlobalSection
	GlobalSection(ProjectConfigurationPlatforms) = postSolution
		{FA99E3F3-4783-485F-A37E-0E24F823E5AE}.debug_32|Any CPU.ActiveCfg = debug_32|Any CPU
		{FA99E3F3-4783-485F-A37E-0E24F823E5AE}.debug_32|Any CPU.Build.0 = debug_32|Any CPU
		{FA99E3F3-4783-485F-A37E-0E24F823E5AE}.Debug|Any CPU.ActiveCfg = Debug|Any CPU
		{FA99E3F3-4783-485F-A37E-0E24F823E5AE}.Debug|Any CPU.Build.0 = Debug|Any CPU
		{FA99E3F3-4783-485F-A37E-0E24F823E5AE}.Release_x86|Any CPU.ActiveCfg = Release_x86|Any CPU
		{FA99E3F3-4783-485F-A37E-0E24F823E5AE}.Release_x86|Any CPU.Build.0 = Release_x86|Any CPU
		{FA99E3F3-4783-485F-A37E-0E24F823E5AE}.Release|Any CPU.ActiveCfg = Release|Any CPU
		{FA99E3F3-4783-485F-A37E-0E24F823E5AE}.Release|Any CPU.Build.0 = Release|Any CPU
		{FA99E3F3-4783-485F-A37E-0E24F823E5AE}.Release32|Any CPU.ActiveCfg = Release32|Any CPU
		{FA99E3F3-4783-485F-A37E-0E24F823E5AE}.Release32|Any CPU.Build.0 = Release32|Any CPU
		{F3158DD2-126D-427C-891B-971EFAF1315A}.debug_32|Any CPU.ActiveCfg = debug_32|Any CPU
		{F3158DD2-126D-427C-891B-971EFAF1315A}.debug_32|Any CPU.Build.0 = debug_32|Any CPU
		{F3158DD2-126D-427C-891B-971EFAF1315A}.Debug|Any CPU.ActiveCfg = Debug|Any CPU
		{F3158DD2-126D-427C-891B-971EFAF1315A}.Debug|Any CPU.Build.0 = Debug|Any CPU
		{F3158DD2-126D-427C-891B-971EFAF1315A}.Release_x86|Any CPU.ActiveCfg = Release_x86|Any CPU
		{F3158DD2-126D-427C-891B-971EFAF1315A}.Release_x86|Any CPU.Build.0 = Release_x86|Any CPU
		{F3158DD2-126D-427C-891B-971EFAF1315A}.Release|Any CPU.ActiveCfg = Release|Any CPU
		{F3158DD2-126D-427C-891B-971EFAF1315A}.Release|Any CPU.Build.0 = Release|Any CPU
		{F3158DD2-126D-427C-891B-971EFAF1315A}.Release32|Any CPU.ActiveCfg = Release32|Any CPU
		{F3158DD2-126D-427C-891B-971EFAF1315A}.Release32|Any CPU.Build.0 = Release32|Any CPU
		{6B127E8D-35CC-409E-9E66-520FBA86E283}.debug_32|Any CPU.ActiveCfg = debug_32|Any CPU
		{6B127E8D-35CC-409E-9E66-520FBA86E283}.debug_32|Any CPU.Build.0 = debug_32|Any CPU
		{6B127E8D-35CC-409E-9E66-520FBA86E283}.Debug|Any CPU.ActiveCfg = Debug|Any CPU
		{6B127E8D-35CC-409E-9E66-520FBA86E283}.Debug|Any CPU.Build.0 = Debug|Any CPU
		{6B127E8D-35CC-409E-9E66-520FBA86E283}.Release_x86|Any CPU.ActiveCfg = Release_x86|Any CPU
		{6B127E8D-35CC-409E-9E66-520FBA86E283}.Release_x86|Any CPU.Build.0 = Release_x86|Any CPU
		{6B127E8D-35CC-409E-9E66-520FBA86E283}.Release|Any CPU.ActiveCfg = Release|Any CPU
		{6B127E8D-35CC-409E-9E66-520FBA86E283}.Release|Any CPU.Build.0 = Release|Any CPU
		{6B127E8D-35CC-409E-9E66-520FBA86E283}.Release32|Any CPU.ActiveCfg = Release32|Any CPU
		{6B127E8D-35CC-409E-9E66-520FBA86E283}.Release32|Any CPU.Build.0 = Release32|Any CPU
		{B4B8CF65-9CF8-4BE1-A2F1-F88CFF784814}.debug_32|Any CPU.ActiveCfg = debug_32|Any CPU
		{B4B8CF65-9CF8-4BE1-A2F1-F88CFF784814}.debug_32|Any CPU.Build.0 = debug_32|Any CPU
		{B4B8CF65-9CF8-4BE1-A2F1-F88CFF784814}.Debug|Any CPU.ActiveCfg = Debug|Any CPU
		{B4B8CF65-9CF8-4BE1-A2F1-F88CFF784814}.Release_x86|Any CPU.ActiveCfg = Release_x86|Any CPU
		{B4B8CF65-9CF8-4BE1-A2F1-F88CFF784814}.Release|Any CPU.ActiveCfg = Release|Any CPU
		{B4B8CF65-9CF8-4BE1-A2F1-F88CFF784814}.Release|Any CPU.Build.0 = Release|Any CPU
		{B4B8CF65-9CF8-4BE1-A2F1-F88CFF784814}.Release32|Any CPU.ActiveCfg = Release32|Any CPU
		{B4B8CF65-9CF8-4BE1-A2F1-F88CFF784814}.Release32|Any CPU.Build.0 = Release32|Any CPU
		{A37BFB5D-4F5E-420F-B0F2-5FAD753A714E}.debug_32|Any CPU.ActiveCfg = debug_32|Any CPU
		{A37BFB5D-4F5E-420F-B0F2-5FAD753A714E}.debug_32|Any CPU.Build.0 = debug_32|Any CPU
		{A37BFB5D-4F5E-420F-B0F2-5FAD753A714E}.Debug|Any CPU.ActiveCfg = Debug|Any CPU
		{A37BFB5D-4F5E-420F-B0F2-5FAD753A714E}.Release_x86|Any CPU.ActiveCfg = Release_x86|Any CPU
		{A37BFB5D-4F5E-420F-B0F2-5FAD753A714E}.Release|Any CPU.ActiveCfg = Release|Any CPU
		{A37BFB5D-4F5E-420F-B0F2-5FAD753A714E}.Release|Any CPU.Build.0 = Release|Any CPU
		{A37BFB5D-4F5E-420F-B0F2-5FAD753A714E}.Release32|Any CPU.ActiveCfg = Release32|Any CPU
		{A37BFB5D-4F5E-420F-B0F2-5FAD753A714E}.Release32|Any CPU.Build.0 = Release32|Any CPU
		{65021C4E-C0B1-4E6F-903D-52B670853F00}.debug_32|Any CPU.ActiveCfg = debug_32|Any CPU
		{65021C4E-C0B1-4E6F-903D-52B670853F00}.debug_32|Any CPU.Build.0 = debug_32|Any CPU
		{65021C4E-C0B1-4E6F-903D-52B670853F00}.Debug|Any CPU.ActiveCfg = Debug|Any CPU
		{65021C4E-C0B1-4E6F-903D-52B670853F00}.Release_x86|Any CPU.ActiveCfg = Release_x86|Any CPU
		{65021C4E-C0B1-4E6F-903D-52B670853F00}.Release|Any CPU.ActiveCfg = Release|Any CPU
		{65021C4E-C0B1-4E6F-903D-52B670853F00}.Release|Any CPU.Build.0 = Release|Any CPU
		{65021C4E-C0B1-4E6F-903D-52B670853F00}.Release32|Any CPU.ActiveCfg = Release32|Any CPU
		{2F541619-5571-4F35-AA86-E5DE8A92FB5C}.debug_32|Any CPU.ActiveCfg = debug_32|Any CPU
		{2F541619-5571-4F35-AA86-E5DE8A92FB5C}.debug_32|Any CPU.Build.0 = debug_32|Any CPU
		{2F541619-5571-4F35-AA86-E5DE8A92FB5C}.Debug|Any CPU.ActiveCfg = Debug|Any CPU
		{2F541619-5571-4F35-AA86-E5DE8A92FB5C}.Release_x86|Any CPU.ActiveCfg = Release_x86|Any CPU
		{2F541619-5571-4F35-AA86-E5DE8A92FB5C}.Release|Any CPU.ActiveCfg = Release|Any CPU
		{2F541619-5571-4F35-AA86-E5DE8A92FB5C}.Release|Any CPU.Build.0 = Release|Any CPU
		{2F541619-5571-4F35-AA86-E5DE8A92FB5C}.Release32|Any CPU.ActiveCfg = Release32|Any CPU
		{718CA82A-D7C4-440C-953F-DD3CC2ADC99D}.debug_32|Any CPU.ActiveCfg = debug_32|Any CPU
		{718CA82A-D7C4-440C-953F-DD3CC2ADC99D}.debug_32|Any CPU.Build.0 = debug_32|Any CPU
		{718CA82A-D7C4-440C-953F-DD3CC2ADC99D}.Debug|Any CPU.ActiveCfg = Debug|Any CPU
		{718CA82A-D7C4-440C-953F-DD3CC2ADC99D}.Debug|Any CPU.Build.0 = Debug|Any CPU
		{718CA82A-D7C4-440C-953F-DD3CC2ADC99D}.Release_x86|Any CPU.ActiveCfg = Release_x86|Any CPU
		{718CA82A-D7C4-440C-953F-DD3CC2ADC99D}.Release_x86|Any CPU.Build.0 = Release_x86|Any CPU
		{718CA82A-D7C4-440C-953F-DD3CC2ADC99D}.Release|Any CPU.ActiveCfg = Release|Any CPU
		{718CA82A-D7C4-440C-953F-DD3CC2ADC99D}.Release|Any CPU.Build.0 = Release|Any CPU
		{718CA82A-D7C4-440C-953F-DD3CC2ADC99D}.Release32|Any CPU.ActiveCfg = Release32|Any CPU
		{718CA82A-D7C4-440C-953F-DD3CC2ADC99D}.Release32|Any CPU.Build.0 = Release32|Any CPU
		{65F4107B-BF8A-4192-9FB1-7B998087639D}.debug_32|Any CPU.ActiveCfg = debug_32|Any CPU
		{65F4107B-BF8A-4192-9FB1-7B998087639D}.debug_32|Any CPU.Build.0 = debug_32|Any CPU
		{65F4107B-BF8A-4192-9FB1-7B998087639D}.Debug|Any CPU.ActiveCfg = Debug|Any CPU
		{65F4107B-BF8A-4192-9FB1-7B998087639D}.Debug|Any CPU.Build.0 = Debug|Any CPU
		{65F4107B-BF8A-4192-9FB1-7B998087639D}.Release_x86|Any CPU.ActiveCfg = Release_x86|Any CPU
		{65F4107B-BF8A-4192-9FB1-7B998087639D}.Release_x86|Any CPU.Build.0 = Release_x86|Any CPU
		{65F4107B-BF8A-4192-9FB1-7B998087639D}.Release|Any CPU.ActiveCfg = Release|Any CPU
		{65F4107B-BF8A-4192-9FB1-7B998087639D}.Release|Any CPU.Build.0 = Release|Any CPU
		{65F4107B-BF8A-4192-9FB1-7B998087639D}.Release32|Any CPU.ActiveCfg = Release32|Any CPU
		{65F4107B-BF8A-4192-9FB1-7B998087639D}.Release32|Any CPU.Build.0 = Release32|Any CPU
		{6E9AC7A0-B813-4E6D-BFF9-E4E84569FE3D}.debug_32|Any CPU.ActiveCfg = debug_32|Any CPU
		{6E9AC7A0-B813-4E6D-BFF9-E4E84569FE3D}.debug_32|Any CPU.Build.0 = debug_32|Any CPU
		{6E9AC7A0-B813-4E6D-BFF9-E4E84569FE3D}.Debug|Any CPU.ActiveCfg = Debug|Any CPU
		{6E9AC7A0-B813-4E6D-BFF9-E4E84569FE3D}.Debug|Any CPU.Build.0 = Debug|Any CPU
		{6E9AC7A0-B813-4E6D-BFF9-E4E84569FE3D}.Release_x86|Any CPU.ActiveCfg = Release_x86|Any CPU
		{6E9AC7A0-B813-4E6D-BFF9-E4E84569FE3D}.Release_x86|Any CPU.Build.0 = Release_x86|Any CPU
		{6E9AC7A0-B813-4E6D-BFF9-E4E84569FE3D}.Release|Any CPU.ActiveCfg = Release|Any CPU
		{6E9AC7A0-B813-4E6D-BFF9-E4E84569FE3D}.Release|Any CPU.Build.0 = Release|Any CPU
		{6E9AC7A0-B813-4E6D-BFF9-E4E84569FE3D}.Release32|Any CPU.ActiveCfg = Release32|Any CPU
		{6E9AC7A0-B813-4E6D-BFF9-E4E84569FE3D}.Release32|Any CPU.Build.0 = Release32|Any CPU
		{FB14EB59-AA27-46DF-BAC2-5B9C23B10F00}.debug_32|Any CPU.ActiveCfg = debug_32|Any CPU
		{FB14EB59-AA27-46DF-BAC2-5B9C23B10F00}.debug_32|Any CPU.Build.0 = debug_32|Any CPU
		{FB14EB59-AA27-46DF-BAC2-5B9C23B10F00}.Debug|Any CPU.ActiveCfg = Debug|Any CPU
		{FB14EB59-AA27-46DF-BAC2-5B9C23B10F00}.Debug|Any CPU.Build.0 = Debug|Any CPU
		{FB14EB59-AA27-46DF-BAC2-5B9C23B10F00}.Release_x86|Any CPU.ActiveCfg = Release_x86|Any CPU
		{FB14EB59-AA27-46DF-BAC2-5B9C23B10F00}.Release_x86|Any CPU.Build.0 = Release_x86|Any CPU
		{FB14EB59-AA27-46DF-BAC2-5B9C23B10F00}.Release|Any CPU.ActiveCfg = Release|Any CPU
		{FB14EB59-AA27-46DF-BAC2-5B9C23B10F00}.Release|Any CPU.Build.0 = Release|Any CPU
		{FB14EB59-AA27-46DF-BAC2-5B9C23B10F00}.Release32|Any CPU.ActiveCfg = Release32|Any CPU
		{8143F4BC-3B04-4F29-9D99-790F8001E80B}.debug_32|Any CPU.ActiveCfg = debug_32|Any CPU
		{8143F4BC-3B04-4F29-9D99-790F8001E80B}.debug_32|Any CPU.Build.0 = debug_32|Any CPU
		{8143F4BC-3B04-4F29-9D99-790F8001E80B}.Debug|Any CPU.ActiveCfg = Debug|Any CPU
		{8143F4BC-3B04-4F29-9D99-790F8001E80B}.Debug|Any CPU.Build.0 = Debug|Any CPU
		{8143F4BC-3B04-4F29-9D99-790F8001E80B}.Release_x86|Any CPU.ActiveCfg = Release_x86|Any CPU
		{8143F4BC-3B04-4F29-9D99-790F8001E80B}.Release_x86|Any CPU.Build.0 = Release_x86|Any CPU
		{8143F4BC-3B04-4F29-9D99-790F8001E80B}.Release|Any CPU.ActiveCfg = Release|Any CPU
		{8143F4BC-3B04-4F29-9D99-790F8001E80B}.Release|Any CPU.Build.0 = Release|Any CPU
		{8143F4BC-3B04-4F29-9D99-790F8001E80B}.Release32|Any CPU.ActiveCfg = Release32|Any CPU
		{8143F4BC-3B04-4F29-9D99-790F8001E80B}.Release32|Any CPU.Build.0 = Release32|Any CPU
		{7B3F05AD-9943-4359-97FF-0AE22C225EB4}.debug_32|Any CPU.ActiveCfg = debug_32|Any CPU
		{7B3F05AD-9943-4359-97FF-0AE22C225EB4}.debug_32|Any CPU.Build.0 = debug_32|Any CPU
		{7B3F05AD-9943-4359-97FF-0AE22C225EB4}.Debug|Any CPU.ActiveCfg = Debug|Any CPU
		{7B3F05AD-9943-4359-97FF-0AE22C225EB4}.Debug|Any CPU.Build.0 = Debug|Any CPU
		{7B3F05AD-9943-4359-97FF-0AE22C225EB4}.Release_x86|Any CPU.ActiveCfg = Release_x86|Any CPU
		{7B3F05AD-9943-4359-97FF-0AE22C225EB4}.Release_x86|Any CPU.Build.0 = Release_x86|Any CPU
		{7B3F05AD-9943-4359-97FF-0AE22C225EB4}.Release|Any CPU.ActiveCfg = Release|Any CPU
		{7B3F05AD-9943-4359-97FF-0AE22C225EB4}.Release|Any CPU.Build.0 = Release|Any CPU
		{7B3F05AD-9943-4359-97FF-0AE22C225EB4}.Release32|Any CPU.ActiveCfg = Release32|Any CPU
		{7B3F05AD-9943-4359-97FF-0AE22C225EB4}.Release32|Any CPU.Build.0 = Release32|Any CPU
		{ADE456A7-967C-4542-ADD0-4B3225B16222}.debug_32|Any CPU.ActiveCfg = debug_32|Any CPU
		{ADE456A7-967C-4542-ADD0-4B3225B16222}.Debug|Any CPU.ActiveCfg = Debug|Any CPU
		{ADE456A7-967C-4542-ADD0-4B3225B16222}.Release_x86|Any CPU.ActiveCfg = Release_x86|Any CPU
		{ADE456A7-967C-4542-ADD0-4B3225B16222}.Release|Any CPU.ActiveCfg = Release|Any CPU
		{ADE456A7-967C-4542-ADD0-4B3225B16222}.Release|Any CPU.Build.0 = Release|Any CPU
		{ADE456A7-967C-4542-ADD0-4B3225B16222}.Release32|Any CPU.ActiveCfg = Release32|Any CPU
		{E3EAE372-FCEB-43A2-988F-3998D6D51536}.debug_32|Any CPU.ActiveCfg = debug_32|Any CPU
		{E3EAE372-FCEB-43A2-988F-3998D6D51536}.Debug|Any CPU.ActiveCfg = Debug|Any CPU
		{E3EAE372-FCEB-43A2-988F-3998D6D51536}.Release_x86|Any CPU.ActiveCfg = Release_x86|Any CPU
		{E3EAE372-FCEB-43A2-988F-3998D6D51536}.Release|Any CPU.ActiveCfg = Release|Any CPU
		{E3EAE372-FCEB-43A2-988F-3998D6D51536}.Release|Any CPU.Build.0 = Release|Any CPU
		{E3EAE372-FCEB-43A2-988F-3998D6D51536}.Release32|Any CPU.ActiveCfg = Release32|Any CPU
		{8CD1E398-801A-4E60-9BA7-510EF5786C4F}.debug_32|Any CPU.ActiveCfg = debug_32|Any CPU
		{8CD1E398-801A-4E60-9BA7-510EF5786C4F}.Debug|Any CPU.ActiveCfg = Debug|Any CPU
		{8CD1E398-801A-4E60-9BA7-510EF5786C4F}.Release_x86|Any CPU.ActiveCfg = Release_x86|Any CPU
		{8CD1E398-801A-4E60-9BA7-510EF5786C4F}.Release|Any CPU.ActiveCfg = Release|Any CPU
		{8CD1E398-801A-4E60-9BA7-510EF5786C4F}.Release|Any CPU.Build.0 = Release|Any CPU
		{8CD1E398-801A-4E60-9BA7-510EF5786C4F}.Release32|Any CPU.ActiveCfg = Release32|Any CPU
		{43B2665C-A5AB-4908-8E6D-C08975513E12}.debug_32|Any CPU.ActiveCfg = Debug|Any CPU
		{43B2665C-A5AB-4908-8E6D-C08975513E12}.debug_32|Any CPU.Build.0 = Debug|Any CPU
		{43B2665C-A5AB-4908-8E6D-C08975513E12}.Debug|Any CPU.ActiveCfg = Debug|Any CPU
		{43B2665C-A5AB-4908-8E6D-C08975513E12}.Debug|Any CPU.Build.0 = Debug|Any CPU
		{43B2665C-A5AB-4908-8E6D-C08975513E12}.Release_x86|Any CPU.ActiveCfg = Release|Any CPU
		{43B2665C-A5AB-4908-8E6D-C08975513E12}.Release_x86|Any CPU.Build.0 = Release|Any CPU
		{43B2665C-A5AB-4908-8E6D-C08975513E12}.Release|Any CPU.ActiveCfg = Release|Any CPU
		{43B2665C-A5AB-4908-8E6D-C08975513E12}.Release|Any CPU.Build.0 = Release|Any CPU
		{43B2665C-A5AB-4908-8E6D-C08975513E12}.Release32|Any CPU.ActiveCfg = Release|Any CPU
		{43B2665C-A5AB-4908-8E6D-C08975513E12}.Release32|Any CPU.Build.0 = Release|Any CPU
	EndGlobalSection
	GlobalSection(SolutionProperties) = preSolution
		HideSolutionNode = FALSE
	EndGlobalSection
	GlobalSection(NestedProjects) = preSolution
		{6B127E8D-35CC-409E-9E66-520FBA86E283} = {6C641675-2B20-4320-906F-E1E8B16727C6}
		{F3158DD2-126D-427C-891B-971EFAF1315A} = {6C641675-2B20-4320-906F-E1E8B16727C6}
		{7B3F05AD-9943-4359-97FF-0AE22C225EB4} = {6C641675-2B20-4320-906F-E1E8B16727C6}
		{43B2665C-A5AB-4908-8E6D-C08975513E12} = {6C641675-2B20-4320-906F-E1E8B16727C6}
		{B4B8CF65-9CF8-4BE1-A2F1-F88CFF784814} = {78315416-BBC1-4904-98A7-3AB85DAEDE9D}
		{A37BFB5D-4F5E-420F-B0F2-5FAD753A714E} = {78315416-BBC1-4904-98A7-3AB85DAEDE9D}
		{65021C4E-C0B1-4E6F-903D-52B670853F00} = {78315416-BBC1-4904-98A7-3AB85DAEDE9D}
		{2F541619-5571-4F35-AA86-E5DE8A92FB5C} = {78315416-BBC1-4904-98A7-3AB85DAEDE9D}
		{E0E63553-AE58-47F0-9957-F51DF983CED2} = {BB0D1EA5-256B-4BCC-BD29-CB8A112B1E3D}
		{0ECD4638-0634-4009-8D81-B3F7BF15465F} = {BB0D1EA5-256B-4BCC-BD29-CB8A112B1E3D}
		{CC4DA2F3-FB84-42A0-B620-315B4A18B97A} = {BB0D1EA5-256B-4BCC-BD29-CB8A112B1E3D}
		{65F4107B-BF8A-4192-9FB1-7B998087639D} = {0ECD4638-0634-4009-8D81-B3F7BF15465F}
		{6E9AC7A0-B813-4E6D-BFF9-E4E84569FE3D} = {0ECD4638-0634-4009-8D81-B3F7BF15465F}
		{FB14EB59-AA27-46DF-BAC2-5B9C23B10F00} = {0ECD4638-0634-4009-8D81-B3F7BF15465F}
		{8143F4BC-3B04-4F29-9D99-790F8001E80B} = {0ECD4638-0634-4009-8D81-B3F7BF15465F}
		{718CA82A-D7C4-440C-953F-DD3CC2ADC99D} = {CC4DA2F3-FB84-42A0-B620-315B4A18B97A}
	EndGlobalSection
	GlobalSection(ExtensibilityGlobals) = postSolution
		BuildVersion_BuildVersioningStyle = None.None.Increment.None
		BuildVersion_UpdateAssemblyVersion = False
	EndGlobalSection
EndGlobal
