
Microsoft Visual Studio Solution File, Format Version 11.00
# Visual Studio 2010
Project("{FAE04EC0-301F-11D3-BF4B-00C04F79EFBC}") = "Simple595p", "Simple595p.csproj", "{030C9CAF-C60A-429C-94A4-A7DF47F0CFC8}"
EndProject
Global
	GlobalSection(SolutionConfigurationPlatforms) = preSolution
		Debug|Any CPU = Debug|Any CPU
		Release|Any CPU = Release|Any CPU
	EndGlobalSection
	GlobalSection(ProjectConfigurationPlatforms) = postSolution
		{030C9CAF-C60A-429C-94A4-A7DF47F0CFC8}.Debug|Any CPU.ActiveCfg = Debug|Any CPU
		{030C9CAF-C60A-429C-94A4-A7DF47F0CFC8}.Debug|Any CPU.Build.0 = Debug|Any CPU
		{030C9CAF-C60A-429C-94A4-A7DF47F0CFC8}.Release|Any CPU.ActiveCfg = Release|Any CPU
		{030C9CAF-C60A-429C-94A4-A7DF47F0CFC8}.Release|Any CPU.Build.0 = Release|Any CPU
	EndGlobalSection
	GlobalSection(SolutionProperties) = preSolution
		HideSolutionNode = FALSE
	EndGlobalSection
EndGlobal
