
Microsoft Visual Studio Solution File, Format Version 11.00
# Visual Studio 2010
Project("{FAE04EC0-301F-11D3-BF4B-00C04F79EFBC}") = "EZ-8 Output", "EZ-8 Output.csproj", "{1062B543-0A13-471B-A8F3-9B1056CE6FCB}"
EndProject
Global
	GlobalSection(SolutionConfigurationPlatforms) = preSolution
		Debug|Any CPU = Debug|Any CPU
		Release|Any CPU = Release|Any CPU
	EndGlobalSection
	GlobalSection(ProjectConfigurationPlatforms) = postSolution
		{1062B543-0A13-471B-A8F3-9B1056CE6FCB}.Debug|Any CPU.ActiveCfg = Debug|Any CPU
		{1062B543-0A13-471B-A8F3-9B1056CE6FCB}.Debug|Any CPU.Build.0 = Debug|Any CPU
		{1062B543-0A13-471B-A8F3-9B1056CE6FCB}.Release|Any CPU.ActiveCfg = Release|Any CPU
		{1062B543-0A13-471B-A8F3-9B1056CE6FCB}.Release|Any CPU.Build.0 = Release|Any CPU
	EndGlobalSection
	GlobalSection(SolutionProperties) = preSolution
		HideSolutionNode = FALSE
	EndGlobalSection
EndGlobal
