
Microsoft Visual Studio Solution File, Format Version 11.00
# Visual Studio 2010
Project("{FAE04EC0-301F-11D3-BF4B-00C04F79EFBC}") = "CurrentExecution", "CurrentExecution.csproj", "{50D9C828-5889-4C50-8609-9D0E2A6DB6A7}"
EndProject
Global
	GlobalSection(SolutionConfigurationPlatforms) = preSolution
		Debug|Any CPU = Debug|Any CPU
		Release|Any CPU = Release|Any CPU
	EndGlobalSection
	GlobalSection(ProjectConfigurationPlatforms) = postSolution
		{50D9C828-5889-4C50-8609-9D0E2A6DB6A7}.Debug|Any CPU.ActiveCfg = Debug|Any CPU
		{50D9C828-5889-4C50-8609-9D0E2A6DB6A7}.Debug|Any CPU.Build.0 = Debug|Any CPU
		{50D9C828-5889-4C50-8609-9D0E2A6DB6A7}.Release|Any CPU.ActiveCfg = Release|Any CPU
		{50D9C828-5889-4C50-8609-9D0E2A6DB6A7}.Release|Any CPU.Build.0 = Release|Any CPU
	EndGlobalSection
	GlobalSection(SolutionProperties) = preSolution
		HideSolutionNode = FALSE
	EndGlobalSection
EndGlobal
