
Microsoft Visual Studio Solution File, Format Version 11.00
# Visual Studio 2010
Project("{FAE04EC0-301F-11D3-BF4B-00C04F79EFBC}") = "Prop-1_3s4d", "Prop-1_3s4d.csproj", "{AA088CFD-DE51-4790-B760-4FA91DF0103A}"
EndProject
Global
	GlobalSection(SolutionConfigurationPlatforms) = preSolution
		Debug|Any CPU = Debug|Any CPU
		Release|Any CPU = Release|Any CPU
	EndGlobalSection
	GlobalSection(ProjectConfigurationPlatforms) = postSolution
		{AA088CFD-DE51-4790-B760-4FA91DF0103A}.Debug|Any CPU.ActiveCfg = Debug|Any CPU
		{AA088CFD-DE51-4790-B760-4FA91DF0103A}.Debug|Any CPU.Build.0 = Debug|Any CPU
		{AA088CFD-DE51-4790-B760-4FA91DF0103A}.Release|Any CPU.ActiveCfg = Release|Any CPU
		{AA088CFD-DE51-4790-B760-4FA91DF0103A}.Release|Any CPU.Build.0 = Release|Any CPU
	EndGlobalSection
	GlobalSection(SolutionProperties) = preSolution
		HideSolutionNode = FALSE
	EndGlobalSection
EndGlobal
